
Microsoft Visual Studio Solution File, Format Version 12.00
# Visual Studio Version 17
VisualStudioVersion = 17.2.32519.379
MinimumVisualStudioVersion = 10.0.40219.1
Project("{8BC9CEB8-8B4A-11D0-8D11-00A0C91BC942}") = "Hello world", "Hello world\Hello world.vcxproj", "{153FB5BE-7719-4A8B-973B-D791CFC0C1E0}"
EndProject
Project("{8BC9CEB8-8B4A-11D0-8D11-00A0C91BC942}") = "InputOutpuVariables", "InputOutpuVariables\InputOutpuVariables.vcxproj", "{8B93DB58-3127-4B4E-B8EA-FCF0D0F3CDC6}"
EndProject
Project("{8BC9CEB8-8B4A-11D0-8D11-00A0C91BC942}") = "DataTypes", "DataTypes\DataTypes.vcxproj", "{2073F47F-0B9C-423B-83B5-4E870B6B2A27}"
EndProject
Project("{8BC9CEB8-8B4A-11D0-8D11-00A0C91BC942}") = "Chars", "Chars\Project1.vcxproj", "{93FBE8B7-1175-47C9-A0AB-5309ED2EFB40}"
EndProject
Project("{8BC9CEB8-8B4A-11D0-8D11-00A0C91BC942}") = "IfElse", "IfElse\IfElse.vcxproj", "{D60B5D24-8753-45B0-93C0-AA8D3F7055E9}"
EndProject
Project("{8BC9CEB8-8B4A-11D0-8D11-00A0C91BC942}") = "Operators", "Operators\Operators.vcxproj", "{7ABE15DA-355A-4837-A946-A48CAB95B4D7}"
EndProject
Project("{8BC9CEB8-8B4A-11D0-8D11-00A0C91BC942}") = "SwapValuesOfTwoVariables", "SwapValuesOfTwoVariables\SwapValuesOfTwoVariables.vcxproj", "{2B81DDD0-E406-4C1E-AA1D-C23C31900169}"
EndProject
Project("{8BC9CEB8-8B4A-11D0-8D11-00A0C91BC942}") = "SwitchCase", "SwitchCase\SwitchCase.vcxproj", "{07933838-E7E5-4F51-B864-CE7CD53971D9}"
EndProject
Project("{8BC9CEB8-8B4A-11D0-8D11-00A0C91BC942}") = "Switch-Calendar", "Switch-Calendar\Switch-Calendar.vcxproj", "{D22B53E5-2480-4D52-8168-8D543A1C5103}"
EndProject
Project("{8BC9CEB8-8B4A-11D0-8D11-00A0C91BC942}") = "WhileLoop", "WhileLoop\WhileLoop.vcxproj", "{0EDF4088-BC2B-40AC-973E-FCFF3C8388F6}"
EndProject
Project("{8BC9CEB8-8B4A-11D0-8D11-00A0C91BC942}") = "DoWhileLoop", "DoWhileLoop\DoWhileLoop.vcxproj", "{F7721173-0527-4FF7-8E76-026B2DEC9AD8}"
EndProject
Project("{8BC9CEB8-8B4A-11D0-8D11-00A0C91BC942}") = "ForLoop", "ForLoop\ForLoop.vcxproj", "{A89432E7-50D7-448B-8850-7D58334755E6}"
EndProject
Project("{8BC9CEB8-8B4A-11D0-8D11-00A0C91BC942}") = "Function", "Function\Function.vcxproj", "{36F31A1B-3214-4D27-90B5-FD480ED38FCC}"
EndProject
Project("{8BC9CEB8-8B4A-11D0-8D11-00A0C91BC942}") = "NestingLoops", "NestingLoops\NestingLoops.vcxproj", "{F7A8B3AF-99AA-41B2-A453-B483D969E4F9}"
EndProject
Project("{8BC9CEB8-8B4A-11D0-8D11-00A0C91BC942}") = "1_Threads", "Threads\Threads.vcxproj", "{7820CE33-2312-4494-9144-2681FDD6F6A1}"
EndProject
Project("{8BC9CEB8-8B4A-11D0-8D11-00A0C91BC942}") = "0_BasicThread", "BasicThreads\BasicThreads.vcxproj", "{5C7C267A-CAA0-48C5-8AA6-34A0AF457648}"
EndProject
Project("{8BC9CEB8-8B4A-11D0-8D11-00A0C91BC942}") = "2_BasicMultipleThreads", "BasicMultipleThreads\BasicMultipleThreads.vcxproj", "{8F986AF2-AFC1-454B-836B-D9FB8379A699}"
EndProject
Project("{8BC9CEB8-8B4A-11D0-8D11-00A0C91BC942}") = "3_ThreadsMutex", "ThreadsMutex\ThreadsMutex.vcxproj", "{0175D322-009E-4DA0-A1D6-2FF39246A367}"
EndProject
Project("{8BC9CEB8-8B4A-11D0-8D11-00A0C91BC942}") = "5_ThreadsMutexBankAndPrimes", "ThreadsMutexBankAndPrimes\ThreadsMutexBankAndPrimes.vcxproj", "{A57C5920-05FC-4464-8D2C-4ED8BC19EA6B}"
EndProject
Project("{8BC9CEB8-8B4A-11D0-8D11-00A0C91BC942}") = "4_ThreadsSemaphore", "ThreadsSemaphore\ThreadsSemaphore.vcxproj", "{D22AC14B-FD4A-4DE0-BD63-582B5C8DAAA9}"
EndProject
Project("{8BC9CEB8-8B4A-11D0-8D11-00A0C91BC942}") = "MemManagmentFileMappingClient", "MemManagmentFileMappingClient\MemManagmentFileMappingClient.vcxproj", "{C4A95487-A440-4955-A9A4-39F11580BD11}"
EndProject
Project("{8BC9CEB8-8B4A-11D0-8D11-00A0C91BC942}") = "MemManagmentFileMappingServer", "MemManagmentFileMappingServer\MemManagmentFileMappingServer.vcxproj", "{D72F8654-7DEC-42D6-8977-9FCAE5B7A414}"
EndProject
Project("{8BC9CEB8-8B4A-11D0-8D11-00A0C91BC942}") = "UDPSocketServer", "UDPSocketServer\UDPSocketServer.vcxproj", "{322DE427-0E40-416F-AB50-18BBA382D386}"
EndProject
Project("{8BC9CEB8-8B4A-11D0-8D11-00A0C91BC942}") = "UDPSocketClient", "UDPSocketClient\UDPSocketClient.vcxproj", "{6E769E8F-0322-463D-9CE8-2BA284C75E7C}"
EndProject
Project("{8BC9CEB8-8B4A-11D0-8D11-00A0C91BC942}") = "TCPSocketServer", "TCPSocketServer\TCPSocketServer.vcxproj", "{4773F919-B096-4AEC-83C9-37DAA95001DF}"
EndProject
Project("{8BC9CEB8-8B4A-11D0-8D11-00A0C91BC942}") = "TCPSocketClient", "TCPSocketClient\TCPSocketClient.vcxproj", "{77001C89-B962-4ED8-9622-CFA8B7F0AA8F}"
EndProject
Project("{8BC9CEB8-8B4A-11D0-8D11-00A0C91BC942}") = "FunctionPrimeNumber", "FunctionPrimeNumber\FunctionPrimeNumber.vcxproj", "{2CB1D99F-5367-4825-988D-C65B488D5616}"
EndProject
Project("{8BC9CEB8-8B4A-11D0-8D11-00A0C91BC942}") = "FunctionOverloading", "FunctionOverloading\FunctionOverloading.vcxproj", "{7AB60E34-7AAE-48BA-8D2C-73CFF05607B1}"
EndProject
Project("{8BC9CEB8-8B4A-11D0-8D11-00A0C91BC942}") = "FunctionTemplates", "FunctionTemplates\FunctionTemplates.vcxproj", "{365A1CBF-39CB-428D-B154-76431A40FA9B}"
EndProject
Project("{8BC9CEB8-8B4A-11D0-8D11-00A0C91BC942}") = "0Pointers", "Pointers\Pointers.vcxproj", "{3F6831C2-1C91-4CB7-9C24-80CA589DED5B}"
EndProject
Project("{8BC9CEB8-8B4A-11D0-8D11-00A0C91BC942}") = "1PointersVoid", "PointersVoid\PointersVoid.vcxproj", "{205F93D0-2783-4D17-B7F8-9549ACC78E49}"
EndProject
Project("{8BC9CEB8-8B4A-11D0-8D11-00A0C91BC942}") = "2PointersAndArrays", "PointersAndArrays\PointersAndArrays.vcxproj", "{AEBA9581-CE20-410A-A032-07B5B6C74587}"
EndProject
Project("{8BC9CEB8-8B4A-11D0-8D11-00A0C91BC942}") = "FileHandling", "FileHandling\FileHandling.vcxproj", "{18CC442B-50EF-449B-9562-B2556C2405D3}"
EndProject
Project("{8BC9CEB8-8B4A-11D0-8D11-00A0C91BC942}") = "1_NestedStructures", "Structures\Structures.vcxproj", "{4F98790B-6906-47EE-BE6D-36EAC3214CA0}"
EndProject
Project("{8BC9CEB8-8B4A-11D0-8D11-00A0C91BC942}") = "0_Classes", "Classes\Classes.vcxproj", "{2191C94D-CD71-4C01-9E60-E8372EF120B1}"
EndProject
Project("{8BC9CEB8-8B4A-11D0-8D11-00A0C91BC942}") = "1_Classes Inheritance", "Class Inheritance\Class Inheritance.vcxproj", "{6C8E4B46-4682-4A06-8DB6-2C6BFB99253C}"
EndProject
Project("{2150E333-8FDC-42A3-9474-1A3956D46DE8}") = "1_unsorted", "1_unsorted", "{2E9125AD-737D-4227-A062-634758D316B3}"
EndProject
Project("{2150E333-8FDC-42A3-9474-1A3956D46DE8}") = "7_Threads", "7_Threads", "{0C0C6DC0-B95B-4BB7-B94F-682E89E2758C}"
EndProject
Project("{2150E333-8FDC-42A3-9474-1A3956D46DE8}") = "5_Classes", "5_Classes", "{31C33528-F636-48F5-A50B-9D343F2BDFC7}"
EndProject
Project("{2150E333-8FDC-42A3-9474-1A3956D46DE8}") = "2_Files", "2_Files", "{B2C950A7-D764-4602-B7EC-ABCFC6702C36}"
EndProject
Project("{2150E333-8FDC-42A3-9474-1A3956D46DE8}") = "6_Memory_managment", "6_Memory_managment", "{9E440490-94FD-4E03-B8DF-F03958987C6B}"
EndProject
Project("{2150E333-8FDC-42A3-9474-1A3956D46DE8}") = "3_Pointers", "3_Pointers", "{890CDE9F-EE21-42AE-8BEB-14421FE7A6F5}"
EndProject
Project("{2150E333-8FDC-42A3-9474-1A3956D46DE8}") = "8_TCP_UDP", "8_TCP_UDP", "{193B18CB-A05B-48B1-9303-10FE3042D2F4}"
EndProject
Project("{2150E333-8FDC-42A3-9474-1A3956D46DE8}") = "Assigment", "Assigment", "{418599B1-AD9A-41DA-88C2-06542ADB978A}"
EndProject
Project("{8BC9CEB8-8B4A-11D0-8D11-00A0C91BC942}") = "Ukazatele_F", "Ukazatele_F\Ukazatele_F.vcxproj", "{DA0E0755-7FDE-4953-8DA3-F589F24E4B01}"
EndProject
Project("{8BC9CEB8-8B4A-11D0-8D11-00A0C91BC942}") = "Kopiruj_soubor_F", "Kopiruj_soubor_F\Kopiruj_soubor_F.vcxproj", "{4A267713-48DE-4205-86C6-80CA2EBC5EF1}"
EndProject
Project("{2150E333-8FDC-42A3-9474-1A3956D46DE8}") = "0_Uvod", "0_Uvod", "{26D1726D-91C0-45D2-9857-937A7CAB4BDA}"
EndProject
Project("{8BC9CEB8-8B4A-11D0-8D11-00A0C91BC942}") = "Uvodni_test", "Uvodni_test\Uvodni_test.vcxproj", "{744B7818-6DC2-40CF-9571-5F98EBBFCC5A}"
EndProject
Project("{8BC9CEB8-8B4A-11D0-8D11-00A0C91BC942}") = "Stromecek", "Stromecek\Stromecek.vcxproj", "{F366E7F2-82E3-4C33-9E1C-C1931F682DFB}"
EndProject
Project("{8BC9CEB8-8B4A-11D0-8D11-00A0C91BC942}") = "KopirujSoubor - Zadani_F", "KopirujSoubor - Zadani\KopirujSoubor - Zadani.vcxproj", "{B412C916-2EEF-41C0-88FF-407FA0CF8786}"
EndProject
Project("{8BC9CEB8-8B4A-11D0-8D11-00A0C91BC942}") = "3PassingVariablesToFunction", "3PassingVariablesToFunction\3PassingVariablesToFunction.vcxproj", "{A8D92E10-83F6-4FE5-BA72-CA2C99CEA10E}"
EndProject
Project("{8BC9CEB8-8B4A-11D0-8D11-00A0C91BC942}") = "4DynamicArrays", "DynamicArrays\DynamicArrays.vcxproj", "{CE53D34B-2751-4B46-980B-F94DF359064E}"
EndProject
Project("{8BC9CEB8-8B4A-11D0-8D11-00A0C91BC942}") = "5MultidimensionalDynamicArrays", "MultidimensionalDynamicArrays\MultidimensionalDynamicArrays.vcxproj", "{233CECBE-1027-4C92-912E-822A03493939}"
EndProject
Project("{2150E333-8FDC-42A3-9474-1A3956D46DE8}") = "11_Functions", "11_Functions", "{B7BF337F-7759-4388-84B2-238B1D1FC888}"
EndProject
Project("{8BC9CEB8-8B4A-11D0-8D11-00A0C91BC942}") = "1_Recursion_Factorial", "Recursion\Recursion.vcxproj", "{5326C6EB-8AA7-4784-9836-3C3BA4CBE8DB}"
EndProject
Project("{8BC9CEB8-8B4A-11D0-8D11-00A0C91BC942}") = "6MemoryLeaks", "6MemoryLeaks\6MemoryLeaks.vcxproj", "{5F2F7C9C-8574-461C-88E3-999F1A16FC40}"
EndProject
Project("{8BC9CEB8-8B4A-11D0-8D11-00A0C91BC942}") = "7FunctionPointers", "7FunctionPointers\7FunctionPointers.vcxproj", "{C15088A6-0D22-4E3C-BE3A-AB43F8B8542D}"
EndProject
Project("{8BC9CEB8-8B4A-11D0-8D11-00A0C91BC942}") = "8SmartPointers", "8SmartPointers\8SmartPointers.vcxproj", "{5C0DFD2F-F484-4C9A-895D-C085503D4738}"
EndProject
Project("{2150E333-8FDC-42A3-9474-1A3956D46DE8}") = "Tasks", "Tasks", "{89CCE633-1C78-4E65-BB0D-EECC2C388286}"
EndProject
Project("{8BC9CEB8-8B4A-11D0-8D11-00A0C91BC942}") = "2LinkedList", "0LinkedList\0LinkedList.vcxproj", "{E903115C-1656-40FE-830B-14A2E2CAFA63}"
EndProject
Project("{8BC9CEB8-8B4A-11D0-8D11-00A0C91BC942}") = "0Numwitch", "0Numwitch\0Numwitch.vcxproj", "{40A309BC-BB3B-4CA4-A1CB-A8830E02063E}"
EndProject
Project("{8BC9CEB8-8B4A-11D0-8D11-00A0C91BC942}") = "1MatrixOperations", "1MatrixOperations\1MatrixOperations.vcxproj", "{07CC2977-85C0-49B0-89C5-A824F060F4C5}"
EndProject
Project("{2150E333-8FDC-42A3-9474-1A3956D46DE8}") = "4_Structures", "4_Structures", "{364C14C7-0815-4E72-B443-FD8BB3891823}"
EndProject
Project("{8BC9CEB8-8B4A-11D0-8D11-00A0C91BC942}") = "0_StructuresBasics", "0_StructuresBasics\0_StructuresBasics.vcxproj", "{61062621-E6BF-4E3D-BF88-4C0049BDBDD7}"
EndProject
Project("{2150E333-8FDC-42A3-9474-1A3956D46DE8}") = "Tasks", "Tasks", "{1B99D45C-7F24-474F-8ABE-F4FD66DD4281}"
EndProject
Project("{8BC9CEB8-8B4A-11D0-8D11-00A0C91BC942}") = "1_Crossword", "0_Crossword\0_Crossword.vcxproj", "{106DADBB-FAB3-4AD8-8F86-AB101DAB18CD}"
EndProject
Project("{8BC9CEB8-8B4A-11D0-8D11-00A0C91BC942}") = "0_QuizApp", "0_QuizApp\0_QuizApp.vcxproj", "{FC63A77C-832D-480F-9DA8-D2E81E826E4C}"
EndProject
Project("{2150E333-8FDC-42A3-9474-1A3956D46DE8}") = "Tasks", "Tasks", "{CE5C40C2-AAB2-4B5B-A5B0-21FF1A98BCD8}"
EndProject
Project("{8BC9CEB8-8B4A-11D0-8D11-00A0C91BC942}") = "0_PracticeTest", "0_PracticeTest\0_PracticeTest.vcxproj", "{1FB1A151-D3B7-4CB9-85A8-E6BE0CBAEFF1}"
EndProject
Project("{8BC9CEB8-8B4A-11D0-8D11-00A0C91BC942}") = "1_Ship", "1_Ship\1_Ship.vcxproj", "{1559A606-80A3-4547-A005-3BF485E5D238}"
EndProject
Project("{8BC9CEB8-8B4A-11D0-8D11-00A0C91BC942}") = "2.1_Inheritance", "2.1_Inheritance\2.1_Inheritance.vcxproj", "{6AA276D3-55F8-455F-88CD-D352BEC6CF0D}"
EndProject
Project("{2150E333-8FDC-42A3-9474-1A3956D46DE8}") = "9_Async", "9_Async", "{98D95801-BD34-4C50-8D3D-4C6E02A0973B}"
EndProject
Project("{8BC9CEB8-8B4A-11D0-8D11-00A0C91BC942}") = "0_AsyncExample", "0_AsyncExample\0_AsyncExample.vcxproj", "{F9BE88E7-1828-4AF8-BB38-78D0BF0BA0F2}"
EndProject
Project("{8BC9CEB8-8B4A-11D0-8D11-00A0C91BC942}") = "OperatorOverloading", "OperatorOvrloading\OperatorOvrloading.vcxproj", "{2F86BD88-CC6D-4BD5-B949-0E6FAE8C40EA}"
EndProject
Project("{8BC9CEB8-8B4A-11D0-8D11-00A0C91BC942}") = "FriendFunctionsStream", "FriendFunction1\FriendFunction1.vcxproj", "{CF0CD2C4-F46D-463D-85CD-4F019F2813FC}"
EndProject
Project("{8BC9CEB8-8B4A-11D0-8D11-00A0C91BC942}") = "FriendFunctions", "FriendFunctions\FriendFunctions.vcxproj", "{B42986C2-A6A1-4313-BAEE-285E7ACB46C9}"
EndProject
Project("{8BC9CEB8-8B4A-11D0-8D11-00A0C91BC942}") = "FriendClasses", "FriendClasses\FriendClasses.vcxproj", "{5E53FA8F-F1E4-4B34-B722-2D2D82EDFAE1}"
EndProject
Project("{8BC9CEB8-8B4A-11D0-8D11-00A0C91BC942}") = "ListVector", "list\list.vcxproj", "{A1878663-B3A0-4BF4-A2B6-D9D7574CF6FA}"
EndProject
Project("{8BC9CEB8-8B4A-11D0-8D11-00A0C91BC942}") = "2_VirtualFunctions", "VirtualFunctions\VirtualFunctions.vcxproj", "{13EA8B90-6C2E-440C-9C80-F28A227F604A}"
EndProject
Project("{8BC9CEB8-8B4A-11D0-8D11-00A0C91BC942}") = "3_OperatorOverloading", "3_OperatorOverloading\3_OperatorOverloading.vcxproj", "{148C3D80-2F21-4360-844B-5EEB53DFA8ED}"
EndProject
Project("{8BC9CEB8-8B4A-11D0-8D11-00A0C91BC942}") = "TemplateFunctions", "TemplateFunctions\TemplateFunctions.vcxproj", "{E8863ED2-3DBC-422D-A67E-EE5F2139964E}"
EndProject
Project("{8BC9CEB8-8B4A-11D0-8D11-00A0C91BC942}") = "TemplateClasses", "TemplateClasses\TemplateClasses.vcxproj", "{622EA61B-0163-47C3-B8EF-5C34044A27AA}"
EndProject
Project("{2150E333-8FDC-42A3-9474-1A3956D46DE8}") = "STL", "STL", "{460D2B88-9558-4DDD-8C24-437C91A1D3DA}"
EndProject
Project("{8BC9CEB8-8B4A-11D0-8D11-00A0C91BC942}") = "Containers", "Containers\Containers.vcxproj", "{114E3AC4-8560-451D-9673-0551FB6A2C9E}"
EndProject
Project("{2150E333-8FDC-42A3-9474-1A3956D46DE8}") = "Task", "Task", "{96AA8E27-AB9B-4756-A208-FCF3B8008D72}"
EndProject
Project("{8BC9CEB8-8B4A-11D0-8D11-00A0C91BC942}") = "0_ContactBook", "0_ContactBook\0_ContactBook.vcxproj", "{882C0C19-DBDB-49B7-81D2-474F240FE7CE}"
EndProject
Project("{8BC9CEB8-8B4A-11D0-8D11-00A0C91BC942}") = "4_Zkouska_1", "4_Zkouska_1\4_Zkouska_1.vcxproj", "{141BC3AE-6D0B-4965-9739-AE72AA46EBFF}"
EndProject
Project("{2150E333-8FDC-42A3-9474-1A3956D46DE8}") = "Zkousky", "Zkousky", "{EA4AE546-C070-4772-8444-09CBDC510B56}"
EndProject
Project("{8BC9CEB8-8B4A-11D0-8D11-00A0C91BC942}") = "Vectors", "Vectors\Vectors.vcxproj", "{A3375477-DA86-447A-95F7-AB7512B47DD1}"
EndProject
Project("{8BC9CEB8-8B4A-11D0-8D11-00A0C91BC942}") = "ShoppingSystem", "ShoppingSystem\ShoppingSystem.vcxproj", "{E0AE0118-1811-4A37-8D07-C7643F0283A0}"
EndProject
Project("{8BC9CEB8-8B4A-11D0-8D11-00A0C91BC942}") = "ReminderSystem", "ReminderSystem\ReminderSystem.vcxproj", "{7E2F6195-5D7E-4B8D-A3B9-5257FF345992}"
EndProject
Project("{8BC9CEB8-8B4A-11D0-8D11-00A0C91BC942}") = "Banking system", "Banking system\Banking system.vcxproj", "{C7D7E1AD-0EC9-4A26-AD2A-3A0F9F347EE4}"
EndProject
Project("{8BC9CEB8-8B4A-11D0-8D11-00A0C91BC942}") = "ExerciseCompanion", "ExerciseCompanion\ExerciseCompanion.vcxproj", "{50EDF5F3-67B5-43A5-BC4E-C8CE4D719688}"
EndProject
Project("{8BC9CEB8-8B4A-11D0-8D11-00A0C91BC942}") = "6_ThreadsPrimes", "6_ThreadsPrimes\6_ThreadsPrimes.vcxproj", "{4F85F4F2-092B-4CD7-807D-62AA24641B44}"
EndProject
Project("{8BC9CEB8-8B4A-11D0-8D11-00A0C91BC942}") = "6_5_ThreadsLesson", "6_5_ThreadsLesson\6_5_ThreadsLesson.vcxproj", "{3CBD9932-8C3C-456D-9DAA-CDFAAB8ECA6D}"
EndProject
Project("{8BC9CEB8-8B4A-11D0-8D11-00A0C91BC942}") = "PrimeNumbers", "PrimeNumbers\PrimeNumbers.vcxproj", "{F872CA52-F53E-4D9E-BF3C-4D229659520A}"
EndProject
Project("{8BC9CEB8-8B4A-11D0-8D11-00A0C91BC942}") = "6_6_ThreadsAOC202215", "6_6_ThreadsAOC202215\6_6_ThreadsAOC202215.vcxproj", "{01040960-02A1-4BC7-B874-21DF7632EE93}"
EndProject
Global
	GlobalSection(SolutionConfigurationPlatforms) = preSolution
		Debug|Any CPU = Debug|Any CPU
		Debug|x64 = Debug|x64
		Debug|x86 = Debug|x86
		Release|Any CPU = Release|Any CPU
		Release|x64 = Release|x64
		Release|x86 = Release|x86
	EndGlobalSection
	GlobalSection(ProjectConfigurationPlatforms) = postSolution
		{153FB5BE-7719-4A8B-973B-D791CFC0C1E0}.Debug|Any CPU.ActiveCfg = Debug|x64
		{153FB5BE-7719-4A8B-973B-D791CFC0C1E0}.Debug|Any CPU.Build.0 = Debug|x64
		{153FB5BE-7719-4A8B-973B-D791CFC0C1E0}.Debug|x64.ActiveCfg = Debug|x64
		{153FB5BE-7719-4A8B-973B-D791CFC0C1E0}.Debug|x64.Build.0 = Debug|x64
		{153FB5BE-7719-4A8B-973B-D791CFC0C1E0}.Debug|x86.ActiveCfg = Debug|Win32
		{153FB5BE-7719-4A8B-973B-D791CFC0C1E0}.Debug|x86.Build.0 = Debug|Win32
		{153FB5BE-7719-4A8B-973B-D791CFC0C1E0}.Release|Any CPU.ActiveCfg = Release|x64
		{153FB5BE-7719-4A8B-973B-D791CFC0C1E0}.Release|Any CPU.Build.0 = Release|x64
		{153FB5BE-7719-4A8B-973B-D791CFC0C1E0}.Release|x64.ActiveCfg = Release|x64
		{153FB5BE-7719-4A8B-973B-D791CFC0C1E0}.Release|x64.Build.0 = Release|x64
		{153FB5BE-7719-4A8B-973B-D791CFC0C1E0}.Release|x86.ActiveCfg = Release|Win32
		{153FB5BE-7719-4A8B-973B-D791CFC0C1E0}.Release|x86.Build.0 = Release|Win32
		{8B93DB58-3127-4B4E-B8EA-FCF0D0F3CDC6}.Debug|Any CPU.ActiveCfg = Debug|x64
		{8B93DB58-3127-4B4E-B8EA-FCF0D0F3CDC6}.Debug|Any CPU.Build.0 = Debug|x64
		{8B93DB58-3127-4B4E-B8EA-FCF0D0F3CDC6}.Debug|x64.ActiveCfg = Debug|x64
		{8B93DB58-3127-4B4E-B8EA-FCF0D0F3CDC6}.Debug|x64.Build.0 = Debug|x64
		{8B93DB58-3127-4B4E-B8EA-FCF0D0F3CDC6}.Debug|x86.ActiveCfg = Debug|Win32
		{8B93DB58-3127-4B4E-B8EA-FCF0D0F3CDC6}.Debug|x86.Build.0 = Debug|Win32
		{8B93DB58-3127-4B4E-B8EA-FCF0D0F3CDC6}.Release|Any CPU.ActiveCfg = Release|x64
		{8B93DB58-3127-4B4E-B8EA-FCF0D0F3CDC6}.Release|Any CPU.Build.0 = Release|x64
		{8B93DB58-3127-4B4E-B8EA-FCF0D0F3CDC6}.Release|x64.ActiveCfg = Release|x64
		{8B93DB58-3127-4B4E-B8EA-FCF0D0F3CDC6}.Release|x64.Build.0 = Release|x64
		{8B93DB58-3127-4B4E-B8EA-FCF0D0F3CDC6}.Release|x86.ActiveCfg = Release|Win32
		{8B93DB58-3127-4B4E-B8EA-FCF0D0F3CDC6}.Release|x86.Build.0 = Release|Win32
		{2073F47F-0B9C-423B-83B5-4E870B6B2A27}.Debug|Any CPU.ActiveCfg = Debug|x64
		{2073F47F-0B9C-423B-83B5-4E870B6B2A27}.Debug|Any CPU.Build.0 = Debug|x64
		{2073F47F-0B9C-423B-83B5-4E870B6B2A27}.Debug|x64.ActiveCfg = Debug|x64
		{2073F47F-0B9C-423B-83B5-4E870B6B2A27}.Debug|x64.Build.0 = Debug|x64
		{2073F47F-0B9C-423B-83B5-4E870B6B2A27}.Debug|x86.ActiveCfg = Debug|Win32
		{2073F47F-0B9C-423B-83B5-4E870B6B2A27}.Debug|x86.Build.0 = Debug|Win32
		{2073F47F-0B9C-423B-83B5-4E870B6B2A27}.Release|Any CPU.ActiveCfg = Release|x64
		{2073F47F-0B9C-423B-83B5-4E870B6B2A27}.Release|Any CPU.Build.0 = Release|x64
		{2073F47F-0B9C-423B-83B5-4E870B6B2A27}.Release|x64.ActiveCfg = Release|x64
		{2073F47F-0B9C-423B-83B5-4E870B6B2A27}.Release|x64.Build.0 = Release|x64
		{2073F47F-0B9C-423B-83B5-4E870B6B2A27}.Release|x86.ActiveCfg = Release|Win32
		{2073F47F-0B9C-423B-83B5-4E870B6B2A27}.Release|x86.Build.0 = Release|Win32
		{93FBE8B7-1175-47C9-A0AB-5309ED2EFB40}.Debug|Any CPU.ActiveCfg = Debug|x64
		{93FBE8B7-1175-47C9-A0AB-5309ED2EFB40}.Debug|Any CPU.Build.0 = Debug|x64
		{93FBE8B7-1175-47C9-A0AB-5309ED2EFB40}.Debug|x64.ActiveCfg = Debug|x64
		{93FBE8B7-1175-47C9-A0AB-5309ED2EFB40}.Debug|x64.Build.0 = Debug|x64
		{93FBE8B7-1175-47C9-A0AB-5309ED2EFB40}.Debug|x86.ActiveCfg = Debug|Win32
		{93FBE8B7-1175-47C9-A0AB-5309ED2EFB40}.Debug|x86.Build.0 = Debug|Win32
		{93FBE8B7-1175-47C9-A0AB-5309ED2EFB40}.Release|Any CPU.ActiveCfg = Release|x64
		{93FBE8B7-1175-47C9-A0AB-5309ED2EFB40}.Release|Any CPU.Build.0 = Release|x64
		{93FBE8B7-1175-47C9-A0AB-5309ED2EFB40}.Release|x64.ActiveCfg = Release|x64
		{93FBE8B7-1175-47C9-A0AB-5309ED2EFB40}.Release|x64.Build.0 = Release|x64
		{93FBE8B7-1175-47C9-A0AB-5309ED2EFB40}.Release|x86.ActiveCfg = Release|Win32
		{93FBE8B7-1175-47C9-A0AB-5309ED2EFB40}.Release|x86.Build.0 = Release|Win32
		{D60B5D24-8753-45B0-93C0-AA8D3F7055E9}.Debug|Any CPU.ActiveCfg = Debug|x64
		{D60B5D24-8753-45B0-93C0-AA8D3F7055E9}.Debug|Any CPU.Build.0 = Debug|x64
		{D60B5D24-8753-45B0-93C0-AA8D3F7055E9}.Debug|x64.ActiveCfg = Debug|x64
		{D60B5D24-8753-45B0-93C0-AA8D3F7055E9}.Debug|x64.Build.0 = Debug|x64
		{D60B5D24-8753-45B0-93C0-AA8D3F7055E9}.Debug|x86.ActiveCfg = Debug|Win32
		{D60B5D24-8753-45B0-93C0-AA8D3F7055E9}.Debug|x86.Build.0 = Debug|Win32
		{D60B5D24-8753-45B0-93C0-AA8D3F7055E9}.Release|Any CPU.ActiveCfg = Release|x64
		{D60B5D24-8753-45B0-93C0-AA8D3F7055E9}.Release|Any CPU.Build.0 = Release|x64
		{D60B5D24-8753-45B0-93C0-AA8D3F7055E9}.Release|x64.ActiveCfg = Release|x64
		{D60B5D24-8753-45B0-93C0-AA8D3F7055E9}.Release|x64.Build.0 = Release|x64
		{D60B5D24-8753-45B0-93C0-AA8D3F7055E9}.Release|x86.ActiveCfg = Release|Win32
		{D60B5D24-8753-45B0-93C0-AA8D3F7055E9}.Release|x86.Build.0 = Release|Win32
		{7ABE15DA-355A-4837-A946-A48CAB95B4D7}.Debug|Any CPU.ActiveCfg = Debug|x64
		{7ABE15DA-355A-4837-A946-A48CAB95B4D7}.Debug|Any CPU.Build.0 = Debug|x64
		{7ABE15DA-355A-4837-A946-A48CAB95B4D7}.Debug|x64.ActiveCfg = Debug|x64
		{7ABE15DA-355A-4837-A946-A48CAB95B4D7}.Debug|x64.Build.0 = Debug|x64
		{7ABE15DA-355A-4837-A946-A48CAB95B4D7}.Debug|x86.ActiveCfg = Debug|Win32
		{7ABE15DA-355A-4837-A946-A48CAB95B4D7}.Debug|x86.Build.0 = Debug|Win32
		{7ABE15DA-355A-4837-A946-A48CAB95B4D7}.Release|Any CPU.ActiveCfg = Release|x64
		{7ABE15DA-355A-4837-A946-A48CAB95B4D7}.Release|Any CPU.Build.0 = Release|x64
		{7ABE15DA-355A-4837-A946-A48CAB95B4D7}.Release|x64.ActiveCfg = Release|x64
		{7ABE15DA-355A-4837-A946-A48CAB95B4D7}.Release|x64.Build.0 = Release|x64
		{7ABE15DA-355A-4837-A946-A48CAB95B4D7}.Release|x86.ActiveCfg = Release|Win32
		{7ABE15DA-355A-4837-A946-A48CAB95B4D7}.Release|x86.Build.0 = Release|Win32
		{2B81DDD0-E406-4C1E-AA1D-C23C31900169}.Debug|Any CPU.ActiveCfg = Debug|x64
		{2B81DDD0-E406-4C1E-AA1D-C23C31900169}.Debug|Any CPU.Build.0 = Debug|x64
		{2B81DDD0-E406-4C1E-AA1D-C23C31900169}.Debug|x64.ActiveCfg = Debug|x64
		{2B81DDD0-E406-4C1E-AA1D-C23C31900169}.Debug|x64.Build.0 = Debug|x64
		{2B81DDD0-E406-4C1E-AA1D-C23C31900169}.Debug|x86.ActiveCfg = Debug|Win32
		{2B81DDD0-E406-4C1E-AA1D-C23C31900169}.Debug|x86.Build.0 = Debug|Win32
		{2B81DDD0-E406-4C1E-AA1D-C23C31900169}.Release|Any CPU.ActiveCfg = Release|x64
		{2B81DDD0-E406-4C1E-AA1D-C23C31900169}.Release|Any CPU.Build.0 = Release|x64
		{2B81DDD0-E406-4C1E-AA1D-C23C31900169}.Release|x64.ActiveCfg = Release|x64
		{2B81DDD0-E406-4C1E-AA1D-C23C31900169}.Release|x64.Build.0 = Release|x64
		{2B81DDD0-E406-4C1E-AA1D-C23C31900169}.Release|x86.ActiveCfg = Release|Win32
		{2B81DDD0-E406-4C1E-AA1D-C23C31900169}.Release|x86.Build.0 = Release|Win32
		{07933838-E7E5-4F51-B864-CE7CD53971D9}.Debug|Any CPU.ActiveCfg = Debug|x64
		{07933838-E7E5-4F51-B864-CE7CD53971D9}.Debug|Any CPU.Build.0 = Debug|x64
		{07933838-E7E5-4F51-B864-CE7CD53971D9}.Debug|x64.ActiveCfg = Debug|x64
		{07933838-E7E5-4F51-B864-CE7CD53971D9}.Debug|x64.Build.0 = Debug|x64
		{07933838-E7E5-4F51-B864-CE7CD53971D9}.Debug|x86.ActiveCfg = Debug|Win32
		{07933838-E7E5-4F51-B864-CE7CD53971D9}.Debug|x86.Build.0 = Debug|Win32
		{07933838-E7E5-4F51-B864-CE7CD53971D9}.Release|Any CPU.ActiveCfg = Release|x64
		{07933838-E7E5-4F51-B864-CE7CD53971D9}.Release|Any CPU.Build.0 = Release|x64
		{07933838-E7E5-4F51-B864-CE7CD53971D9}.Release|x64.ActiveCfg = Release|x64
		{07933838-E7E5-4F51-B864-CE7CD53971D9}.Release|x64.Build.0 = Release|x64
		{07933838-E7E5-4F51-B864-CE7CD53971D9}.Release|x86.ActiveCfg = Release|Win32
		{07933838-E7E5-4F51-B864-CE7CD53971D9}.Release|x86.Build.0 = Release|Win32
		{D22B53E5-2480-4D52-8168-8D543A1C5103}.Debug|Any CPU.ActiveCfg = Debug|x64
		{D22B53E5-2480-4D52-8168-8D543A1C5103}.Debug|Any CPU.Build.0 = Debug|x64
		{D22B53E5-2480-4D52-8168-8D543A1C5103}.Debug|x64.ActiveCfg = Debug|x64
		{D22B53E5-2480-4D52-8168-8D543A1C5103}.Debug|x64.Build.0 = Debug|x64
		{D22B53E5-2480-4D52-8168-8D543A1C5103}.Debug|x86.ActiveCfg = Debug|Win32
		{D22B53E5-2480-4D52-8168-8D543A1C5103}.Debug|x86.Build.0 = Debug|Win32
		{D22B53E5-2480-4D52-8168-8D543A1C5103}.Release|Any CPU.ActiveCfg = Release|x64
		{D22B53E5-2480-4D52-8168-8D543A1C5103}.Release|Any CPU.Build.0 = Release|x64
		{D22B53E5-2480-4D52-8168-8D543A1C5103}.Release|x64.ActiveCfg = Release|x64
		{D22B53E5-2480-4D52-8168-8D543A1C5103}.Release|x64.Build.0 = Release|x64
		{D22B53E5-2480-4D52-8168-8D543A1C5103}.Release|x86.ActiveCfg = Release|Win32
		{D22B53E5-2480-4D52-8168-8D543A1C5103}.Release|x86.Build.0 = Release|Win32
		{0EDF4088-BC2B-40AC-973E-FCFF3C8388F6}.Debug|Any CPU.ActiveCfg = Debug|x64
		{0EDF4088-BC2B-40AC-973E-FCFF3C8388F6}.Debug|Any CPU.Build.0 = Debug|x64
		{0EDF4088-BC2B-40AC-973E-FCFF3C8388F6}.Debug|x64.ActiveCfg = Debug|x64
		{0EDF4088-BC2B-40AC-973E-FCFF3C8388F6}.Debug|x64.Build.0 = Debug|x64
		{0EDF4088-BC2B-40AC-973E-FCFF3C8388F6}.Debug|x86.ActiveCfg = Debug|Win32
		{0EDF4088-BC2B-40AC-973E-FCFF3C8388F6}.Debug|x86.Build.0 = Debug|Win32
		{0EDF4088-BC2B-40AC-973E-FCFF3C8388F6}.Release|Any CPU.ActiveCfg = Release|x64
		{0EDF4088-BC2B-40AC-973E-FCFF3C8388F6}.Release|Any CPU.Build.0 = Release|x64
		{0EDF4088-BC2B-40AC-973E-FCFF3C8388F6}.Release|x64.ActiveCfg = Release|x64
		{0EDF4088-BC2B-40AC-973E-FCFF3C8388F6}.Release|x64.Build.0 = Release|x64
		{0EDF4088-BC2B-40AC-973E-FCFF3C8388F6}.Release|x86.ActiveCfg = Release|Win32
		{0EDF4088-BC2B-40AC-973E-FCFF3C8388F6}.Release|x86.Build.0 = Release|Win32
		{F7721173-0527-4FF7-8E76-026B2DEC9AD8}.Debug|Any CPU.ActiveCfg = Debug|x64
		{F7721173-0527-4FF7-8E76-026B2DEC9AD8}.Debug|Any CPU.Build.0 = Debug|x64
		{F7721173-0527-4FF7-8E76-026B2DEC9AD8}.Debug|x64.ActiveCfg = Debug|x64
		{F7721173-0527-4FF7-8E76-026B2DEC9AD8}.Debug|x64.Build.0 = Debug|x64
		{F7721173-0527-4FF7-8E76-026B2DEC9AD8}.Debug|x86.ActiveCfg = Debug|Win32
		{F7721173-0527-4FF7-8E76-026B2DEC9AD8}.Debug|x86.Build.0 = Debug|Win32
		{F7721173-0527-4FF7-8E76-026B2DEC9AD8}.Release|Any CPU.ActiveCfg = Release|x64
		{F7721173-0527-4FF7-8E76-026B2DEC9AD8}.Release|Any CPU.Build.0 = Release|x64
		{F7721173-0527-4FF7-8E76-026B2DEC9AD8}.Release|x64.ActiveCfg = Release|x64
		{F7721173-0527-4FF7-8E76-026B2DEC9AD8}.Release|x64.Build.0 = Release|x64
		{F7721173-0527-4FF7-8E76-026B2DEC9AD8}.Release|x86.ActiveCfg = Release|Win32
		{F7721173-0527-4FF7-8E76-026B2DEC9AD8}.Release|x86.Build.0 = Release|Win32
		{A89432E7-50D7-448B-8850-7D58334755E6}.Debug|Any CPU.ActiveCfg = Debug|x64
		{A89432E7-50D7-448B-8850-7D58334755E6}.Debug|Any CPU.Build.0 = Debug|x64
		{A89432E7-50D7-448B-8850-7D58334755E6}.Debug|x64.ActiveCfg = Debug|x64
		{A89432E7-50D7-448B-8850-7D58334755E6}.Debug|x64.Build.0 = Debug|x64
		{A89432E7-50D7-448B-8850-7D58334755E6}.Debug|x86.ActiveCfg = Debug|Win32
		{A89432E7-50D7-448B-8850-7D58334755E6}.Debug|x86.Build.0 = Debug|Win32
		{A89432E7-50D7-448B-8850-7D58334755E6}.Release|Any CPU.ActiveCfg = Release|x64
		{A89432E7-50D7-448B-8850-7D58334755E6}.Release|Any CPU.Build.0 = Release|x64
		{A89432E7-50D7-448B-8850-7D58334755E6}.Release|x64.ActiveCfg = Release|x64
		{A89432E7-50D7-448B-8850-7D58334755E6}.Release|x64.Build.0 = Release|x64
		{A89432E7-50D7-448B-8850-7D58334755E6}.Release|x86.ActiveCfg = Release|Win32
		{A89432E7-50D7-448B-8850-7D58334755E6}.Release|x86.Build.0 = Release|Win32
		{36F31A1B-3214-4D27-90B5-FD480ED38FCC}.Debug|Any CPU.ActiveCfg = Debug|x64
		{36F31A1B-3214-4D27-90B5-FD480ED38FCC}.Debug|Any CPU.Build.0 = Debug|x64
		{36F31A1B-3214-4D27-90B5-FD480ED38FCC}.Debug|x64.ActiveCfg = Debug|x64
		{36F31A1B-3214-4D27-90B5-FD480ED38FCC}.Debug|x64.Build.0 = Debug|x64
		{36F31A1B-3214-4D27-90B5-FD480ED38FCC}.Debug|x86.ActiveCfg = Debug|Win32
		{36F31A1B-3214-4D27-90B5-FD480ED38FCC}.Debug|x86.Build.0 = Debug|Win32
		{36F31A1B-3214-4D27-90B5-FD480ED38FCC}.Release|Any CPU.ActiveCfg = Release|x64
		{36F31A1B-3214-4D27-90B5-FD480ED38FCC}.Release|Any CPU.Build.0 = Release|x64
		{36F31A1B-3214-4D27-90B5-FD480ED38FCC}.Release|x64.ActiveCfg = Release|x64
		{36F31A1B-3214-4D27-90B5-FD480ED38FCC}.Release|x64.Build.0 = Release|x64
		{36F31A1B-3214-4D27-90B5-FD480ED38FCC}.Release|x86.ActiveCfg = Release|Win32
		{36F31A1B-3214-4D27-90B5-FD480ED38FCC}.Release|x86.Build.0 = Release|Win32
		{F7A8B3AF-99AA-41B2-A453-B483D969E4F9}.Debug|Any CPU.ActiveCfg = Debug|x64
		{F7A8B3AF-99AA-41B2-A453-B483D969E4F9}.Debug|Any CPU.Build.0 = Debug|x64
		{F7A8B3AF-99AA-41B2-A453-B483D969E4F9}.Debug|x64.ActiveCfg = Debug|x64
		{F7A8B3AF-99AA-41B2-A453-B483D969E4F9}.Debug|x64.Build.0 = Debug|x64
		{F7A8B3AF-99AA-41B2-A453-B483D969E4F9}.Debug|x86.ActiveCfg = Debug|Win32
		{F7A8B3AF-99AA-41B2-A453-B483D969E4F9}.Debug|x86.Build.0 = Debug|Win32
		{F7A8B3AF-99AA-41B2-A453-B483D969E4F9}.Release|Any CPU.ActiveCfg = Release|x64
		{F7A8B3AF-99AA-41B2-A453-B483D969E4F9}.Release|Any CPU.Build.0 = Release|x64
		{F7A8B3AF-99AA-41B2-A453-B483D969E4F9}.Release|x64.ActiveCfg = Release|x64
		{F7A8B3AF-99AA-41B2-A453-B483D969E4F9}.Release|x64.Build.0 = Release|x64
		{F7A8B3AF-99AA-41B2-A453-B483D969E4F9}.Release|x86.ActiveCfg = Release|Win32
		{F7A8B3AF-99AA-41B2-A453-B483D969E4F9}.Release|x86.Build.0 = Release|Win32
		{7820CE33-2312-4494-9144-2681FDD6F6A1}.Debug|Any CPU.ActiveCfg = Debug|x64
		{7820CE33-2312-4494-9144-2681FDD6F6A1}.Debug|Any CPU.Build.0 = Debug|x64
		{7820CE33-2312-4494-9144-2681FDD6F6A1}.Debug|x64.ActiveCfg = Debug|x64
		{7820CE33-2312-4494-9144-2681FDD6F6A1}.Debug|x64.Build.0 = Debug|x64
		{7820CE33-2312-4494-9144-2681FDD6F6A1}.Debug|x86.ActiveCfg = Debug|Win32
		{7820CE33-2312-4494-9144-2681FDD6F6A1}.Debug|x86.Build.0 = Debug|Win32
		{7820CE33-2312-4494-9144-2681FDD6F6A1}.Release|Any CPU.ActiveCfg = Release|x64
		{7820CE33-2312-4494-9144-2681FDD6F6A1}.Release|Any CPU.Build.0 = Release|x64
		{7820CE33-2312-4494-9144-2681FDD6F6A1}.Release|x64.ActiveCfg = Release|x64
		{7820CE33-2312-4494-9144-2681FDD6F6A1}.Release|x64.Build.0 = Release|x64
		{7820CE33-2312-4494-9144-2681FDD6F6A1}.Release|x86.ActiveCfg = Release|Win32
		{7820CE33-2312-4494-9144-2681FDD6F6A1}.Release|x86.Build.0 = Release|Win32
		{5C7C267A-CAA0-48C5-8AA6-34A0AF457648}.Debug|Any CPU.ActiveCfg = Debug|x64
		{5C7C267A-CAA0-48C5-8AA6-34A0AF457648}.Debug|Any CPU.Build.0 = Debug|x64
		{5C7C267A-CAA0-48C5-8AA6-34A0AF457648}.Debug|x64.ActiveCfg = Debug|x64
		{5C7C267A-CAA0-48C5-8AA6-34A0AF457648}.Debug|x64.Build.0 = Debug|x64
		{5C7C267A-CAA0-48C5-8AA6-34A0AF457648}.Debug|x86.ActiveCfg = Debug|Win32
		{5C7C267A-CAA0-48C5-8AA6-34A0AF457648}.Debug|x86.Build.0 = Debug|Win32
		{5C7C267A-CAA0-48C5-8AA6-34A0AF457648}.Release|Any CPU.ActiveCfg = Release|x64
		{5C7C267A-CAA0-48C5-8AA6-34A0AF457648}.Release|Any CPU.Build.0 = Release|x64
		{5C7C267A-CAA0-48C5-8AA6-34A0AF457648}.Release|x64.ActiveCfg = Release|x64
		{5C7C267A-CAA0-48C5-8AA6-34A0AF457648}.Release|x64.Build.0 = Release|x64
		{5C7C267A-CAA0-48C5-8AA6-34A0AF457648}.Release|x86.ActiveCfg = Release|Win32
		{5C7C267A-CAA0-48C5-8AA6-34A0AF457648}.Release|x86.Build.0 = Release|Win32
		{8F986AF2-AFC1-454B-836B-D9FB8379A699}.Debug|Any CPU.ActiveCfg = Debug|x64
		{8F986AF2-AFC1-454B-836B-D9FB8379A699}.Debug|Any CPU.Build.0 = Debug|x64
		{8F986AF2-AFC1-454B-836B-D9FB8379A699}.Debug|x64.ActiveCfg = Debug|x64
		{8F986AF2-AFC1-454B-836B-D9FB8379A699}.Debug|x64.Build.0 = Debug|x64
		{8F986AF2-AFC1-454B-836B-D9FB8379A699}.Debug|x86.ActiveCfg = Debug|Win32
		{8F986AF2-AFC1-454B-836B-D9FB8379A699}.Debug|x86.Build.0 = Debug|Win32
		{8F986AF2-AFC1-454B-836B-D9FB8379A699}.Release|Any CPU.ActiveCfg = Release|x64
		{8F986AF2-AFC1-454B-836B-D9FB8379A699}.Release|Any CPU.Build.0 = Release|x64
		{8F986AF2-AFC1-454B-836B-D9FB8379A699}.Release|x64.ActiveCfg = Release|x64
		{8F986AF2-AFC1-454B-836B-D9FB8379A699}.Release|x64.Build.0 = Release|x64
		{8F986AF2-AFC1-454B-836B-D9FB8379A699}.Release|x86.ActiveCfg = Release|Win32
		{8F986AF2-AFC1-454B-836B-D9FB8379A699}.Release|x86.Build.0 = Release|Win32
		{0175D322-009E-4DA0-A1D6-2FF39246A367}.Debug|Any CPU.ActiveCfg = Debug|x64
		{0175D322-009E-4DA0-A1D6-2FF39246A367}.Debug|Any CPU.Build.0 = Debug|x64
		{0175D322-009E-4DA0-A1D6-2FF39246A367}.Debug|x64.ActiveCfg = Debug|x64
		{0175D322-009E-4DA0-A1D6-2FF39246A367}.Debug|x64.Build.0 = Debug|x64
		{0175D322-009E-4DA0-A1D6-2FF39246A367}.Debug|x86.ActiveCfg = Debug|Win32
		{0175D322-009E-4DA0-A1D6-2FF39246A367}.Debug|x86.Build.0 = Debug|Win32
		{0175D322-009E-4DA0-A1D6-2FF39246A367}.Release|Any CPU.ActiveCfg = Release|x64
		{0175D322-009E-4DA0-A1D6-2FF39246A367}.Release|Any CPU.Build.0 = Release|x64
		{0175D322-009E-4DA0-A1D6-2FF39246A367}.Release|x64.ActiveCfg = Release|x64
		{0175D322-009E-4DA0-A1D6-2FF39246A367}.Release|x64.Build.0 = Release|x64
		{0175D322-009E-4DA0-A1D6-2FF39246A367}.Release|x86.ActiveCfg = Release|Win32
		{0175D322-009E-4DA0-A1D6-2FF39246A367}.Release|x86.Build.0 = Release|Win32
		{A57C5920-05FC-4464-8D2C-4ED8BC19EA6B}.Debug|Any CPU.ActiveCfg = Debug|x64
		{A57C5920-05FC-4464-8D2C-4ED8BC19EA6B}.Debug|Any CPU.Build.0 = Debug|x64
		{A57C5920-05FC-4464-8D2C-4ED8BC19EA6B}.Debug|x64.ActiveCfg = Debug|x64
		{A57C5920-05FC-4464-8D2C-4ED8BC19EA6B}.Debug|x64.Build.0 = Debug|x64
		{A57C5920-05FC-4464-8D2C-4ED8BC19EA6B}.Debug|x86.ActiveCfg = Debug|Win32
		{A57C5920-05FC-4464-8D2C-4ED8BC19EA6B}.Debug|x86.Build.0 = Debug|Win32
		{A57C5920-05FC-4464-8D2C-4ED8BC19EA6B}.Release|Any CPU.ActiveCfg = Release|x64
		{A57C5920-05FC-4464-8D2C-4ED8BC19EA6B}.Release|Any CPU.Build.0 = Release|x64
		{A57C5920-05FC-4464-8D2C-4ED8BC19EA6B}.Release|x64.ActiveCfg = Release|x64
		{A57C5920-05FC-4464-8D2C-4ED8BC19EA6B}.Release|x64.Build.0 = Release|x64
		{A57C5920-05FC-4464-8D2C-4ED8BC19EA6B}.Release|x86.ActiveCfg = Release|Win32
		{A57C5920-05FC-4464-8D2C-4ED8BC19EA6B}.Release|x86.Build.0 = Release|Win32
		{D22AC14B-FD4A-4DE0-BD63-582B5C8DAAA9}.Debug|Any CPU.ActiveCfg = Debug|x64
		{D22AC14B-FD4A-4DE0-BD63-582B5C8DAAA9}.Debug|Any CPU.Build.0 = Debug|x64
		{D22AC14B-FD4A-4DE0-BD63-582B5C8DAAA9}.Debug|x64.ActiveCfg = Debug|x64
		{D22AC14B-FD4A-4DE0-BD63-582B5C8DAAA9}.Debug|x64.Build.0 = Debug|x64
		{D22AC14B-FD4A-4DE0-BD63-582B5C8DAAA9}.Debug|x86.ActiveCfg = Debug|Win32
		{D22AC14B-FD4A-4DE0-BD63-582B5C8DAAA9}.Debug|x86.Build.0 = Debug|Win32
		{D22AC14B-FD4A-4DE0-BD63-582B5C8DAAA9}.Release|Any CPU.ActiveCfg = Release|x64
		{D22AC14B-FD4A-4DE0-BD63-582B5C8DAAA9}.Release|Any CPU.Build.0 = Release|x64
		{D22AC14B-FD4A-4DE0-BD63-582B5C8DAAA9}.Release|x64.ActiveCfg = Release|x64
		{D22AC14B-FD4A-4DE0-BD63-582B5C8DAAA9}.Release|x64.Build.0 = Release|x64
		{D22AC14B-FD4A-4DE0-BD63-582B5C8DAAA9}.Release|x86.ActiveCfg = Release|Win32
		{D22AC14B-FD4A-4DE0-BD63-582B5C8DAAA9}.Release|x86.Build.0 = Release|Win32
		{C4A95487-A440-4955-A9A4-39F11580BD11}.Debug|Any CPU.ActiveCfg = Debug|x64
		{C4A95487-A440-4955-A9A4-39F11580BD11}.Debug|Any CPU.Build.0 = Debug|x64
		{C4A95487-A440-4955-A9A4-39F11580BD11}.Debug|x64.ActiveCfg = Debug|x64
		{C4A95487-A440-4955-A9A4-39F11580BD11}.Debug|x64.Build.0 = Debug|x64
		{C4A95487-A440-4955-A9A4-39F11580BD11}.Debug|x86.ActiveCfg = Debug|Win32
		{C4A95487-A440-4955-A9A4-39F11580BD11}.Debug|x86.Build.0 = Debug|Win32
		{C4A95487-A440-4955-A9A4-39F11580BD11}.Release|Any CPU.ActiveCfg = Release|x64
		{C4A95487-A440-4955-A9A4-39F11580BD11}.Release|Any CPU.Build.0 = Release|x64
		{C4A95487-A440-4955-A9A4-39F11580BD11}.Release|x64.ActiveCfg = Release|x64
		{C4A95487-A440-4955-A9A4-39F11580BD11}.Release|x64.Build.0 = Release|x64
		{C4A95487-A440-4955-A9A4-39F11580BD11}.Release|x86.ActiveCfg = Release|Win32
		{C4A95487-A440-4955-A9A4-39F11580BD11}.Release|x86.Build.0 = Release|Win32
		{D72F8654-7DEC-42D6-8977-9FCAE5B7A414}.Debug|Any CPU.ActiveCfg = Debug|x64
		{D72F8654-7DEC-42D6-8977-9FCAE5B7A414}.Debug|Any CPU.Build.0 = Debug|x64
		{D72F8654-7DEC-42D6-8977-9FCAE5B7A414}.Debug|x64.ActiveCfg = Debug|x64
		{D72F8654-7DEC-42D6-8977-9FCAE5B7A414}.Debug|x64.Build.0 = Debug|x64
		{D72F8654-7DEC-42D6-8977-9FCAE5B7A414}.Debug|x86.ActiveCfg = Debug|Win32
		{D72F8654-7DEC-42D6-8977-9FCAE5B7A414}.Debug|x86.Build.0 = Debug|Win32
		{D72F8654-7DEC-42D6-8977-9FCAE5B7A414}.Release|Any CPU.ActiveCfg = Release|x64
		{D72F8654-7DEC-42D6-8977-9FCAE5B7A414}.Release|Any CPU.Build.0 = Release|x64
		{D72F8654-7DEC-42D6-8977-9FCAE5B7A414}.Release|x64.ActiveCfg = Release|x64
		{D72F8654-7DEC-42D6-8977-9FCAE5B7A414}.Release|x64.Build.0 = Release|x64
		{D72F8654-7DEC-42D6-8977-9FCAE5B7A414}.Release|x86.ActiveCfg = Release|Win32
		{D72F8654-7DEC-42D6-8977-9FCAE5B7A414}.Release|x86.Build.0 = Release|Win32
		{322DE427-0E40-416F-AB50-18BBA382D386}.Debug|Any CPU.ActiveCfg = Debug|x64
		{322DE427-0E40-416F-AB50-18BBA382D386}.Debug|Any CPU.Build.0 = Debug|x64
		{322DE427-0E40-416F-AB50-18BBA382D386}.Debug|x64.ActiveCfg = Debug|x64
		{322DE427-0E40-416F-AB50-18BBA382D386}.Debug|x64.Build.0 = Debug|x64
		{322DE427-0E40-416F-AB50-18BBA382D386}.Debug|x86.ActiveCfg = Debug|Win32
		{322DE427-0E40-416F-AB50-18BBA382D386}.Debug|x86.Build.0 = Debug|Win32
		{322DE427-0E40-416F-AB50-18BBA382D386}.Release|Any CPU.ActiveCfg = Release|x64
		{322DE427-0E40-416F-AB50-18BBA382D386}.Release|Any CPU.Build.0 = Release|x64
		{322DE427-0E40-416F-AB50-18BBA382D386}.Release|x64.ActiveCfg = Release|x64
		{322DE427-0E40-416F-AB50-18BBA382D386}.Release|x64.Build.0 = Release|x64
		{322DE427-0E40-416F-AB50-18BBA382D386}.Release|x86.ActiveCfg = Release|Win32
		{322DE427-0E40-416F-AB50-18BBA382D386}.Release|x86.Build.0 = Release|Win32
		{6E769E8F-0322-463D-9CE8-2BA284C75E7C}.Debug|Any CPU.ActiveCfg = Debug|x64
		{6E769E8F-0322-463D-9CE8-2BA284C75E7C}.Debug|Any CPU.Build.0 = Debug|x64
		{6E769E8F-0322-463D-9CE8-2BA284C75E7C}.Debug|x64.ActiveCfg = Debug|x64
		{6E769E8F-0322-463D-9CE8-2BA284C75E7C}.Debug|x64.Build.0 = Debug|x64
		{6E769E8F-0322-463D-9CE8-2BA284C75E7C}.Debug|x86.ActiveCfg = Debug|Win32
		{6E769E8F-0322-463D-9CE8-2BA284C75E7C}.Debug|x86.Build.0 = Debug|Win32
		{6E769E8F-0322-463D-9CE8-2BA284C75E7C}.Release|Any CPU.ActiveCfg = Release|x64
		{6E769E8F-0322-463D-9CE8-2BA284C75E7C}.Release|Any CPU.Build.0 = Release|x64
		{6E769E8F-0322-463D-9CE8-2BA284C75E7C}.Release|x64.ActiveCfg = Release|x64
		{6E769E8F-0322-463D-9CE8-2BA284C75E7C}.Release|x64.Build.0 = Release|x64
		{6E769E8F-0322-463D-9CE8-2BA284C75E7C}.Release|x86.ActiveCfg = Release|Win32
		{6E769E8F-0322-463D-9CE8-2BA284C75E7C}.Release|x86.Build.0 = Release|Win32
		{4773F919-B096-4AEC-83C9-37DAA95001DF}.Debug|Any CPU.ActiveCfg = Debug|x64
		{4773F919-B096-4AEC-83C9-37DAA95001DF}.Debug|Any CPU.Build.0 = Debug|x64
		{4773F919-B096-4AEC-83C9-37DAA95001DF}.Debug|x64.ActiveCfg = Debug|x64
		{4773F919-B096-4AEC-83C9-37DAA95001DF}.Debug|x64.Build.0 = Debug|x64
		{4773F919-B096-4AEC-83C9-37DAA95001DF}.Debug|x86.ActiveCfg = Debug|Win32
		{4773F919-B096-4AEC-83C9-37DAA95001DF}.Debug|x86.Build.0 = Debug|Win32
		{4773F919-B096-4AEC-83C9-37DAA95001DF}.Release|Any CPU.ActiveCfg = Release|x64
		{4773F919-B096-4AEC-83C9-37DAA95001DF}.Release|Any CPU.Build.0 = Release|x64
		{4773F919-B096-4AEC-83C9-37DAA95001DF}.Release|x64.ActiveCfg = Release|x64
		{4773F919-B096-4AEC-83C9-37DAA95001DF}.Release|x64.Build.0 = Release|x64
		{4773F919-B096-4AEC-83C9-37DAA95001DF}.Release|x86.ActiveCfg = Release|Win32
		{4773F919-B096-4AEC-83C9-37DAA95001DF}.Release|x86.Build.0 = Release|Win32
		{77001C89-B962-4ED8-9622-CFA8B7F0AA8F}.Debug|Any CPU.ActiveCfg = Debug|x64
		{77001C89-B962-4ED8-9622-CFA8B7F0AA8F}.Debug|Any CPU.Build.0 = Debug|x64
		{77001C89-B962-4ED8-9622-CFA8B7F0AA8F}.Debug|x64.ActiveCfg = Debug|x64
		{77001C89-B962-4ED8-9622-CFA8B7F0AA8F}.Debug|x64.Build.0 = Debug|x64
		{77001C89-B962-4ED8-9622-CFA8B7F0AA8F}.Debug|x86.ActiveCfg = Debug|Win32
		{77001C89-B962-4ED8-9622-CFA8B7F0AA8F}.Debug|x86.Build.0 = Debug|Win32
		{77001C89-B962-4ED8-9622-CFA8B7F0AA8F}.Release|Any CPU.ActiveCfg = Release|x64
		{77001C89-B962-4ED8-9622-CFA8B7F0AA8F}.Release|Any CPU.Build.0 = Release|x64
		{77001C89-B962-4ED8-9622-CFA8B7F0AA8F}.Release|x64.ActiveCfg = Release|x64
		{77001C89-B962-4ED8-9622-CFA8B7F0AA8F}.Release|x64.Build.0 = Release|x64
		{77001C89-B962-4ED8-9622-CFA8B7F0AA8F}.Release|x86.ActiveCfg = Release|Win32
		{77001C89-B962-4ED8-9622-CFA8B7F0AA8F}.Release|x86.Build.0 = Release|Win32
		{2CB1D99F-5367-4825-988D-C65B488D5616}.Debug|Any CPU.ActiveCfg = Debug|x64
		{2CB1D99F-5367-4825-988D-C65B488D5616}.Debug|Any CPU.Build.0 = Debug|x64
		{2CB1D99F-5367-4825-988D-C65B488D5616}.Debug|x64.ActiveCfg = Debug|x64
		{2CB1D99F-5367-4825-988D-C65B488D5616}.Debug|x64.Build.0 = Debug|x64
		{2CB1D99F-5367-4825-988D-C65B488D5616}.Debug|x86.ActiveCfg = Debug|Win32
		{2CB1D99F-5367-4825-988D-C65B488D5616}.Debug|x86.Build.0 = Debug|Win32
		{2CB1D99F-5367-4825-988D-C65B488D5616}.Release|Any CPU.ActiveCfg = Release|x64
		{2CB1D99F-5367-4825-988D-C65B488D5616}.Release|Any CPU.Build.0 = Release|x64
		{2CB1D99F-5367-4825-988D-C65B488D5616}.Release|x64.ActiveCfg = Release|x64
		{2CB1D99F-5367-4825-988D-C65B488D5616}.Release|x64.Build.0 = Release|x64
		{2CB1D99F-5367-4825-988D-C65B488D5616}.Release|x86.ActiveCfg = Release|Win32
		{2CB1D99F-5367-4825-988D-C65B488D5616}.Release|x86.Build.0 = Release|Win32
		{7AB60E34-7AAE-48BA-8D2C-73CFF05607B1}.Debug|Any CPU.ActiveCfg = Debug|x64
		{7AB60E34-7AAE-48BA-8D2C-73CFF05607B1}.Debug|Any CPU.Build.0 = Debug|x64
		{7AB60E34-7AAE-48BA-8D2C-73CFF05607B1}.Debug|x64.ActiveCfg = Debug|x64
		{7AB60E34-7AAE-48BA-8D2C-73CFF05607B1}.Debug|x64.Build.0 = Debug|x64
		{7AB60E34-7AAE-48BA-8D2C-73CFF05607B1}.Debug|x86.ActiveCfg = Debug|Win32
		{7AB60E34-7AAE-48BA-8D2C-73CFF05607B1}.Debug|x86.Build.0 = Debug|Win32
		{7AB60E34-7AAE-48BA-8D2C-73CFF05607B1}.Release|Any CPU.ActiveCfg = Release|x64
		{7AB60E34-7AAE-48BA-8D2C-73CFF05607B1}.Release|Any CPU.Build.0 = Release|x64
		{7AB60E34-7AAE-48BA-8D2C-73CFF05607B1}.Release|x64.ActiveCfg = Release|x64
		{7AB60E34-7AAE-48BA-8D2C-73CFF05607B1}.Release|x64.Build.0 = Release|x64
		{7AB60E34-7AAE-48BA-8D2C-73CFF05607B1}.Release|x86.ActiveCfg = Release|Win32
		{7AB60E34-7AAE-48BA-8D2C-73CFF05607B1}.Release|x86.Build.0 = Release|Win32
		{365A1CBF-39CB-428D-B154-76431A40FA9B}.Debug|Any CPU.ActiveCfg = Debug|x64
		{365A1CBF-39CB-428D-B154-76431A40FA9B}.Debug|Any CPU.Build.0 = Debug|x64
		{365A1CBF-39CB-428D-B154-76431A40FA9B}.Debug|x64.ActiveCfg = Debug|x64
		{365A1CBF-39CB-428D-B154-76431A40FA9B}.Debug|x64.Build.0 = Debug|x64
		{365A1CBF-39CB-428D-B154-76431A40FA9B}.Debug|x86.ActiveCfg = Debug|Win32
		{365A1CBF-39CB-428D-B154-76431A40FA9B}.Debug|x86.Build.0 = Debug|Win32
		{365A1CBF-39CB-428D-B154-76431A40FA9B}.Release|Any CPU.ActiveCfg = Release|x64
		{365A1CBF-39CB-428D-B154-76431A40FA9B}.Release|Any CPU.Build.0 = Release|x64
		{365A1CBF-39CB-428D-B154-76431A40FA9B}.Release|x64.ActiveCfg = Release|x64
		{365A1CBF-39CB-428D-B154-76431A40FA9B}.Release|x64.Build.0 = Release|x64
		{365A1CBF-39CB-428D-B154-76431A40FA9B}.Release|x86.ActiveCfg = Release|Win32
		{365A1CBF-39CB-428D-B154-76431A40FA9B}.Release|x86.Build.0 = Release|Win32
		{3F6831C2-1C91-4CB7-9C24-80CA589DED5B}.Debug|Any CPU.ActiveCfg = Debug|x64
		{3F6831C2-1C91-4CB7-9C24-80CA589DED5B}.Debug|Any CPU.Build.0 = Debug|x64
		{3F6831C2-1C91-4CB7-9C24-80CA589DED5B}.Debug|x64.ActiveCfg = Debug|x64
		{3F6831C2-1C91-4CB7-9C24-80CA589DED5B}.Debug|x64.Build.0 = Debug|x64
		{3F6831C2-1C91-4CB7-9C24-80CA589DED5B}.Debug|x86.ActiveCfg = Debug|Win32
		{3F6831C2-1C91-4CB7-9C24-80CA589DED5B}.Debug|x86.Build.0 = Debug|Win32
		{3F6831C2-1C91-4CB7-9C24-80CA589DED5B}.Release|Any CPU.ActiveCfg = Release|x64
		{3F6831C2-1C91-4CB7-9C24-80CA589DED5B}.Release|Any CPU.Build.0 = Release|x64
		{3F6831C2-1C91-4CB7-9C24-80CA589DED5B}.Release|x64.ActiveCfg = Release|x64
		{3F6831C2-1C91-4CB7-9C24-80CA589DED5B}.Release|x64.Build.0 = Release|x64
		{3F6831C2-1C91-4CB7-9C24-80CA589DED5B}.Release|x86.ActiveCfg = Release|Win32
		{3F6831C2-1C91-4CB7-9C24-80CA589DED5B}.Release|x86.Build.0 = Release|Win32
		{205F93D0-2783-4D17-B7F8-9549ACC78E49}.Debug|Any CPU.ActiveCfg = Debug|x64
		{205F93D0-2783-4D17-B7F8-9549ACC78E49}.Debug|Any CPU.Build.0 = Debug|x64
		{205F93D0-2783-4D17-B7F8-9549ACC78E49}.Debug|x64.ActiveCfg = Debug|x64
		{205F93D0-2783-4D17-B7F8-9549ACC78E49}.Debug|x64.Build.0 = Debug|x64
		{205F93D0-2783-4D17-B7F8-9549ACC78E49}.Debug|x86.ActiveCfg = Debug|Win32
		{205F93D0-2783-4D17-B7F8-9549ACC78E49}.Debug|x86.Build.0 = Debug|Win32
		{205F93D0-2783-4D17-B7F8-9549ACC78E49}.Release|Any CPU.ActiveCfg = Release|x64
		{205F93D0-2783-4D17-B7F8-9549ACC78E49}.Release|Any CPU.Build.0 = Release|x64
		{205F93D0-2783-4D17-B7F8-9549ACC78E49}.Release|x64.ActiveCfg = Release|x64
		{205F93D0-2783-4D17-B7F8-9549ACC78E49}.Release|x64.Build.0 = Release|x64
		{205F93D0-2783-4D17-B7F8-9549ACC78E49}.Release|x86.ActiveCfg = Release|Win32
		{205F93D0-2783-4D17-B7F8-9549ACC78E49}.Release|x86.Build.0 = Release|Win32
		{AEBA9581-CE20-410A-A032-07B5B6C74587}.Debug|Any CPU.ActiveCfg = Debug|x64
		{AEBA9581-CE20-410A-A032-07B5B6C74587}.Debug|Any CPU.Build.0 = Debug|x64
		{AEBA9581-CE20-410A-A032-07B5B6C74587}.Debug|x64.ActiveCfg = Debug|x64
		{AEBA9581-CE20-410A-A032-07B5B6C74587}.Debug|x64.Build.0 = Debug|x64
		{AEBA9581-CE20-410A-A032-07B5B6C74587}.Debug|x86.ActiveCfg = Debug|Win32
		{AEBA9581-CE20-410A-A032-07B5B6C74587}.Debug|x86.Build.0 = Debug|Win32
		{AEBA9581-CE20-410A-A032-07B5B6C74587}.Release|Any CPU.ActiveCfg = Release|x64
		{AEBA9581-CE20-410A-A032-07B5B6C74587}.Release|Any CPU.Build.0 = Release|x64
		{AEBA9581-CE20-410A-A032-07B5B6C74587}.Release|x64.ActiveCfg = Release|x64
		{AEBA9581-CE20-410A-A032-07B5B6C74587}.Release|x64.Build.0 = Release|x64
		{AEBA9581-CE20-410A-A032-07B5B6C74587}.Release|x86.ActiveCfg = Release|Win32
		{AEBA9581-CE20-410A-A032-07B5B6C74587}.Release|x86.Build.0 = Release|Win32
		{18CC442B-50EF-449B-9562-B2556C2405D3}.Debug|Any CPU.ActiveCfg = Debug|x64
		{18CC442B-50EF-449B-9562-B2556C2405D3}.Debug|Any CPU.Build.0 = Debug|x64
		{18CC442B-50EF-449B-9562-B2556C2405D3}.Debug|x64.ActiveCfg = Debug|x64
		{18CC442B-50EF-449B-9562-B2556C2405D3}.Debug|x64.Build.0 = Debug|x64
		{18CC442B-50EF-449B-9562-B2556C2405D3}.Debug|x86.ActiveCfg = Debug|Win32
		{18CC442B-50EF-449B-9562-B2556C2405D3}.Debug|x86.Build.0 = Debug|Win32
		{18CC442B-50EF-449B-9562-B2556C2405D3}.Release|Any CPU.ActiveCfg = Release|x64
		{18CC442B-50EF-449B-9562-B2556C2405D3}.Release|Any CPU.Build.0 = Release|x64
		{18CC442B-50EF-449B-9562-B2556C2405D3}.Release|x64.ActiveCfg = Release|x64
		{18CC442B-50EF-449B-9562-B2556C2405D3}.Release|x64.Build.0 = Release|x64
		{18CC442B-50EF-449B-9562-B2556C2405D3}.Release|x86.ActiveCfg = Release|Win32
		{18CC442B-50EF-449B-9562-B2556C2405D3}.Release|x86.Build.0 = Release|Win32
		{4F98790B-6906-47EE-BE6D-36EAC3214CA0}.Debug|Any CPU.ActiveCfg = Debug|x64
		{4F98790B-6906-47EE-BE6D-36EAC3214CA0}.Debug|Any CPU.Build.0 = Debug|x64
		{4F98790B-6906-47EE-BE6D-36EAC3214CA0}.Debug|x64.ActiveCfg = Debug|x64
		{4F98790B-6906-47EE-BE6D-36EAC3214CA0}.Debug|x64.Build.0 = Debug|x64
		{4F98790B-6906-47EE-BE6D-36EAC3214CA0}.Debug|x86.ActiveCfg = Debug|Win32
		{4F98790B-6906-47EE-BE6D-36EAC3214CA0}.Debug|x86.Build.0 = Debug|Win32
		{4F98790B-6906-47EE-BE6D-36EAC3214CA0}.Release|Any CPU.ActiveCfg = Release|x64
		{4F98790B-6906-47EE-BE6D-36EAC3214CA0}.Release|Any CPU.Build.0 = Release|x64
		{4F98790B-6906-47EE-BE6D-36EAC3214CA0}.Release|x64.ActiveCfg = Release|x64
		{4F98790B-6906-47EE-BE6D-36EAC3214CA0}.Release|x64.Build.0 = Release|x64
		{4F98790B-6906-47EE-BE6D-36EAC3214CA0}.Release|x86.ActiveCfg = Release|Win32
		{4F98790B-6906-47EE-BE6D-36EAC3214CA0}.Release|x86.Build.0 = Release|Win32
		{2191C94D-CD71-4C01-9E60-E8372EF120B1}.Debug|Any CPU.ActiveCfg = Debug|x64
		{2191C94D-CD71-4C01-9E60-E8372EF120B1}.Debug|Any CPU.Build.0 = Debug|x64
		{2191C94D-CD71-4C01-9E60-E8372EF120B1}.Debug|x64.ActiveCfg = Debug|x64
		{2191C94D-CD71-4C01-9E60-E8372EF120B1}.Debug|x64.Build.0 = Debug|x64
		{2191C94D-CD71-4C01-9E60-E8372EF120B1}.Debug|x86.ActiveCfg = Debug|Win32
		{2191C94D-CD71-4C01-9E60-E8372EF120B1}.Debug|x86.Build.0 = Debug|Win32
		{2191C94D-CD71-4C01-9E60-E8372EF120B1}.Release|Any CPU.ActiveCfg = Release|x64
		{2191C94D-CD71-4C01-9E60-E8372EF120B1}.Release|Any CPU.Build.0 = Release|x64
		{2191C94D-CD71-4C01-9E60-E8372EF120B1}.Release|x64.ActiveCfg = Release|x64
		{2191C94D-CD71-4C01-9E60-E8372EF120B1}.Release|x64.Build.0 = Release|x64
		{2191C94D-CD71-4C01-9E60-E8372EF120B1}.Release|x86.ActiveCfg = Release|Win32
		{2191C94D-CD71-4C01-9E60-E8372EF120B1}.Release|x86.Build.0 = Release|Win32
		{6C8E4B46-4682-4A06-8DB6-2C6BFB99253C}.Debug|Any CPU.ActiveCfg = Debug|x64
		{6C8E4B46-4682-4A06-8DB6-2C6BFB99253C}.Debug|Any CPU.Build.0 = Debug|x64
		{6C8E4B46-4682-4A06-8DB6-2C6BFB99253C}.Debug|x64.ActiveCfg = Debug|x64
		{6C8E4B46-4682-4A06-8DB6-2C6BFB99253C}.Debug|x64.Build.0 = Debug|x64
		{6C8E4B46-4682-4A06-8DB6-2C6BFB99253C}.Debug|x86.ActiveCfg = Debug|Win32
		{6C8E4B46-4682-4A06-8DB6-2C6BFB99253C}.Debug|x86.Build.0 = Debug|Win32
		{6C8E4B46-4682-4A06-8DB6-2C6BFB99253C}.Release|Any CPU.ActiveCfg = Release|x64
		{6C8E4B46-4682-4A06-8DB6-2C6BFB99253C}.Release|Any CPU.Build.0 = Release|x64
		{6C8E4B46-4682-4A06-8DB6-2C6BFB99253C}.Release|x64.ActiveCfg = Release|x64
		{6C8E4B46-4682-4A06-8DB6-2C6BFB99253C}.Release|x64.Build.0 = Release|x64
		{6C8E4B46-4682-4A06-8DB6-2C6BFB99253C}.Release|x86.ActiveCfg = Release|Win32
		{6C8E4B46-4682-4A06-8DB6-2C6BFB99253C}.Release|x86.Build.0 = Release|Win32
		{DA0E0755-7FDE-4953-8DA3-F589F24E4B01}.Debug|Any CPU.ActiveCfg = Debug|x64
		{DA0E0755-7FDE-4953-8DA3-F589F24E4B01}.Debug|Any CPU.Build.0 = Debug|x64
		{DA0E0755-7FDE-4953-8DA3-F589F24E4B01}.Debug|x64.ActiveCfg = Debug|x64
		{DA0E0755-7FDE-4953-8DA3-F589F24E4B01}.Debug|x64.Build.0 = Debug|x64
		{DA0E0755-7FDE-4953-8DA3-F589F24E4B01}.Debug|x86.ActiveCfg = Debug|Win32
		{DA0E0755-7FDE-4953-8DA3-F589F24E4B01}.Debug|x86.Build.0 = Debug|Win32
		{DA0E0755-7FDE-4953-8DA3-F589F24E4B01}.Release|Any CPU.ActiveCfg = Release|x64
		{DA0E0755-7FDE-4953-8DA3-F589F24E4B01}.Release|Any CPU.Build.0 = Release|x64
		{DA0E0755-7FDE-4953-8DA3-F589F24E4B01}.Release|x64.ActiveCfg = Release|x64
		{DA0E0755-7FDE-4953-8DA3-F589F24E4B01}.Release|x64.Build.0 = Release|x64
		{DA0E0755-7FDE-4953-8DA3-F589F24E4B01}.Release|x86.ActiveCfg = Release|Win32
		{DA0E0755-7FDE-4953-8DA3-F589F24E4B01}.Release|x86.Build.0 = Release|Win32
		{4A267713-48DE-4205-86C6-80CA2EBC5EF1}.Debug|Any CPU.ActiveCfg = Debug|x64
		{4A267713-48DE-4205-86C6-80CA2EBC5EF1}.Debug|Any CPU.Build.0 = Debug|x64
		{4A267713-48DE-4205-86C6-80CA2EBC5EF1}.Debug|x64.ActiveCfg = Debug|x64
		{4A267713-48DE-4205-86C6-80CA2EBC5EF1}.Debug|x64.Build.0 = Debug|x64
		{4A267713-48DE-4205-86C6-80CA2EBC5EF1}.Debug|x86.ActiveCfg = Debug|Win32
		{4A267713-48DE-4205-86C6-80CA2EBC5EF1}.Debug|x86.Build.0 = Debug|Win32
		{4A267713-48DE-4205-86C6-80CA2EBC5EF1}.Release|Any CPU.ActiveCfg = Release|x64
		{4A267713-48DE-4205-86C6-80CA2EBC5EF1}.Release|Any CPU.Build.0 = Release|x64
		{4A267713-48DE-4205-86C6-80CA2EBC5EF1}.Release|x64.ActiveCfg = Release|x64
		{4A267713-48DE-4205-86C6-80CA2EBC5EF1}.Release|x64.Build.0 = Release|x64
		{4A267713-48DE-4205-86C6-80CA2EBC5EF1}.Release|x86.ActiveCfg = Release|Win32
		{4A267713-48DE-4205-86C6-80CA2EBC5EF1}.Release|x86.Build.0 = Release|Win32
		{744B7818-6DC2-40CF-9571-5F98EBBFCC5A}.Debug|Any CPU.ActiveCfg = Debug|x64
		{744B7818-6DC2-40CF-9571-5F98EBBFCC5A}.Debug|Any CPU.Build.0 = Debug|x64
		{744B7818-6DC2-40CF-9571-5F98EBBFCC5A}.Debug|x64.ActiveCfg = Debug|x64
		{744B7818-6DC2-40CF-9571-5F98EBBFCC5A}.Debug|x64.Build.0 = Debug|x64
		{744B7818-6DC2-40CF-9571-5F98EBBFCC5A}.Debug|x86.ActiveCfg = Debug|Win32
		{744B7818-6DC2-40CF-9571-5F98EBBFCC5A}.Debug|x86.Build.0 = Debug|Win32
		{744B7818-6DC2-40CF-9571-5F98EBBFCC5A}.Release|Any CPU.ActiveCfg = Release|x64
		{744B7818-6DC2-40CF-9571-5F98EBBFCC5A}.Release|Any CPU.Build.0 = Release|x64
		{744B7818-6DC2-40CF-9571-5F98EBBFCC5A}.Release|x64.ActiveCfg = Release|x64
		{744B7818-6DC2-40CF-9571-5F98EBBFCC5A}.Release|x64.Build.0 = Release|x64
		{744B7818-6DC2-40CF-9571-5F98EBBFCC5A}.Release|x86.ActiveCfg = Release|Win32
		{744B7818-6DC2-40CF-9571-5F98EBBFCC5A}.Release|x86.Build.0 = Release|Win32
		{F366E7F2-82E3-4C33-9E1C-C1931F682DFB}.Debug|Any CPU.ActiveCfg = Debug|x64
		{F366E7F2-82E3-4C33-9E1C-C1931F682DFB}.Debug|Any CPU.Build.0 = Debug|x64
		{F366E7F2-82E3-4C33-9E1C-C1931F682DFB}.Debug|x64.ActiveCfg = Debug|x64
		{F366E7F2-82E3-4C33-9E1C-C1931F682DFB}.Debug|x64.Build.0 = Debug|x64
		{F366E7F2-82E3-4C33-9E1C-C1931F682DFB}.Debug|x86.ActiveCfg = Debug|Win32
		{F366E7F2-82E3-4C33-9E1C-C1931F682DFB}.Debug|x86.Build.0 = Debug|Win32
		{F366E7F2-82E3-4C33-9E1C-C1931F682DFB}.Release|Any CPU.ActiveCfg = Release|x64
		{F366E7F2-82E3-4C33-9E1C-C1931F682DFB}.Release|Any CPU.Build.0 = Release|x64
		{F366E7F2-82E3-4C33-9E1C-C1931F682DFB}.Release|x64.ActiveCfg = Release|x64
		{F366E7F2-82E3-4C33-9E1C-C1931F682DFB}.Release|x64.Build.0 = Release|x64
		{F366E7F2-82E3-4C33-9E1C-C1931F682DFB}.Release|x86.ActiveCfg = Release|Win32
		{F366E7F2-82E3-4C33-9E1C-C1931F682DFB}.Release|x86.Build.0 = Release|Win32
		{B412C916-2EEF-41C0-88FF-407FA0CF8786}.Debug|Any CPU.ActiveCfg = Debug|x64
		{B412C916-2EEF-41C0-88FF-407FA0CF8786}.Debug|Any CPU.Build.0 = Debug|x64
		{B412C916-2EEF-41C0-88FF-407FA0CF8786}.Debug|x64.ActiveCfg = Debug|x64
		{B412C916-2EEF-41C0-88FF-407FA0CF8786}.Debug|x64.Build.0 = Debug|x64
		{B412C916-2EEF-41C0-88FF-407FA0CF8786}.Debug|x86.ActiveCfg = Debug|Win32
		{B412C916-2EEF-41C0-88FF-407FA0CF8786}.Debug|x86.Build.0 = Debug|Win32
		{B412C916-2EEF-41C0-88FF-407FA0CF8786}.Release|Any CPU.ActiveCfg = Release|x64
		{B412C916-2EEF-41C0-88FF-407FA0CF8786}.Release|Any CPU.Build.0 = Release|x64
		{B412C916-2EEF-41C0-88FF-407FA0CF8786}.Release|x64.ActiveCfg = Release|x64
		{B412C916-2EEF-41C0-88FF-407FA0CF8786}.Release|x64.Build.0 = Release|x64
		{B412C916-2EEF-41C0-88FF-407FA0CF8786}.Release|x86.ActiveCfg = Release|Win32
		{B412C916-2EEF-41C0-88FF-407FA0CF8786}.Release|x86.Build.0 = Release|Win32
		{A8D92E10-83F6-4FE5-BA72-CA2C99CEA10E}.Debug|Any CPU.ActiveCfg = Debug|x64
		{A8D92E10-83F6-4FE5-BA72-CA2C99CEA10E}.Debug|Any CPU.Build.0 = Debug|x64
		{A8D92E10-83F6-4FE5-BA72-CA2C99CEA10E}.Debug|x64.ActiveCfg = Debug|x64
		{A8D92E10-83F6-4FE5-BA72-CA2C99CEA10E}.Debug|x64.Build.0 = Debug|x64
		{A8D92E10-83F6-4FE5-BA72-CA2C99CEA10E}.Debug|x86.ActiveCfg = Debug|Win32
		{A8D92E10-83F6-4FE5-BA72-CA2C99CEA10E}.Debug|x86.Build.0 = Debug|Win32
		{A8D92E10-83F6-4FE5-BA72-CA2C99CEA10E}.Release|Any CPU.ActiveCfg = Release|x64
		{A8D92E10-83F6-4FE5-BA72-CA2C99CEA10E}.Release|Any CPU.Build.0 = Release|x64
		{A8D92E10-83F6-4FE5-BA72-CA2C99CEA10E}.Release|x64.ActiveCfg = Release|x64
		{A8D92E10-83F6-4FE5-BA72-CA2C99CEA10E}.Release|x64.Build.0 = Release|x64
		{A8D92E10-83F6-4FE5-BA72-CA2C99CEA10E}.Release|x86.ActiveCfg = Release|Win32
		{A8D92E10-83F6-4FE5-BA72-CA2C99CEA10E}.Release|x86.Build.0 = Release|Win32
		{CE53D34B-2751-4B46-980B-F94DF359064E}.Debug|Any CPU.ActiveCfg = Debug|x64
		{CE53D34B-2751-4B46-980B-F94DF359064E}.Debug|Any CPU.Build.0 = Debug|x64
		{CE53D34B-2751-4B46-980B-F94DF359064E}.Debug|x64.ActiveCfg = Debug|x64
		{CE53D34B-2751-4B46-980B-F94DF359064E}.Debug|x64.Build.0 = Debug|x64
		{CE53D34B-2751-4B46-980B-F94DF359064E}.Debug|x86.ActiveCfg = Debug|Win32
		{CE53D34B-2751-4B46-980B-F94DF359064E}.Debug|x86.Build.0 = Debug|Win32
		{CE53D34B-2751-4B46-980B-F94DF359064E}.Release|Any CPU.ActiveCfg = Release|x64
		{CE53D34B-2751-4B46-980B-F94DF359064E}.Release|Any CPU.Build.0 = Release|x64
		{CE53D34B-2751-4B46-980B-F94DF359064E}.Release|x64.ActiveCfg = Release|x64
		{CE53D34B-2751-4B46-980B-F94DF359064E}.Release|x64.Build.0 = Release|x64
		{CE53D34B-2751-4B46-980B-F94DF359064E}.Release|x86.ActiveCfg = Release|Win32
		{CE53D34B-2751-4B46-980B-F94DF359064E}.Release|x86.Build.0 = Release|Win32
		{233CECBE-1027-4C92-912E-822A03493939}.Debug|Any CPU.ActiveCfg = Debug|x64
		{233CECBE-1027-4C92-912E-822A03493939}.Debug|Any CPU.Build.0 = Debug|x64
		{233CECBE-1027-4C92-912E-822A03493939}.Debug|x64.ActiveCfg = Debug|x64
		{233CECBE-1027-4C92-912E-822A03493939}.Debug|x64.Build.0 = Debug|x64
		{233CECBE-1027-4C92-912E-822A03493939}.Debug|x86.ActiveCfg = Debug|Win32
		{233CECBE-1027-4C92-912E-822A03493939}.Debug|x86.Build.0 = Debug|Win32
		{233CECBE-1027-4C92-912E-822A03493939}.Release|Any CPU.ActiveCfg = Release|x64
		{233CECBE-1027-4C92-912E-822A03493939}.Release|Any CPU.Build.0 = Release|x64
		{233CECBE-1027-4C92-912E-822A03493939}.Release|x64.ActiveCfg = Release|x64
		{233CECBE-1027-4C92-912E-822A03493939}.Release|x64.Build.0 = Release|x64
		{233CECBE-1027-4C92-912E-822A03493939}.Release|x86.ActiveCfg = Release|Win32
		{233CECBE-1027-4C92-912E-822A03493939}.Release|x86.Build.0 = Release|Win32
		{5326C6EB-8AA7-4784-9836-3C3BA4CBE8DB}.Debug|Any CPU.ActiveCfg = Debug|x64
		{5326C6EB-8AA7-4784-9836-3C3BA4CBE8DB}.Debug|Any CPU.Build.0 = Debug|x64
		{5326C6EB-8AA7-4784-9836-3C3BA4CBE8DB}.Debug|x64.ActiveCfg = Debug|x64
		{5326C6EB-8AA7-4784-9836-3C3BA4CBE8DB}.Debug|x64.Build.0 = Debug|x64
		{5326C6EB-8AA7-4784-9836-3C3BA4CBE8DB}.Debug|x86.ActiveCfg = Debug|Win32
		{5326C6EB-8AA7-4784-9836-3C3BA4CBE8DB}.Debug|x86.Build.0 = Debug|Win32
		{5326C6EB-8AA7-4784-9836-3C3BA4CBE8DB}.Release|Any CPU.ActiveCfg = Release|x64
		{5326C6EB-8AA7-4784-9836-3C3BA4CBE8DB}.Release|Any CPU.Build.0 = Release|x64
		{5326C6EB-8AA7-4784-9836-3C3BA4CBE8DB}.Release|x64.ActiveCfg = Release|x64
		{5326C6EB-8AA7-4784-9836-3C3BA4CBE8DB}.Release|x64.Build.0 = Release|x64
		{5326C6EB-8AA7-4784-9836-3C3BA4CBE8DB}.Release|x86.ActiveCfg = Release|Win32
		{5326C6EB-8AA7-4784-9836-3C3BA4CBE8DB}.Release|x86.Build.0 = Release|Win32
		{5F2F7C9C-8574-461C-88E3-999F1A16FC40}.Debug|Any CPU.ActiveCfg = Debug|x64
		{5F2F7C9C-8574-461C-88E3-999F1A16FC40}.Debug|Any CPU.Build.0 = Debug|x64
		{5F2F7C9C-8574-461C-88E3-999F1A16FC40}.Debug|x64.ActiveCfg = Debug|x64
		{5F2F7C9C-8574-461C-88E3-999F1A16FC40}.Debug|x64.Build.0 = Debug|x64
		{5F2F7C9C-8574-461C-88E3-999F1A16FC40}.Debug|x86.ActiveCfg = Debug|Win32
		{5F2F7C9C-8574-461C-88E3-999F1A16FC40}.Debug|x86.Build.0 = Debug|Win32
		{5F2F7C9C-8574-461C-88E3-999F1A16FC40}.Release|Any CPU.ActiveCfg = Release|x64
		{5F2F7C9C-8574-461C-88E3-999F1A16FC40}.Release|Any CPU.Build.0 = Release|x64
		{5F2F7C9C-8574-461C-88E3-999F1A16FC40}.Release|x64.ActiveCfg = Release|x64
		{5F2F7C9C-8574-461C-88E3-999F1A16FC40}.Release|x64.Build.0 = Release|x64
		{5F2F7C9C-8574-461C-88E3-999F1A16FC40}.Release|x86.ActiveCfg = Release|Win32
		{5F2F7C9C-8574-461C-88E3-999F1A16FC40}.Release|x86.Build.0 = Release|Win32
		{C15088A6-0D22-4E3C-BE3A-AB43F8B8542D}.Debug|Any CPU.ActiveCfg = Debug|x64
		{C15088A6-0D22-4E3C-BE3A-AB43F8B8542D}.Debug|Any CPU.Build.0 = Debug|x64
		{C15088A6-0D22-4E3C-BE3A-AB43F8B8542D}.Debug|x64.ActiveCfg = Debug|x64
		{C15088A6-0D22-4E3C-BE3A-AB43F8B8542D}.Debug|x64.Build.0 = Debug|x64
		{C15088A6-0D22-4E3C-BE3A-AB43F8B8542D}.Debug|x86.ActiveCfg = Debug|Win32
		{C15088A6-0D22-4E3C-BE3A-AB43F8B8542D}.Debug|x86.Build.0 = Debug|Win32
		{C15088A6-0D22-4E3C-BE3A-AB43F8B8542D}.Release|Any CPU.ActiveCfg = Release|x64
		{C15088A6-0D22-4E3C-BE3A-AB43F8B8542D}.Release|Any CPU.Build.0 = Release|x64
		{C15088A6-0D22-4E3C-BE3A-AB43F8B8542D}.Release|x64.ActiveCfg = Release|x64
		{C15088A6-0D22-4E3C-BE3A-AB43F8B8542D}.Release|x64.Build.0 = Release|x64
		{C15088A6-0D22-4E3C-BE3A-AB43F8B8542D}.Release|x86.ActiveCfg = Release|Win32
		{C15088A6-0D22-4E3C-BE3A-AB43F8B8542D}.Release|x86.Build.0 = Release|Win32
		{5C0DFD2F-F484-4C9A-895D-C085503D4738}.Debug|Any CPU.ActiveCfg = Debug|x64
		{5C0DFD2F-F484-4C9A-895D-C085503D4738}.Debug|Any CPU.Build.0 = Debug|x64
		{5C0DFD2F-F484-4C9A-895D-C085503D4738}.Debug|x64.ActiveCfg = Debug|x64
		{5C0DFD2F-F484-4C9A-895D-C085503D4738}.Debug|x64.Build.0 = Debug|x64
		{5C0DFD2F-F484-4C9A-895D-C085503D4738}.Debug|x86.ActiveCfg = Debug|Win32
		{5C0DFD2F-F484-4C9A-895D-C085503D4738}.Debug|x86.Build.0 = Debug|Win32
		{5C0DFD2F-F484-4C9A-895D-C085503D4738}.Release|Any CPU.ActiveCfg = Release|x64
		{5C0DFD2F-F484-4C9A-895D-C085503D4738}.Release|Any CPU.Build.0 = Release|x64
		{5C0DFD2F-F484-4C9A-895D-C085503D4738}.Release|x64.ActiveCfg = Release|x64
		{5C0DFD2F-F484-4C9A-895D-C085503D4738}.Release|x64.Build.0 = Release|x64
		{5C0DFD2F-F484-4C9A-895D-C085503D4738}.Release|x86.ActiveCfg = Release|Win32
		{5C0DFD2F-F484-4C9A-895D-C085503D4738}.Release|x86.Build.0 = Release|Win32
		{E903115C-1656-40FE-830B-14A2E2CAFA63}.Debug|Any CPU.ActiveCfg = Debug|x64
		{E903115C-1656-40FE-830B-14A2E2CAFA63}.Debug|Any CPU.Build.0 = Debug|x64
		{E903115C-1656-40FE-830B-14A2E2CAFA63}.Debug|x64.ActiveCfg = Debug|x64
		{E903115C-1656-40FE-830B-14A2E2CAFA63}.Debug|x64.Build.0 = Debug|x64
		{E903115C-1656-40FE-830B-14A2E2CAFA63}.Debug|x86.ActiveCfg = Debug|Win32
		{E903115C-1656-40FE-830B-14A2E2CAFA63}.Debug|x86.Build.0 = Debug|Win32
		{E903115C-1656-40FE-830B-14A2E2CAFA63}.Release|Any CPU.ActiveCfg = Release|x64
		{E903115C-1656-40FE-830B-14A2E2CAFA63}.Release|Any CPU.Build.0 = Release|x64
		{E903115C-1656-40FE-830B-14A2E2CAFA63}.Release|x64.ActiveCfg = Release|x64
		{E903115C-1656-40FE-830B-14A2E2CAFA63}.Release|x64.Build.0 = Release|x64
		{E903115C-1656-40FE-830B-14A2E2CAFA63}.Release|x86.ActiveCfg = Release|Win32
		{E903115C-1656-40FE-830B-14A2E2CAFA63}.Release|x86.Build.0 = Release|Win32
		{40A309BC-BB3B-4CA4-A1CB-A8830E02063E}.Debug|Any CPU.ActiveCfg = Debug|x64
		{40A309BC-BB3B-4CA4-A1CB-A8830E02063E}.Debug|Any CPU.Build.0 = Debug|x64
		{40A309BC-BB3B-4CA4-A1CB-A8830E02063E}.Debug|x64.ActiveCfg = Debug|x64
		{40A309BC-BB3B-4CA4-A1CB-A8830E02063E}.Debug|x64.Build.0 = Debug|x64
		{40A309BC-BB3B-4CA4-A1CB-A8830E02063E}.Debug|x86.ActiveCfg = Debug|Win32
		{40A309BC-BB3B-4CA4-A1CB-A8830E02063E}.Debug|x86.Build.0 = Debug|Win32
		{40A309BC-BB3B-4CA4-A1CB-A8830E02063E}.Release|Any CPU.ActiveCfg = Release|x64
		{40A309BC-BB3B-4CA4-A1CB-A8830E02063E}.Release|Any CPU.Build.0 = Release|x64
		{40A309BC-BB3B-4CA4-A1CB-A8830E02063E}.Release|x64.ActiveCfg = Release|x64
		{40A309BC-BB3B-4CA4-A1CB-A8830E02063E}.Release|x64.Build.0 = Release|x64
		{40A309BC-BB3B-4CA4-A1CB-A8830E02063E}.Release|x86.ActiveCfg = Release|Win32
		{40A309BC-BB3B-4CA4-A1CB-A8830E02063E}.Release|x86.Build.0 = Release|Win32
		{07CC2977-85C0-49B0-89C5-A824F060F4C5}.Debug|Any CPU.ActiveCfg = Debug|x64
		{07CC2977-85C0-49B0-89C5-A824F060F4C5}.Debug|Any CPU.Build.0 = Debug|x64
		{07CC2977-85C0-49B0-89C5-A824F060F4C5}.Debug|x64.ActiveCfg = Debug|x64
		{07CC2977-85C0-49B0-89C5-A824F060F4C5}.Debug|x64.Build.0 = Debug|x64
		{07CC2977-85C0-49B0-89C5-A824F060F4C5}.Debug|x86.ActiveCfg = Debug|Win32
		{07CC2977-85C0-49B0-89C5-A824F060F4C5}.Debug|x86.Build.0 = Debug|Win32
		{07CC2977-85C0-49B0-89C5-A824F060F4C5}.Release|Any CPU.ActiveCfg = Release|x64
		{07CC2977-85C0-49B0-89C5-A824F060F4C5}.Release|Any CPU.Build.0 = Release|x64
		{07CC2977-85C0-49B0-89C5-A824F060F4C5}.Release|x64.ActiveCfg = Release|x64
		{07CC2977-85C0-49B0-89C5-A824F060F4C5}.Release|x64.Build.0 = Release|x64
		{07CC2977-85C0-49B0-89C5-A824F060F4C5}.Release|x86.ActiveCfg = Release|Win32
		{07CC2977-85C0-49B0-89C5-A824F060F4C5}.Release|x86.Build.0 = Release|Win32
		{61062621-E6BF-4E3D-BF88-4C0049BDBDD7}.Debug|Any CPU.ActiveCfg = Debug|x64
		{61062621-E6BF-4E3D-BF88-4C0049BDBDD7}.Debug|Any CPU.Build.0 = Debug|x64
		{61062621-E6BF-4E3D-BF88-4C0049BDBDD7}.Debug|x64.ActiveCfg = Debug|x64
		{61062621-E6BF-4E3D-BF88-4C0049BDBDD7}.Debug|x64.Build.0 = Debug|x64
		{61062621-E6BF-4E3D-BF88-4C0049BDBDD7}.Debug|x86.ActiveCfg = Debug|Win32
		{61062621-E6BF-4E3D-BF88-4C0049BDBDD7}.Debug|x86.Build.0 = Debug|Win32
		{61062621-E6BF-4E3D-BF88-4C0049BDBDD7}.Release|Any CPU.ActiveCfg = Release|x64
		{61062621-E6BF-4E3D-BF88-4C0049BDBDD7}.Release|Any CPU.Build.0 = Release|x64
		{61062621-E6BF-4E3D-BF88-4C0049BDBDD7}.Release|x64.ActiveCfg = Release|x64
		{61062621-E6BF-4E3D-BF88-4C0049BDBDD7}.Release|x64.Build.0 = Release|x64
		{61062621-E6BF-4E3D-BF88-4C0049BDBDD7}.Release|x86.ActiveCfg = Release|Win32
		{61062621-E6BF-4E3D-BF88-4C0049BDBDD7}.Release|x86.Build.0 = Release|Win32
		{106DADBB-FAB3-4AD8-8F86-AB101DAB18CD}.Debug|Any CPU.ActiveCfg = Debug|x64
		{106DADBB-FAB3-4AD8-8F86-AB101DAB18CD}.Debug|Any CPU.Build.0 = Debug|x64
		{106DADBB-FAB3-4AD8-8F86-AB101DAB18CD}.Debug|x64.ActiveCfg = Debug|x64
		{106DADBB-FAB3-4AD8-8F86-AB101DAB18CD}.Debug|x64.Build.0 = Debug|x64
		{106DADBB-FAB3-4AD8-8F86-AB101DAB18CD}.Debug|x86.ActiveCfg = Debug|Win32
		{106DADBB-FAB3-4AD8-8F86-AB101DAB18CD}.Debug|x86.Build.0 = Debug|Win32
		{106DADBB-FAB3-4AD8-8F86-AB101DAB18CD}.Release|Any CPU.ActiveCfg = Release|x64
		{106DADBB-FAB3-4AD8-8F86-AB101DAB18CD}.Release|Any CPU.Build.0 = Release|x64
		{106DADBB-FAB3-4AD8-8F86-AB101DAB18CD}.Release|x64.ActiveCfg = Release|x64
		{106DADBB-FAB3-4AD8-8F86-AB101DAB18CD}.Release|x64.Build.0 = Release|x64
		{106DADBB-FAB3-4AD8-8F86-AB101DAB18CD}.Release|x86.ActiveCfg = Release|Win32
		{106DADBB-FAB3-4AD8-8F86-AB101DAB18CD}.Release|x86.Build.0 = Release|Win32
		{FC63A77C-832D-480F-9DA8-D2E81E826E4C}.Debug|Any CPU.ActiveCfg = Debug|x64
		{FC63A77C-832D-480F-9DA8-D2E81E826E4C}.Debug|Any CPU.Build.0 = Debug|x64
		{FC63A77C-832D-480F-9DA8-D2E81E826E4C}.Debug|x64.ActiveCfg = Debug|x64
		{FC63A77C-832D-480F-9DA8-D2E81E826E4C}.Debug|x64.Build.0 = Debug|x64
		{FC63A77C-832D-480F-9DA8-D2E81E826E4C}.Debug|x86.ActiveCfg = Debug|Win32
		{FC63A77C-832D-480F-9DA8-D2E81E826E4C}.Debug|x86.Build.0 = Debug|Win32
		{FC63A77C-832D-480F-9DA8-D2E81E826E4C}.Release|Any CPU.ActiveCfg = Release|x64
		{FC63A77C-832D-480F-9DA8-D2E81E826E4C}.Release|Any CPU.Build.0 = Release|x64
		{FC63A77C-832D-480F-9DA8-D2E81E826E4C}.Release|x64.ActiveCfg = Release|x64
		{FC63A77C-832D-480F-9DA8-D2E81E826E4C}.Release|x64.Build.0 = Release|x64
		{FC63A77C-832D-480F-9DA8-D2E81E826E4C}.Release|x86.ActiveCfg = Release|Win32
		{FC63A77C-832D-480F-9DA8-D2E81E826E4C}.Release|x86.Build.0 = Release|Win32
		{1FB1A151-D3B7-4CB9-85A8-E6BE0CBAEFF1}.Debug|Any CPU.ActiveCfg = Debug|x64
		{1FB1A151-D3B7-4CB9-85A8-E6BE0CBAEFF1}.Debug|Any CPU.Build.0 = Debug|x64
		{1FB1A151-D3B7-4CB9-85A8-E6BE0CBAEFF1}.Debug|x64.ActiveCfg = Debug|x64
		{1FB1A151-D3B7-4CB9-85A8-E6BE0CBAEFF1}.Debug|x64.Build.0 = Debug|x64
		{1FB1A151-D3B7-4CB9-85A8-E6BE0CBAEFF1}.Debug|x86.ActiveCfg = Debug|Win32
		{1FB1A151-D3B7-4CB9-85A8-E6BE0CBAEFF1}.Debug|x86.Build.0 = Debug|Win32
		{1FB1A151-D3B7-4CB9-85A8-E6BE0CBAEFF1}.Release|Any CPU.ActiveCfg = Release|x64
		{1FB1A151-D3B7-4CB9-85A8-E6BE0CBAEFF1}.Release|Any CPU.Build.0 = Release|x64
		{1FB1A151-D3B7-4CB9-85A8-E6BE0CBAEFF1}.Release|x64.ActiveCfg = Release|x64
		{1FB1A151-D3B7-4CB9-85A8-E6BE0CBAEFF1}.Release|x64.Build.0 = Release|x64
		{1FB1A151-D3B7-4CB9-85A8-E6BE0CBAEFF1}.Release|x86.ActiveCfg = Release|Win32
		{1FB1A151-D3B7-4CB9-85A8-E6BE0CBAEFF1}.Release|x86.Build.0 = Release|Win32
		{1559A606-80A3-4547-A005-3BF485E5D238}.Debug|Any CPU.ActiveCfg = Debug|x64
		{1559A606-80A3-4547-A005-3BF485E5D238}.Debug|Any CPU.Build.0 = Debug|x64
		{1559A606-80A3-4547-A005-3BF485E5D238}.Debug|x64.ActiveCfg = Debug|x64
		{1559A606-80A3-4547-A005-3BF485E5D238}.Debug|x64.Build.0 = Debug|x64
		{1559A606-80A3-4547-A005-3BF485E5D238}.Debug|x86.ActiveCfg = Debug|Win32
		{1559A606-80A3-4547-A005-3BF485E5D238}.Debug|x86.Build.0 = Debug|Win32
		{1559A606-80A3-4547-A005-3BF485E5D238}.Release|Any CPU.ActiveCfg = Release|x64
		{1559A606-80A3-4547-A005-3BF485E5D238}.Release|Any CPU.Build.0 = Release|x64
		{1559A606-80A3-4547-A005-3BF485E5D238}.Release|x64.ActiveCfg = Release|x64
		{1559A606-80A3-4547-A005-3BF485E5D238}.Release|x64.Build.0 = Release|x64
		{1559A606-80A3-4547-A005-3BF485E5D238}.Release|x86.ActiveCfg = Release|Win32
		{1559A606-80A3-4547-A005-3BF485E5D238}.Release|x86.Build.0 = Release|Win32
		{6AA276D3-55F8-455F-88CD-D352BEC6CF0D}.Debug|Any CPU.ActiveCfg = Debug|x64
		{6AA276D3-55F8-455F-88CD-D352BEC6CF0D}.Debug|Any CPU.Build.0 = Debug|x64
		{6AA276D3-55F8-455F-88CD-D352BEC6CF0D}.Debug|x64.ActiveCfg = Debug|x64
		{6AA276D3-55F8-455F-88CD-D352BEC6CF0D}.Debug|x64.Build.0 = Debug|x64
		{6AA276D3-55F8-455F-88CD-D352BEC6CF0D}.Debug|x86.ActiveCfg = Debug|Win32
		{6AA276D3-55F8-455F-88CD-D352BEC6CF0D}.Debug|x86.Build.0 = Debug|Win32
		{6AA276D3-55F8-455F-88CD-D352BEC6CF0D}.Release|Any CPU.ActiveCfg = Release|x64
		{6AA276D3-55F8-455F-88CD-D352BEC6CF0D}.Release|Any CPU.Build.0 = Release|x64
		{6AA276D3-55F8-455F-88CD-D352BEC6CF0D}.Release|x64.ActiveCfg = Release|x64
		{6AA276D3-55F8-455F-88CD-D352BEC6CF0D}.Release|x64.Build.0 = Release|x64
		{6AA276D3-55F8-455F-88CD-D352BEC6CF0D}.Release|x86.ActiveCfg = Release|Win32
		{6AA276D3-55F8-455F-88CD-D352BEC6CF0D}.Release|x86.Build.0 = Release|Win32
		{F9BE88E7-1828-4AF8-BB38-78D0BF0BA0F2}.Debug|Any CPU.ActiveCfg = Debug|x64
		{F9BE88E7-1828-4AF8-BB38-78D0BF0BA0F2}.Debug|Any CPU.Build.0 = Debug|x64
		{F9BE88E7-1828-4AF8-BB38-78D0BF0BA0F2}.Debug|x64.ActiveCfg = Debug|x64
		{F9BE88E7-1828-4AF8-BB38-78D0BF0BA0F2}.Debug|x64.Build.0 = Debug|x64
		{F9BE88E7-1828-4AF8-BB38-78D0BF0BA0F2}.Debug|x86.ActiveCfg = Debug|Win32
		{F9BE88E7-1828-4AF8-BB38-78D0BF0BA0F2}.Debug|x86.Build.0 = Debug|Win32
		{F9BE88E7-1828-4AF8-BB38-78D0BF0BA0F2}.Release|Any CPU.ActiveCfg = Release|x64
		{F9BE88E7-1828-4AF8-BB38-78D0BF0BA0F2}.Release|Any CPU.Build.0 = Release|x64
		{F9BE88E7-1828-4AF8-BB38-78D0BF0BA0F2}.Release|x64.ActiveCfg = Release|x64
		{F9BE88E7-1828-4AF8-BB38-78D0BF0BA0F2}.Release|x64.Build.0 = Release|x64
		{F9BE88E7-1828-4AF8-BB38-78D0BF0BA0F2}.Release|x86.ActiveCfg = Release|Win32
		{F9BE88E7-1828-4AF8-BB38-78D0BF0BA0F2}.Release|x86.Build.0 = Release|Win32
		{2F86BD88-CC6D-4BD5-B949-0E6FAE8C40EA}.Debug|Any CPU.ActiveCfg = Debug|x64
		{2F86BD88-CC6D-4BD5-B949-0E6FAE8C40EA}.Debug|Any CPU.Build.0 = Debug|x64
		{2F86BD88-CC6D-4BD5-B949-0E6FAE8C40EA}.Debug|x64.ActiveCfg = Debug|x64
		{2F86BD88-CC6D-4BD5-B949-0E6FAE8C40EA}.Debug|x64.Build.0 = Debug|x64
		{2F86BD88-CC6D-4BD5-B949-0E6FAE8C40EA}.Debug|x86.ActiveCfg = Debug|Win32
		{2F86BD88-CC6D-4BD5-B949-0E6FAE8C40EA}.Debug|x86.Build.0 = Debug|Win32
		{2F86BD88-CC6D-4BD5-B949-0E6FAE8C40EA}.Release|Any CPU.ActiveCfg = Release|x64
		{2F86BD88-CC6D-4BD5-B949-0E6FAE8C40EA}.Release|Any CPU.Build.0 = Release|x64
		{2F86BD88-CC6D-4BD5-B949-0E6FAE8C40EA}.Release|x64.ActiveCfg = Release|x64
		{2F86BD88-CC6D-4BD5-B949-0E6FAE8C40EA}.Release|x64.Build.0 = Release|x64
		{2F86BD88-CC6D-4BD5-B949-0E6FAE8C40EA}.Release|x86.ActiveCfg = Release|Win32
		{2F86BD88-CC6D-4BD5-B949-0E6FAE8C40EA}.Release|x86.Build.0 = Release|Win32
		{CF0CD2C4-F46D-463D-85CD-4F019F2813FC}.Debug|Any CPU.ActiveCfg = Debug|x64
		{CF0CD2C4-F46D-463D-85CD-4F019F2813FC}.Debug|Any CPU.Build.0 = Debug|x64
		{CF0CD2C4-F46D-463D-85CD-4F019F2813FC}.Debug|x64.ActiveCfg = Debug|x64
		{CF0CD2C4-F46D-463D-85CD-4F019F2813FC}.Debug|x64.Build.0 = Debug|x64
		{CF0CD2C4-F46D-463D-85CD-4F019F2813FC}.Debug|x86.ActiveCfg = Debug|Win32
		{CF0CD2C4-F46D-463D-85CD-4F019F2813FC}.Debug|x86.Build.0 = Debug|Win32
		{CF0CD2C4-F46D-463D-85CD-4F019F2813FC}.Release|Any CPU.ActiveCfg = Release|x64
		{CF0CD2C4-F46D-463D-85CD-4F019F2813FC}.Release|Any CPU.Build.0 = Release|x64
		{CF0CD2C4-F46D-463D-85CD-4F019F2813FC}.Release|x64.ActiveCfg = Release|x64
		{CF0CD2C4-F46D-463D-85CD-4F019F2813FC}.Release|x64.Build.0 = Release|x64
		{CF0CD2C4-F46D-463D-85CD-4F019F2813FC}.Release|x86.ActiveCfg = Release|Win32
		{CF0CD2C4-F46D-463D-85CD-4F019F2813FC}.Release|x86.Build.0 = Release|Win32
		{B42986C2-A6A1-4313-BAEE-285E7ACB46C9}.Debug|Any CPU.ActiveCfg = Debug|x64
		{B42986C2-A6A1-4313-BAEE-285E7ACB46C9}.Debug|Any CPU.Build.0 = Debug|x64
		{B42986C2-A6A1-4313-BAEE-285E7ACB46C9}.Debug|x64.ActiveCfg = Debug|x64
		{B42986C2-A6A1-4313-BAEE-285E7ACB46C9}.Debug|x64.Build.0 = Debug|x64
		{B42986C2-A6A1-4313-BAEE-285E7ACB46C9}.Debug|x86.ActiveCfg = Debug|Win32
		{B42986C2-A6A1-4313-BAEE-285E7ACB46C9}.Debug|x86.Build.0 = Debug|Win32
		{B42986C2-A6A1-4313-BAEE-285E7ACB46C9}.Release|Any CPU.ActiveCfg = Release|x64
		{B42986C2-A6A1-4313-BAEE-285E7ACB46C9}.Release|Any CPU.Build.0 = Release|x64
		{B42986C2-A6A1-4313-BAEE-285E7ACB46C9}.Release|x64.ActiveCfg = Release|x64
		{B42986C2-A6A1-4313-BAEE-285E7ACB46C9}.Release|x64.Build.0 = Release|x64
		{B42986C2-A6A1-4313-BAEE-285E7ACB46C9}.Release|x86.ActiveCfg = Release|Win32
		{B42986C2-A6A1-4313-BAEE-285E7ACB46C9}.Release|x86.Build.0 = Release|Win32
		{5E53FA8F-F1E4-4B34-B722-2D2D82EDFAE1}.Debug|Any CPU.ActiveCfg = Debug|x64
		{5E53FA8F-F1E4-4B34-B722-2D2D82EDFAE1}.Debug|Any CPU.Build.0 = Debug|x64
		{5E53FA8F-F1E4-4B34-B722-2D2D82EDFAE1}.Debug|x64.ActiveCfg = Debug|x64
		{5E53FA8F-F1E4-4B34-B722-2D2D82EDFAE1}.Debug|x64.Build.0 = Debug|x64
		{5E53FA8F-F1E4-4B34-B722-2D2D82EDFAE1}.Debug|x86.ActiveCfg = Debug|Win32
		{5E53FA8F-F1E4-4B34-B722-2D2D82EDFAE1}.Debug|x86.Build.0 = Debug|Win32
		{5E53FA8F-F1E4-4B34-B722-2D2D82EDFAE1}.Release|Any CPU.ActiveCfg = Release|x64
		{5E53FA8F-F1E4-4B34-B722-2D2D82EDFAE1}.Release|Any CPU.Build.0 = Release|x64
		{5E53FA8F-F1E4-4B34-B722-2D2D82EDFAE1}.Release|x64.ActiveCfg = Release|x64
		{5E53FA8F-F1E4-4B34-B722-2D2D82EDFAE1}.Release|x64.Build.0 = Release|x64
		{5E53FA8F-F1E4-4B34-B722-2D2D82EDFAE1}.Release|x86.ActiveCfg = Release|Win32
		{5E53FA8F-F1E4-4B34-B722-2D2D82EDFAE1}.Release|x86.Build.0 = Release|Win32
		{A1878663-B3A0-4BF4-A2B6-D9D7574CF6FA}.Debug|Any CPU.ActiveCfg = Debug|x64
		{A1878663-B3A0-4BF4-A2B6-D9D7574CF6FA}.Debug|Any CPU.Build.0 = Debug|x64
		{A1878663-B3A0-4BF4-A2B6-D9D7574CF6FA}.Debug|x64.ActiveCfg = Debug|x64
		{A1878663-B3A0-4BF4-A2B6-D9D7574CF6FA}.Debug|x64.Build.0 = Debug|x64
		{A1878663-B3A0-4BF4-A2B6-D9D7574CF6FA}.Debug|x86.ActiveCfg = Debug|Win32
		{A1878663-B3A0-4BF4-A2B6-D9D7574CF6FA}.Debug|x86.Build.0 = Debug|Win32
		{A1878663-B3A0-4BF4-A2B6-D9D7574CF6FA}.Release|Any CPU.ActiveCfg = Release|x64
		{A1878663-B3A0-4BF4-A2B6-D9D7574CF6FA}.Release|Any CPU.Build.0 = Release|x64
		{A1878663-B3A0-4BF4-A2B6-D9D7574CF6FA}.Release|x64.ActiveCfg = Release|x64
		{A1878663-B3A0-4BF4-A2B6-D9D7574CF6FA}.Release|x64.Build.0 = Release|x64
		{A1878663-B3A0-4BF4-A2B6-D9D7574CF6FA}.Release|x86.ActiveCfg = Release|Win32
		{A1878663-B3A0-4BF4-A2B6-D9D7574CF6FA}.Release|x86.Build.0 = Release|Win32
		{13EA8B90-6C2E-440C-9C80-F28A227F604A}.Debug|Any CPU.ActiveCfg = Debug|x64
		{13EA8B90-6C2E-440C-9C80-F28A227F604A}.Debug|Any CPU.Build.0 = Debug|x64
		{13EA8B90-6C2E-440C-9C80-F28A227F604A}.Debug|x64.ActiveCfg = Debug|x64
		{13EA8B90-6C2E-440C-9C80-F28A227F604A}.Debug|x64.Build.0 = Debug|x64
		{13EA8B90-6C2E-440C-9C80-F28A227F604A}.Debug|x86.ActiveCfg = Debug|Win32
		{13EA8B90-6C2E-440C-9C80-F28A227F604A}.Debug|x86.Build.0 = Debug|Win32
		{13EA8B90-6C2E-440C-9C80-F28A227F604A}.Release|Any CPU.ActiveCfg = Release|x64
		{13EA8B90-6C2E-440C-9C80-F28A227F604A}.Release|Any CPU.Build.0 = Release|x64
		{13EA8B90-6C2E-440C-9C80-F28A227F604A}.Release|x64.ActiveCfg = Release|x64
		{13EA8B90-6C2E-440C-9C80-F28A227F604A}.Release|x64.Build.0 = Release|x64
		{13EA8B90-6C2E-440C-9C80-F28A227F604A}.Release|x86.ActiveCfg = Release|Win32
		{13EA8B90-6C2E-440C-9C80-F28A227F604A}.Release|x86.Build.0 = Release|Win32
		{148C3D80-2F21-4360-844B-5EEB53DFA8ED}.Debug|Any CPU.ActiveCfg = Debug|x64
		{148C3D80-2F21-4360-844B-5EEB53DFA8ED}.Debug|Any CPU.Build.0 = Debug|x64
		{148C3D80-2F21-4360-844B-5EEB53DFA8ED}.Debug|x64.ActiveCfg = Debug|x64
		{148C3D80-2F21-4360-844B-5EEB53DFA8ED}.Debug|x64.Build.0 = Debug|x64
		{148C3D80-2F21-4360-844B-5EEB53DFA8ED}.Debug|x86.ActiveCfg = Debug|Win32
		{148C3D80-2F21-4360-844B-5EEB53DFA8ED}.Debug|x86.Build.0 = Debug|Win32
		{148C3D80-2F21-4360-844B-5EEB53DFA8ED}.Release|Any CPU.ActiveCfg = Release|x64
		{148C3D80-2F21-4360-844B-5EEB53DFA8ED}.Release|Any CPU.Build.0 = Release|x64
		{148C3D80-2F21-4360-844B-5EEB53DFA8ED}.Release|x64.ActiveCfg = Release|x64
		{148C3D80-2F21-4360-844B-5EEB53DFA8ED}.Release|x64.Build.0 = Release|x64
		{148C3D80-2F21-4360-844B-5EEB53DFA8ED}.Release|x86.ActiveCfg = Release|Win32
		{148C3D80-2F21-4360-844B-5EEB53DFA8ED}.Release|x86.Build.0 = Release|Win32
		{E8863ED2-3DBC-422D-A67E-EE5F2139964E}.Debug|Any CPU.ActiveCfg = Debug|x64
		{E8863ED2-3DBC-422D-A67E-EE5F2139964E}.Debug|Any CPU.Build.0 = Debug|x64
		{E8863ED2-3DBC-422D-A67E-EE5F2139964E}.Debug|x64.ActiveCfg = Debug|x64
		{E8863ED2-3DBC-422D-A67E-EE5F2139964E}.Debug|x64.Build.0 = Debug|x64
		{E8863ED2-3DBC-422D-A67E-EE5F2139964E}.Debug|x86.ActiveCfg = Debug|Win32
		{E8863ED2-3DBC-422D-A67E-EE5F2139964E}.Debug|x86.Build.0 = Debug|Win32
		{E8863ED2-3DBC-422D-A67E-EE5F2139964E}.Release|Any CPU.ActiveCfg = Release|x64
		{E8863ED2-3DBC-422D-A67E-EE5F2139964E}.Release|Any CPU.Build.0 = Release|x64
		{E8863ED2-3DBC-422D-A67E-EE5F2139964E}.Release|x64.ActiveCfg = Release|x64
		{E8863ED2-3DBC-422D-A67E-EE5F2139964E}.Release|x64.Build.0 = Release|x64
		{E8863ED2-3DBC-422D-A67E-EE5F2139964E}.Release|x86.ActiveCfg = Release|Win32
		{E8863ED2-3DBC-422D-A67E-EE5F2139964E}.Release|x86.Build.0 = Release|Win32
		{622EA61B-0163-47C3-B8EF-5C34044A27AA}.Debug|Any CPU.ActiveCfg = Debug|x64
		{622EA61B-0163-47C3-B8EF-5C34044A27AA}.Debug|Any CPU.Build.0 = Debug|x64
		{622EA61B-0163-47C3-B8EF-5C34044A27AA}.Debug|x64.ActiveCfg = Debug|x64
		{622EA61B-0163-47C3-B8EF-5C34044A27AA}.Debug|x64.Build.0 = Debug|x64
		{622EA61B-0163-47C3-B8EF-5C34044A27AA}.Debug|x86.ActiveCfg = Debug|Win32
		{622EA61B-0163-47C3-B8EF-5C34044A27AA}.Debug|x86.Build.0 = Debug|Win32
		{622EA61B-0163-47C3-B8EF-5C34044A27AA}.Release|Any CPU.ActiveCfg = Release|x64
		{622EA61B-0163-47C3-B8EF-5C34044A27AA}.Release|Any CPU.Build.0 = Release|x64
		{622EA61B-0163-47C3-B8EF-5C34044A27AA}.Release|x64.ActiveCfg = Release|x64
		{622EA61B-0163-47C3-B8EF-5C34044A27AA}.Release|x64.Build.0 = Release|x64
		{622EA61B-0163-47C3-B8EF-5C34044A27AA}.Release|x86.ActiveCfg = Release|Win32
		{622EA61B-0163-47C3-B8EF-5C34044A27AA}.Release|x86.Build.0 = Release|Win32
		{114E3AC4-8560-451D-9673-0551FB6A2C9E}.Debug|Any CPU.ActiveCfg = Debug|x64
		{114E3AC4-8560-451D-9673-0551FB6A2C9E}.Debug|Any CPU.Build.0 = Debug|x64
		{114E3AC4-8560-451D-9673-0551FB6A2C9E}.Debug|x64.ActiveCfg = Debug|x64
		{114E3AC4-8560-451D-9673-0551FB6A2C9E}.Debug|x64.Build.0 = Debug|x64
		{114E3AC4-8560-451D-9673-0551FB6A2C9E}.Debug|x86.ActiveCfg = Debug|Win32
		{114E3AC4-8560-451D-9673-0551FB6A2C9E}.Debug|x86.Build.0 = Debug|Win32
		{114E3AC4-8560-451D-9673-0551FB6A2C9E}.Release|Any CPU.ActiveCfg = Release|x64
		{114E3AC4-8560-451D-9673-0551FB6A2C9E}.Release|Any CPU.Build.0 = Release|x64
		{114E3AC4-8560-451D-9673-0551FB6A2C9E}.Release|x64.ActiveCfg = Release|x64
		{114E3AC4-8560-451D-9673-0551FB6A2C9E}.Release|x64.Build.0 = Release|x64
		{114E3AC4-8560-451D-9673-0551FB6A2C9E}.Release|x86.ActiveCfg = Release|Win32
		{114E3AC4-8560-451D-9673-0551FB6A2C9E}.Release|x86.Build.0 = Release|Win32
		{882C0C19-DBDB-49B7-81D2-474F240FE7CE}.Debug|Any CPU.ActiveCfg = Debug|x64
		{882C0C19-DBDB-49B7-81D2-474F240FE7CE}.Debug|Any CPU.Build.0 = Debug|x64
		{882C0C19-DBDB-49B7-81D2-474F240FE7CE}.Debug|x64.ActiveCfg = Debug|x64
		{882C0C19-DBDB-49B7-81D2-474F240FE7CE}.Debug|x64.Build.0 = Debug|x64
		{882C0C19-DBDB-49B7-81D2-474F240FE7CE}.Debug|x86.ActiveCfg = Debug|Win32
		{882C0C19-DBDB-49B7-81D2-474F240FE7CE}.Debug|x86.Build.0 = Debug|Win32
		{882C0C19-DBDB-49B7-81D2-474F240FE7CE}.Release|Any CPU.ActiveCfg = Release|x64
		{882C0C19-DBDB-49B7-81D2-474F240FE7CE}.Release|Any CPU.Build.0 = Release|x64
		{882C0C19-DBDB-49B7-81D2-474F240FE7CE}.Release|x64.ActiveCfg = Release|x64
		{882C0C19-DBDB-49B7-81D2-474F240FE7CE}.Release|x64.Build.0 = Release|x64
		{882C0C19-DBDB-49B7-81D2-474F240FE7CE}.Release|x86.ActiveCfg = Release|Win32
		{882C0C19-DBDB-49B7-81D2-474F240FE7CE}.Release|x86.Build.0 = Release|Win32
		{141BC3AE-6D0B-4965-9739-AE72AA46EBFF}.Debug|Any CPU.ActiveCfg = Debug|x64
		{141BC3AE-6D0B-4965-9739-AE72AA46EBFF}.Debug|Any CPU.Build.0 = Debug|x64
		{141BC3AE-6D0B-4965-9739-AE72AA46EBFF}.Debug|x64.ActiveCfg = Debug|x64
		{141BC3AE-6D0B-4965-9739-AE72AA46EBFF}.Debug|x64.Build.0 = Debug|x64
		{141BC3AE-6D0B-4965-9739-AE72AA46EBFF}.Debug|x86.ActiveCfg = Debug|Win32
		{141BC3AE-6D0B-4965-9739-AE72AA46EBFF}.Debug|x86.Build.0 = Debug|Win32
		{141BC3AE-6D0B-4965-9739-AE72AA46EBFF}.Release|Any CPU.ActiveCfg = Release|x64
		{141BC3AE-6D0B-4965-9739-AE72AA46EBFF}.Release|Any CPU.Build.0 = Release|x64
		{141BC3AE-6D0B-4965-9739-AE72AA46EBFF}.Release|x64.ActiveCfg = Release|x64
		{141BC3AE-6D0B-4965-9739-AE72AA46EBFF}.Release|x64.Build.0 = Release|x64
		{141BC3AE-6D0B-4965-9739-AE72AA46EBFF}.Release|x86.ActiveCfg = Release|Win32
		{141BC3AE-6D0B-4965-9739-AE72AA46EBFF}.Release|x86.Build.0 = Release|Win32
		{A3375477-DA86-447A-95F7-AB7512B47DD1}.Debug|Any CPU.ActiveCfg = Debug|x64
		{A3375477-DA86-447A-95F7-AB7512B47DD1}.Debug|Any CPU.Build.0 = Debug|x64
		{A3375477-DA86-447A-95F7-AB7512B47DD1}.Debug|x64.ActiveCfg = Debug|x64
		{A3375477-DA86-447A-95F7-AB7512B47DD1}.Debug|x64.Build.0 = Debug|x64
		{A3375477-DA86-447A-95F7-AB7512B47DD1}.Debug|x86.ActiveCfg = Debug|Win32
		{A3375477-DA86-447A-95F7-AB7512B47DD1}.Debug|x86.Build.0 = Debug|Win32
		{A3375477-DA86-447A-95F7-AB7512B47DD1}.Release|Any CPU.ActiveCfg = Release|x64
		{A3375477-DA86-447A-95F7-AB7512B47DD1}.Release|Any CPU.Build.0 = Release|x64
		{A3375477-DA86-447A-95F7-AB7512B47DD1}.Release|x64.ActiveCfg = Release|x64
		{A3375477-DA86-447A-95F7-AB7512B47DD1}.Release|x64.Build.0 = Release|x64
		{A3375477-DA86-447A-95F7-AB7512B47DD1}.Release|x86.ActiveCfg = Release|Win32
		{A3375477-DA86-447A-95F7-AB7512B47DD1}.Release|x86.Build.0 = Release|Win32
		{E0AE0118-1811-4A37-8D07-C7643F0283A0}.Debug|Any CPU.ActiveCfg = Debug|x64
		{E0AE0118-1811-4A37-8D07-C7643F0283A0}.Debug|Any CPU.Build.0 = Debug|x64
		{E0AE0118-1811-4A37-8D07-C7643F0283A0}.Debug|x64.ActiveCfg = Debug|x64
		{E0AE0118-1811-4A37-8D07-C7643F0283A0}.Debug|x64.Build.0 = Debug|x64
		{E0AE0118-1811-4A37-8D07-C7643F0283A0}.Debug|x86.ActiveCfg = Debug|Win32
		{E0AE0118-1811-4A37-8D07-C7643F0283A0}.Debug|x86.Build.0 = Debug|Win32
		{E0AE0118-1811-4A37-8D07-C7643F0283A0}.Release|Any CPU.ActiveCfg = Release|x64
		{E0AE0118-1811-4A37-8D07-C7643F0283A0}.Release|Any CPU.Build.0 = Release|x64
		{E0AE0118-1811-4A37-8D07-C7643F0283A0}.Release|x64.ActiveCfg = Release|x64
		{E0AE0118-1811-4A37-8D07-C7643F0283A0}.Release|x64.Build.0 = Release|x64
		{E0AE0118-1811-4A37-8D07-C7643F0283A0}.Release|x86.ActiveCfg = Release|Win32
		{E0AE0118-1811-4A37-8D07-C7643F0283A0}.Release|x86.Build.0 = Release|Win32
		{7E2F6195-5D7E-4B8D-A3B9-5257FF345992}.Debug|Any CPU.ActiveCfg = Debug|x64
		{7E2F6195-5D7E-4B8D-A3B9-5257FF345992}.Debug|Any CPU.Build.0 = Debug|x64
		{7E2F6195-5D7E-4B8D-A3B9-5257FF345992}.Debug|x64.ActiveCfg = Debug|x64
		{7E2F6195-5D7E-4B8D-A3B9-5257FF345992}.Debug|x64.Build.0 = Debug|x64
		{7E2F6195-5D7E-4B8D-A3B9-5257FF345992}.Debug|x86.ActiveCfg = Debug|Win32
		{7E2F6195-5D7E-4B8D-A3B9-5257FF345992}.Debug|x86.Build.0 = Debug|Win32
		{7E2F6195-5D7E-4B8D-A3B9-5257FF345992}.Release|Any CPU.ActiveCfg = Release|x64
		{7E2F6195-5D7E-4B8D-A3B9-5257FF345992}.Release|Any CPU.Build.0 = Release|x64
		{7E2F6195-5D7E-4B8D-A3B9-5257FF345992}.Release|x64.ActiveCfg = Release|x64
		{7E2F6195-5D7E-4B8D-A3B9-5257FF345992}.Release|x64.Build.0 = Release|x64
		{7E2F6195-5D7E-4B8D-A3B9-5257FF345992}.Release|x86.ActiveCfg = Release|Win32
		{7E2F6195-5D7E-4B8D-A3B9-5257FF345992}.Release|x86.Build.0 = Release|Win32
		{C7D7E1AD-0EC9-4A26-AD2A-3A0F9F347EE4}.Debug|Any CPU.ActiveCfg = Debug|x64
		{C7D7E1AD-0EC9-4A26-AD2A-3A0F9F347EE4}.Debug|Any CPU.Build.0 = Debug|x64
		{C7D7E1AD-0EC9-4A26-AD2A-3A0F9F347EE4}.Debug|x64.ActiveCfg = Debug|x64
		{C7D7E1AD-0EC9-4A26-AD2A-3A0F9F347EE4}.Debug|x64.Build.0 = Debug|x64
		{C7D7E1AD-0EC9-4A26-AD2A-3A0F9F347EE4}.Debug|x86.ActiveCfg = Debug|Win32
		{C7D7E1AD-0EC9-4A26-AD2A-3A0F9F347EE4}.Debug|x86.Build.0 = Debug|Win32
		{C7D7E1AD-0EC9-4A26-AD2A-3A0F9F347EE4}.Release|Any CPU.ActiveCfg = Release|x64
		{C7D7E1AD-0EC9-4A26-AD2A-3A0F9F347EE4}.Release|Any CPU.Build.0 = Release|x64
		{C7D7E1AD-0EC9-4A26-AD2A-3A0F9F347EE4}.Release|x64.ActiveCfg = Release|x64
		{C7D7E1AD-0EC9-4A26-AD2A-3A0F9F347EE4}.Release|x64.Build.0 = Release|x64
		{C7D7E1AD-0EC9-4A26-AD2A-3A0F9F347EE4}.Release|x86.ActiveCfg = Release|Win32
		{C7D7E1AD-0EC9-4A26-AD2A-3A0F9F347EE4}.Release|x86.Build.0 = Release|Win32
		{50EDF5F3-67B5-43A5-BC4E-C8CE4D719688}.Debug|Any CPU.ActiveCfg = Debug|x64
		{50EDF5F3-67B5-43A5-BC4E-C8CE4D719688}.Debug|Any CPU.Build.0 = Debug|x64
		{50EDF5F3-67B5-43A5-BC4E-C8CE4D719688}.Debug|x64.ActiveCfg = Debug|x64
		{50EDF5F3-67B5-43A5-BC4E-C8CE4D719688}.Debug|x64.Build.0 = Debug|x64
		{50EDF5F3-67B5-43A5-BC4E-C8CE4D719688}.Debug|x86.ActiveCfg = Debug|Win32
		{50EDF5F3-67B5-43A5-BC4E-C8CE4D719688}.Debug|x86.Build.0 = Debug|Win32
		{50EDF5F3-67B5-43A5-BC4E-C8CE4D719688}.Release|Any CPU.ActiveCfg = Release|x64
		{50EDF5F3-67B5-43A5-BC4E-C8CE4D719688}.Release|Any CPU.Build.0 = Release|x64
		{50EDF5F3-67B5-43A5-BC4E-C8CE4D719688}.Release|x64.ActiveCfg = Release|x64
		{50EDF5F3-67B5-43A5-BC4E-C8CE4D719688}.Release|x64.Build.0 = Release|x64
		{50EDF5F3-67B5-43A5-BC4E-C8CE4D719688}.Release|x86.ActiveCfg = Release|Win32
		{50EDF5F3-67B5-43A5-BC4E-C8CE4D719688}.Release|x86.Build.0 = Release|Win32
		{4F85F4F2-092B-4CD7-807D-62AA24641B44}.Debug|Any CPU.ActiveCfg = Debug|x64
		{4F85F4F2-092B-4CD7-807D-62AA24641B44}.Debug|Any CPU.Build.0 = Debug|x64
		{4F85F4F2-092B-4CD7-807D-62AA24641B44}.Debug|x64.ActiveCfg = Debug|x64
		{4F85F4F2-092B-4CD7-807D-62AA24641B44}.Debug|x64.Build.0 = Debug|x64
		{4F85F4F2-092B-4CD7-807D-62AA24641B44}.Debug|x86.ActiveCfg = Debug|Win32
		{4F85F4F2-092B-4CD7-807D-62AA24641B44}.Debug|x86.Build.0 = Debug|Win32
		{4F85F4F2-092B-4CD7-807D-62AA24641B44}.Release|Any CPU.ActiveCfg = Release|x64
		{4F85F4F2-092B-4CD7-807D-62AA24641B44}.Release|Any CPU.Build.0 = Release|x64
		{4F85F4F2-092B-4CD7-807D-62AA24641B44}.Release|x64.ActiveCfg = Release|x64
		{4F85F4F2-092B-4CD7-807D-62AA24641B44}.Release|x64.Build.0 = Release|x64
		{4F85F4F2-092B-4CD7-807D-62AA24641B44}.Release|x86.ActiveCfg = Release|Win32
		{4F85F4F2-092B-4CD7-807D-62AA24641B44}.Release|x86.Build.0 = Release|Win32
		{3CBD9932-8C3C-456D-9DAA-CDFAAB8ECA6D}.Debug|Any CPU.ActiveCfg = Debug|x64
		{3CBD9932-8C3C-456D-9DAA-CDFAAB8ECA6D}.Debug|Any CPU.Build.0 = Debug|x64
		{3CBD9932-8C3C-456D-9DAA-CDFAAB8ECA6D}.Debug|x64.ActiveCfg = Debug|x64
		{3CBD9932-8C3C-456D-9DAA-CDFAAB8ECA6D}.Debug|x64.Build.0 = Debug|x64
		{3CBD9932-8C3C-456D-9DAA-CDFAAB8ECA6D}.Debug|x86.ActiveCfg = Debug|Win32
		{3CBD9932-8C3C-456D-9DAA-CDFAAB8ECA6D}.Debug|x86.Build.0 = Debug|Win32
		{3CBD9932-8C3C-456D-9DAA-CDFAAB8ECA6D}.Release|Any CPU.ActiveCfg = Release|x64
		{3CBD9932-8C3C-456D-9DAA-CDFAAB8ECA6D}.Release|Any CPU.Build.0 = Release|x64
		{3CBD9932-8C3C-456D-9DAA-CDFAAB8ECA6D}.Release|x64.ActiveCfg = Release|x64
		{3CBD9932-8C3C-456D-9DAA-CDFAAB8ECA6D}.Release|x64.Build.0 = Release|x64
		{3CBD9932-8C3C-456D-9DAA-CDFAAB8ECA6D}.Release|x86.ActiveCfg = Release|Win32
		{3CBD9932-8C3C-456D-9DAA-CDFAAB8ECA6D}.Release|x86.Build.0 = Release|Win32
		{F872CA52-F53E-4D9E-BF3C-4D229659520A}.Debug|Any CPU.ActiveCfg = Debug|x64
		{F872CA52-F53E-4D9E-BF3C-4D229659520A}.Debug|Any CPU.Build.0 = Debug|x64
		{F872CA52-F53E-4D9E-BF3C-4D229659520A}.Debug|x64.ActiveCfg = Debug|x64
		{F872CA52-F53E-4D9E-BF3C-4D229659520A}.Debug|x64.Build.0 = Debug|x64
		{F872CA52-F53E-4D9E-BF3C-4D229659520A}.Debug|x86.ActiveCfg = Debug|Win32
		{F872CA52-F53E-4D9E-BF3C-4D229659520A}.Debug|x86.Build.0 = Debug|Win32
		{F872CA52-F53E-4D9E-BF3C-4D229659520A}.Release|Any CPU.ActiveCfg = Release|x64
		{F872CA52-F53E-4D9E-BF3C-4D229659520A}.Release|Any CPU.Build.0 = Release|x64
		{F872CA52-F53E-4D9E-BF3C-4D229659520A}.Release|x64.ActiveCfg = Release|x64
		{F872CA52-F53E-4D9E-BF3C-4D229659520A}.Release|x64.Build.0 = Release|x64
		{F872CA52-F53E-4D9E-BF3C-4D229659520A}.Release|x86.ActiveCfg = Release|Win32
		{F872CA52-F53E-4D9E-BF3C-4D229659520A}.Release|x86.Build.0 = Release|Win32
		{01040960-02A1-4BC7-B874-21DF7632EE93}.Debug|Any CPU.ActiveCfg = Debug|x64
		{01040960-02A1-4BC7-B874-21DF7632EE93}.Debug|Any CPU.Build.0 = Debug|x64
		{01040960-02A1-4BC7-B874-21DF7632EE93}.Debug|x64.ActiveCfg = Debug|x64
		{01040960-02A1-4BC7-B874-21DF7632EE93}.Debug|x64.Build.0 = Debug|x64
		{01040960-02A1-4BC7-B874-21DF7632EE93}.Debug|x86.ActiveCfg = Debug|Win32
		{01040960-02A1-4BC7-B874-21DF7632EE93}.Debug|x86.Build.0 = Debug|Win32
		{01040960-02A1-4BC7-B874-21DF7632EE93}.Release|Any CPU.ActiveCfg = Release|x64
		{01040960-02A1-4BC7-B874-21DF7632EE93}.Release|Any CPU.Build.0 = Release|x64
		{01040960-02A1-4BC7-B874-21DF7632EE93}.Release|x64.ActiveCfg = Release|x64
		{01040960-02A1-4BC7-B874-21DF7632EE93}.Release|x64.Build.0 = Release|x64
		{01040960-02A1-4BC7-B874-21DF7632EE93}.Release|x86.ActiveCfg = Release|Win32
		{01040960-02A1-4BC7-B874-21DF7632EE93}.Release|x86.Build.0 = Release|Win32
	EndGlobalSection
	GlobalSection(SolutionProperties) = preSolution
		HideSolutionNode = FALSE
	EndGlobalSection
	GlobalSection(NestedProjects) = preSolution
		{153FB5BE-7719-4A8B-973B-D791CFC0C1E0} = {2E9125AD-737D-4227-A062-634758D316B3}
		{8B93DB58-3127-4B4E-B8EA-FCF0D0F3CDC6} = {2E9125AD-737D-4227-A062-634758D316B3}
		{2073F47F-0B9C-423B-83B5-4E870B6B2A27} = {2E9125AD-737D-4227-A062-634758D316B3}
		{93FBE8B7-1175-47C9-A0AB-5309ED2EFB40} = {2E9125AD-737D-4227-A062-634758D316B3}
		{D60B5D24-8753-45B0-93C0-AA8D3F7055E9} = {2E9125AD-737D-4227-A062-634758D316B3}
		{7ABE15DA-355A-4837-A946-A48CAB95B4D7} = {2E9125AD-737D-4227-A062-634758D316B3}
		{2B81DDD0-E406-4C1E-AA1D-C23C31900169} = {2E9125AD-737D-4227-A062-634758D316B3}
		{07933838-E7E5-4F51-B864-CE7CD53971D9} = {2E9125AD-737D-4227-A062-634758D316B3}
		{D22B53E5-2480-4D52-8168-8D543A1C5103} = {2E9125AD-737D-4227-A062-634758D316B3}
		{0EDF4088-BC2B-40AC-973E-FCFF3C8388F6} = {2E9125AD-737D-4227-A062-634758D316B3}
		{F7721173-0527-4FF7-8E76-026B2DEC9AD8} = {2E9125AD-737D-4227-A062-634758D316B3}
		{A89432E7-50D7-448B-8850-7D58334755E6} = {2E9125AD-737D-4227-A062-634758D316B3}
		{36F31A1B-3214-4D27-90B5-FD480ED38FCC} = {2E9125AD-737D-4227-A062-634758D316B3}
		{F7A8B3AF-99AA-41B2-A453-B483D969E4F9} = {2E9125AD-737D-4227-A062-634758D316B3}
		{7820CE33-2312-4494-9144-2681FDD6F6A1} = {0C0C6DC0-B95B-4BB7-B94F-682E89E2758C}
		{5C7C267A-CAA0-48C5-8AA6-34A0AF457648} = {0C0C6DC0-B95B-4BB7-B94F-682E89E2758C}
		{8F986AF2-AFC1-454B-836B-D9FB8379A699} = {0C0C6DC0-B95B-4BB7-B94F-682E89E2758C}
		{0175D322-009E-4DA0-A1D6-2FF39246A367} = {0C0C6DC0-B95B-4BB7-B94F-682E89E2758C}
		{A57C5920-05FC-4464-8D2C-4ED8BC19EA6B} = {0C0C6DC0-B95B-4BB7-B94F-682E89E2758C}
		{D22AC14B-FD4A-4DE0-BD63-582B5C8DAAA9} = {0C0C6DC0-B95B-4BB7-B94F-682E89E2758C}
		{C4A95487-A440-4955-A9A4-39F11580BD11} = {9E440490-94FD-4E03-B8DF-F03958987C6B}
		{D72F8654-7DEC-42D6-8977-9FCAE5B7A414} = {9E440490-94FD-4E03-B8DF-F03958987C6B}
		{322DE427-0E40-416F-AB50-18BBA382D386} = {193B18CB-A05B-48B1-9303-10FE3042D2F4}
		{6E769E8F-0322-463D-9CE8-2BA284C75E7C} = {193B18CB-A05B-48B1-9303-10FE3042D2F4}
		{4773F919-B096-4AEC-83C9-37DAA95001DF} = {193B18CB-A05B-48B1-9303-10FE3042D2F4}
		{77001C89-B962-4ED8-9622-CFA8B7F0AA8F} = {193B18CB-A05B-48B1-9303-10FE3042D2F4}
		{2CB1D99F-5367-4825-988D-C65B488D5616} = {2E9125AD-737D-4227-A062-634758D316B3}
		{7AB60E34-7AAE-48BA-8D2C-73CFF05607B1} = {2E9125AD-737D-4227-A062-634758D316B3}
		{365A1CBF-39CB-428D-B154-76431A40FA9B} = {2E9125AD-737D-4227-A062-634758D316B3}
		{3F6831C2-1C91-4CB7-9C24-80CA589DED5B} = {890CDE9F-EE21-42AE-8BEB-14421FE7A6F5}
		{205F93D0-2783-4D17-B7F8-9549ACC78E49} = {890CDE9F-EE21-42AE-8BEB-14421FE7A6F5}
		{AEBA9581-CE20-410A-A032-07B5B6C74587} = {890CDE9F-EE21-42AE-8BEB-14421FE7A6F5}
		{18CC442B-50EF-449B-9562-B2556C2405D3} = {B2C950A7-D764-4602-B7EC-ABCFC6702C36}
		{4F98790B-6906-47EE-BE6D-36EAC3214CA0} = {364C14C7-0815-4E72-B443-FD8BB3891823}
		{2191C94D-CD71-4C01-9E60-E8372EF120B1} = {31C33528-F636-48F5-A50B-9D343F2BDFC7}
		{6C8E4B46-4682-4A06-8DB6-2C6BFB99253C} = {31C33528-F636-48F5-A50B-9D343F2BDFC7}
		{418599B1-AD9A-41DA-88C2-06542ADB978A} = {890CDE9F-EE21-42AE-8BEB-14421FE7A6F5}
		{DA0E0755-7FDE-4953-8DA3-F589F24E4B01} = {418599B1-AD9A-41DA-88C2-06542ADB978A}
		{4A267713-48DE-4205-86C6-80CA2EBC5EF1} = {418599B1-AD9A-41DA-88C2-06542ADB978A}
		{744B7818-6DC2-40CF-9571-5F98EBBFCC5A} = {26D1726D-91C0-45D2-9857-937A7CAB4BDA}
		{F366E7F2-82E3-4C33-9E1C-C1931F682DFB} = {26D1726D-91C0-45D2-9857-937A7CAB4BDA}
		{B412C916-2EEF-41C0-88FF-407FA0CF8786} = {418599B1-AD9A-41DA-88C2-06542ADB978A}
		{A8D92E10-83F6-4FE5-BA72-CA2C99CEA10E} = {890CDE9F-EE21-42AE-8BEB-14421FE7A6F5}
		{CE53D34B-2751-4B46-980B-F94DF359064E} = {890CDE9F-EE21-42AE-8BEB-14421FE7A6F5}
		{233CECBE-1027-4C92-912E-822A03493939} = {890CDE9F-EE21-42AE-8BEB-14421FE7A6F5}
		{5326C6EB-8AA7-4784-9836-3C3BA4CBE8DB} = {B7BF337F-7759-4388-84B2-238B1D1FC888}
		{5F2F7C9C-8574-461C-88E3-999F1A16FC40} = {890CDE9F-EE21-42AE-8BEB-14421FE7A6F5}
		{C15088A6-0D22-4E3C-BE3A-AB43F8B8542D} = {890CDE9F-EE21-42AE-8BEB-14421FE7A6F5}
		{5C0DFD2F-F484-4C9A-895D-C085503D4738} = {890CDE9F-EE21-42AE-8BEB-14421FE7A6F5}
		{89CCE633-1C78-4E65-BB0D-EECC2C388286} = {890CDE9F-EE21-42AE-8BEB-14421FE7A6F5}
		{E903115C-1656-40FE-830B-14A2E2CAFA63} = {89CCE633-1C78-4E65-BB0D-EECC2C388286}
		{40A309BC-BB3B-4CA4-A1CB-A8830E02063E} = {89CCE633-1C78-4E65-BB0D-EECC2C388286}
		{07CC2977-85C0-49B0-89C5-A824F060F4C5} = {89CCE633-1C78-4E65-BB0D-EECC2C388286}
		{61062621-E6BF-4E3D-BF88-4C0049BDBDD7} = {364C14C7-0815-4E72-B443-FD8BB3891823}
		{1B99D45C-7F24-474F-8ABE-F4FD66DD4281} = {364C14C7-0815-4E72-B443-FD8BB3891823}
		{106DADBB-FAB3-4AD8-8F86-AB101DAB18CD} = {1B99D45C-7F24-474F-8ABE-F4FD66DD4281}
		{FC63A77C-832D-480F-9DA8-D2E81E826E4C} = {1B99D45C-7F24-474F-8ABE-F4FD66DD4281}
		{CE5C40C2-AAB2-4B5B-A5B0-21FF1A98BCD8} = {31C33528-F636-48F5-A50B-9D343F2BDFC7}
		{1FB1A151-D3B7-4CB9-85A8-E6BE0CBAEFF1} = {CE5C40C2-AAB2-4B5B-A5B0-21FF1A98BCD8}
		{1559A606-80A3-4547-A005-3BF485E5D238} = {CE5C40C2-AAB2-4B5B-A5B0-21FF1A98BCD8}
		{6AA276D3-55F8-455F-88CD-D352BEC6CF0D} = {CE5C40C2-AAB2-4B5B-A5B0-21FF1A98BCD8}
		{F9BE88E7-1828-4AF8-BB38-78D0BF0BA0F2} = {98D95801-BD34-4C50-8D3D-4C6E02A0973B}
		{2F86BD88-CC6D-4BD5-B949-0E6FAE8C40EA} = {2E9125AD-737D-4227-A062-634758D316B3}
		{CF0CD2C4-F46D-463D-85CD-4F019F2813FC} = {2E9125AD-737D-4227-A062-634758D316B3}
		{B42986C2-A6A1-4313-BAEE-285E7ACB46C9} = {2E9125AD-737D-4227-A062-634758D316B3}
		{5E53FA8F-F1E4-4B34-B722-2D2D82EDFAE1} = {2E9125AD-737D-4227-A062-634758D316B3}
		{A1878663-B3A0-4BF4-A2B6-D9D7574CF6FA} = {2E9125AD-737D-4227-A062-634758D316B3}
		{13EA8B90-6C2E-440C-9C80-F28A227F604A} = {31C33528-F636-48F5-A50B-9D343F2BDFC7}
		{148C3D80-2F21-4360-844B-5EEB53DFA8ED} = {CE5C40C2-AAB2-4B5B-A5B0-21FF1A98BCD8}
		{E8863ED2-3DBC-422D-A67E-EE5F2139964E} = {2E9125AD-737D-4227-A062-634758D316B3}
		{622EA61B-0163-47C3-B8EF-5C34044A27AA} = {31C33528-F636-48F5-A50B-9D343F2BDFC7}
		{114E3AC4-8560-451D-9673-0551FB6A2C9E} = {460D2B88-9558-4DDD-8C24-437C91A1D3DA}
		{96AA8E27-AB9B-4756-A208-FCF3B8008D72} = {460D2B88-9558-4DDD-8C24-437C91A1D3DA}
		{882C0C19-DBDB-49B7-81D2-474F240FE7CE} = {96AA8E27-AB9B-4756-A208-FCF3B8008D72}
		{141BC3AE-6D0B-4965-9739-AE72AA46EBFF} = {CE5C40C2-AAB2-4B5B-A5B0-21FF1A98BCD8}
		{A3375477-DA86-447A-95F7-AB7512B47DD1} = {EA4AE546-C070-4772-8444-09CBDC510B56}
		{E0AE0118-1811-4A37-8D07-C7643F0283A0} = {EA4AE546-C070-4772-8444-09CBDC510B56}
		{7E2F6195-5D7E-4B8D-A3B9-5257FF345992} = {EA4AE546-C070-4772-8444-09CBDC510B56}
		{C7D7E1AD-0EC9-4A26-AD2A-3A0F9F347EE4} = {EA4AE546-C070-4772-8444-09CBDC510B56}
		{50EDF5F3-67B5-43A5-BC4E-C8CE4D719688} = {EA4AE546-C070-4772-8444-09CBDC510B56}
		{4F85F4F2-092B-4CD7-807D-62AA24641B44} = {0C0C6DC0-B95B-4BB7-B94F-682E89E2758C}
		{3CBD9932-8C3C-456D-9DAA-CDFAAB8ECA6D} = {0C0C6DC0-B95B-4BB7-B94F-682E89E2758C}
		{F872CA52-F53E-4D9E-BF3C-4D229659520A} = {96AA8E27-AB9B-4756-A208-FCF3B8008D72}
		{01040960-02A1-4BC7-B874-21DF7632EE93} = {0C0C6DC0-B95B-4BB7-B94F-682E89E2758C}
	EndGlobalSection
	GlobalSection(ExtensibilityGlobals) = postSolution
		SolutionGuid = {0D2358D6-B874-4119-B484-E868F0308E24}
	EndGlobalSection
EndGlobal
