
Microsoft Visual Studio Solution File, Format Version 12.00
# Visual Studio Version 16
VisualStudioVersion = 16.0.31829.152
MinimumVisualStudioVersion = 10.0.40219.1
Project("{8BC9CEB8-8B4A-11D0-8D11-00A0C91BC942}") = "Hello world", "Hello world\Hello world.vcxproj", "{153FB5BE-7719-4A8B-973B-D791CFC0C1E0}"
EndProject
Project("{8BC9CEB8-8B4A-11D0-8D11-00A0C91BC942}") = "InputOutpuVariables", "InputOutpuVariables\InputOutpuVariables.vcxproj", "{8B93DB58-3127-4B4E-B8EA-FCF0D0F3CDC6}"
EndProject
Project("{8BC9CEB8-8B4A-11D0-8D11-00A0C91BC942}") = "DataTypes", "DataTypes\DataTypes.vcxproj", "{2073F47F-0B9C-423B-83B5-4E870B6B2A27}"
EndProject
Project("{8BC9CEB8-8B4A-11D0-8D11-00A0C91BC942}") = "Chars", "Chars\Project1.vcxproj", "{93FBE8B7-1175-47C9-A0AB-5309ED2EFB40}"
EndProject
Project("{8BC9CEB8-8B4A-11D0-8D11-00A0C91BC942}") = "IfElse", "IfElse\IfElse.vcxproj", "{D60B5D24-8753-45B0-93C0-AA8D3F7055E9}"
EndProject
Project("{8BC9CEB8-8B4A-11D0-8D11-00A0C91BC942}") = "Operators", "Operators\Operators.vcxproj", "{7ABE15DA-355A-4837-A946-A48CAB95B4D7}"
EndProject
Project("{8BC9CEB8-8B4A-11D0-8D11-00A0C91BC942}") = "SwapValuesOfTwoVariables", "SwapValuesOfTwoVariables\SwapValuesOfTwoVariables.vcxproj", "{2B81DDD0-E406-4C1E-AA1D-C23C31900169}"
EndProject
Project("{8BC9CEB8-8B4A-11D0-8D11-00A0C91BC942}") = "SwitchCase", "SwitchCase\SwitchCase.vcxproj", "{07933838-E7E5-4F51-B864-CE7CD53971D9}"
EndProject
Project("{8BC9CEB8-8B4A-11D0-8D11-00A0C91BC942}") = "Switch-Calendar", "Switch-Calendar\Switch-Calendar.vcxproj", "{D22B53E5-2480-4D52-8168-8D543A1C5103}"
EndProject
Project("{8BC9CEB8-8B4A-11D0-8D11-00A0C91BC942}") = "WhileLoop", "WhileLoop\WhileLoop.vcxproj", "{0EDF4088-BC2B-40AC-973E-FCFF3C8388F6}"
EndProject
Global
	GlobalSection(SolutionConfigurationPlatforms) = preSolution
		Debug|x64 = Debug|x64
		Debug|x86 = Debug|x86
		Release|x64 = Release|x64
		Release|x86 = Release|x86
	EndGlobalSection
	GlobalSection(ProjectConfigurationPlatforms) = postSolution
		{153FB5BE-7719-4A8B-973B-D791CFC0C1E0}.Debug|x64.ActiveCfg = Debug|x64
		{153FB5BE-7719-4A8B-973B-D791CFC0C1E0}.Debug|x64.Build.0 = Debug|x64
		{153FB5BE-7719-4A8B-973B-D791CFC0C1E0}.Debug|x86.ActiveCfg = Debug|Win32
		{153FB5BE-7719-4A8B-973B-D791CFC0C1E0}.Debug|x86.Build.0 = Debug|Win32
		{153FB5BE-7719-4A8B-973B-D791CFC0C1E0}.Release|x64.ActiveCfg = Release|x64
		{153FB5BE-7719-4A8B-973B-D791CFC0C1E0}.Release|x64.Build.0 = Release|x64
		{153FB5BE-7719-4A8B-973B-D791CFC0C1E0}.Release|x86.ActiveCfg = Release|Win32
		{153FB5BE-7719-4A8B-973B-D791CFC0C1E0}.Release|x86.Build.0 = Release|Win32
		{8B93DB58-3127-4B4E-B8EA-FCF0D0F3CDC6}.Debug|x64.ActiveCfg = Debug|x64
		{8B93DB58-3127-4B4E-B8EA-FCF0D0F3CDC6}.Debug|x64.Build.0 = Debug|x64
		{8B93DB58-3127-4B4E-B8EA-FCF0D0F3CDC6}.Debug|x86.ActiveCfg = Debug|Win32
		{8B93DB58-3127-4B4E-B8EA-FCF0D0F3CDC6}.Debug|x86.Build.0 = Debug|Win32
		{8B93DB58-3127-4B4E-B8EA-FCF0D0F3CDC6}.Release|x64.ActiveCfg = Release|x64
		{8B93DB58-3127-4B4E-B8EA-FCF0D0F3CDC6}.Release|x64.Build.0 = Release|x64
		{8B93DB58-3127-4B4E-B8EA-FCF0D0F3CDC6}.Release|x86.ActiveCfg = Release|Win32
		{8B93DB58-3127-4B4E-B8EA-FCF0D0F3CDC6}.Release|x86.Build.0 = Release|Win32
		{2073F47F-0B9C-423B-83B5-4E870B6B2A27}.Debug|x64.ActiveCfg = Debug|x64
		{2073F47F-0B9C-423B-83B5-4E870B6B2A27}.Debug|x64.Build.0 = Debug|x64
		{2073F47F-0B9C-423B-83B5-4E870B6B2A27}.Debug|x86.ActiveCfg = Debug|Win32
		{2073F47F-0B9C-423B-83B5-4E870B6B2A27}.Debug|x86.Build.0 = Debug|Win32
		{2073F47F-0B9C-423B-83B5-4E870B6B2A27}.Release|x64.ActiveCfg = Release|x64
		{2073F47F-0B9C-423B-83B5-4E870B6B2A27}.Release|x64.Build.0 = Release|x64
		{2073F47F-0B9C-423B-83B5-4E870B6B2A27}.Release|x86.ActiveCfg = Release|Win32
		{2073F47F-0B9C-423B-83B5-4E870B6B2A27}.Release|x86.Build.0 = Release|Win32
		{93FBE8B7-1175-47C9-A0AB-5309ED2EFB40}.Debug|x64.ActiveCfg = Debug|x64
		{93FBE8B7-1175-47C9-A0AB-5309ED2EFB40}.Debug|x64.Build.0 = Debug|x64
		{93FBE8B7-1175-47C9-A0AB-5309ED2EFB40}.Debug|x86.ActiveCfg = Debug|Win32
		{93FBE8B7-1175-47C9-A0AB-5309ED2EFB40}.Debug|x86.Build.0 = Debug|Win32
		{93FBE8B7-1175-47C9-A0AB-5309ED2EFB40}.Release|x64.ActiveCfg = Release|x64
		{93FBE8B7-1175-47C9-A0AB-5309ED2EFB40}.Release|x64.Build.0 = Release|x64
		{93FBE8B7-1175-47C9-A0AB-5309ED2EFB40}.Release|x86.ActiveCfg = Release|Win32
		{93FBE8B7-1175-47C9-A0AB-5309ED2EFB40}.Release|x86.Build.0 = Release|Win32
		{D60B5D24-8753-45B0-93C0-AA8D3F7055E9}.Debug|x64.ActiveCfg = Debug|x64
		{D60B5D24-8753-45B0-93C0-AA8D3F7055E9}.Debug|x64.Build.0 = Debug|x64
		{D60B5D24-8753-45B0-93C0-AA8D3F7055E9}.Debug|x86.ActiveCfg = Debug|Win32
		{D60B5D24-8753-45B0-93C0-AA8D3F7055E9}.Debug|x86.Build.0 = Debug|Win32
		{D60B5D24-8753-45B0-93C0-AA8D3F7055E9}.Release|x64.ActiveCfg = Release|x64
		{D60B5D24-8753-45B0-93C0-AA8D3F7055E9}.Release|x64.Build.0 = Release|x64
		{D60B5D24-8753-45B0-93C0-AA8D3F7055E9}.Release|x86.ActiveCfg = Release|Win32
		{D60B5D24-8753-45B0-93C0-AA8D3F7055E9}.Release|x86.Build.0 = Release|Win32
		{7ABE15DA-355A-4837-A946-A48CAB95B4D7}.Debug|x64.ActiveCfg = Debug|x64
		{7ABE15DA-355A-4837-A946-A48CAB95B4D7}.Debug|x64.Build.0 = Debug|x64
		{7ABE15DA-355A-4837-A946-A48CAB95B4D7}.Debug|x86.ActiveCfg = Debug|Win32
		{7ABE15DA-355A-4837-A946-A48CAB95B4D7}.Debug|x86.Build.0 = Debug|Win32
		{7ABE15DA-355A-4837-A946-A48CAB95B4D7}.Release|x64.ActiveCfg = Release|x64
		{7ABE15DA-355A-4837-A946-A48CAB95B4D7}.Release|x64.Build.0 = Release|x64
		{7ABE15DA-355A-4837-A946-A48CAB95B4D7}.Release|x86.ActiveCfg = Release|Win32
		{7ABE15DA-355A-4837-A946-A48CAB95B4D7}.Release|x86.Build.0 = Release|Win32
		{2B81DDD0-E406-4C1E-AA1D-C23C31900169}.Debug|x64.ActiveCfg = Debug|x64
		{2B81DDD0-E406-4C1E-AA1D-C23C31900169}.Debug|x64.Build.0 = Debug|x64
		{2B81DDD0-E406-4C1E-AA1D-C23C31900169}.Debug|x86.ActiveCfg = Debug|Win32
		{2B81DDD0-E406-4C1E-AA1D-C23C31900169}.Debug|x86.Build.0 = Debug|Win32
		{2B81DDD0-E406-4C1E-AA1D-C23C31900169}.Release|x64.ActiveCfg = Release|x64
		{2B81DDD0-E406-4C1E-AA1D-C23C31900169}.Release|x64.Build.0 = Release|x64
		{2B81DDD0-E406-4C1E-AA1D-C23C31900169}.Release|x86.ActiveCfg = Release|Win32
		{2B81DDD0-E406-4C1E-AA1D-C23C31900169}.Release|x86.Build.0 = Release|Win32
		{07933838-E7E5-4F51-B864-CE7CD53971D9}.Debug|x64.ActiveCfg = Debug|x64
		{07933838-E7E5-4F51-B864-CE7CD53971D9}.Debug|x64.Build.0 = Debug|x64
		{07933838-E7E5-4F51-B864-CE7CD53971D9}.Debug|x86.ActiveCfg = Debug|Win32
		{07933838-E7E5-4F51-B864-CE7CD53971D9}.Debug|x86.Build.0 = Debug|Win32
		{07933838-E7E5-4F51-B864-CE7CD53971D9}.Release|x64.ActiveCfg = Release|x64
		{07933838-E7E5-4F51-B864-CE7CD53971D9}.Release|x64.Build.0 = Release|x64
		{07933838-E7E5-4F51-B864-CE7CD53971D9}.Release|x86.ActiveCfg = Release|Win32
		{07933838-E7E5-4F51-B864-CE7CD53971D9}.Release|x86.Build.0 = Release|Win32
		{D22B53E5-2480-4D52-8168-8D543A1C5103}.Debug|x64.ActiveCfg = Debug|x64
		{D22B53E5-2480-4D52-8168-8D543A1C5103}.Debug|x64.Build.0 = Debug|x64
		{D22B53E5-2480-4D52-8168-8D543A1C5103}.Debug|x86.ActiveCfg = Debug|Win32
		{D22B53E5-2480-4D52-8168-8D543A1C5103}.Debug|x86.Build.0 = Debug|Win32
		{D22B53E5-2480-4D52-8168-8D543A1C5103}.Release|x64.ActiveCfg = Release|x64
		{D22B53E5-2480-4D52-8168-8D543A1C5103}.Release|x64.Build.0 = Release|x64
		{D22B53E5-2480-4D52-8168-8D543A1C5103}.Release|x86.ActiveCfg = Release|Win32
		{D22B53E5-2480-4D52-8168-8D543A1C5103}.Release|x86.Build.0 = Release|Win32
		{0EDF4088-BC2B-40AC-973E-FCFF3C8388F6}.Debug|x64.ActiveCfg = Debug|x64
		{0EDF4088-BC2B-40AC-973E-FCFF3C8388F6}.Debug|x64.Build.0 = Debug|x64
		{0EDF4088-BC2B-40AC-973E-FCFF3C8388F6}.Debug|x86.ActiveCfg = Debug|Win32
		{0EDF4088-BC2B-40AC-973E-FCFF3C8388F6}.Debug|x86.Build.0 = Debug|Win32
		{0EDF4088-BC2B-40AC-973E-FCFF3C8388F6}.Release|x64.ActiveCfg = Release|x64
		{0EDF4088-BC2B-40AC-973E-FCFF3C8388F6}.Release|x64.Build.0 = Release|x64
		{0EDF4088-BC2B-40AC-973E-FCFF3C8388F6}.Release|x86.ActiveCfg = Release|Win32
		{0EDF4088-BC2B-40AC-973E-FCFF3C8388F6}.Release|x86.Build.0 = Release|Win32
	EndGlobalSection
	GlobalSection(SolutionProperties) = preSolution
		HideSolutionNode = FALSE
	EndGlobalSection
	GlobalSection(ExtensibilityGlobals) = postSolution
		SolutionGuid = {0D2358D6-B874-4119-B484-E868F0308E24}
	EndGlobalSection
EndGlobal
