
Microsoft Visual Studio Solution File, Format Version 12.00
# Visual Studio Version 16
VisualStudioVersion = 16.0.31829.152
MinimumVisualStudioVersion = 10.0.40219.1
Project("{8BC9CEB8-8B4A-11D0-8D11-00A0C91BC942}") = "Hello world", "Hello world\Hello world.vcxproj", "{153FB5BE-7719-4A8B-973B-D791CFC0C1E0}"
EndProject
Project("{8BC9CEB8-8B4A-11D0-8D11-00A0C91BC942}") = "InputOutpuVariables", "InputOutpuVariables\InputOutpuVariables.vcxproj", "{8B93DB58-3127-4B4E-B8EA-FCF0D0F3CDC6}"
EndProject
Project("{8BC9CEB8-8B4A-11D0-8D11-00A0C91BC942}") = "DataTypes", "DataTypes\DataTypes.vcxproj", "{2073F47F-0B9C-423B-83B5-4E870B6B2A27}"
EndProject
Project("{8BC9CEB8-8B4A-11D0-8D11-00A0C91BC942}") = "Chars", "Chars\Project1.vcxproj", "{93FBE8B7-1175-47C9-A0AB-5309ED2EFB40}"
EndProject
Project("{8BC9CEB8-8B4A-11D0-8D11-00A0C91BC942}") = "IfElse", "IfElse\IfElse.vcxproj", "{D60B5D24-8753-45B0-93C0-AA8D3F7055E9}"
EndProject
Project("{8BC9CEB8-8B4A-11D0-8D11-00A0C91BC942}") = "Operators", "Operators\Operators.vcxproj", "{7ABE15DA-355A-4837-A946-A48CAB95B4D7}"
EndProject
Project("{8BC9CEB8-8B4A-11D0-8D11-00A0C91BC942}") = "SwapValuesOfTwoVariables", "SwapValuesOfTwoVariables\SwapValuesOfTwoVariables.vcxproj", "{2B81DDD0-E406-4C1E-AA1D-C23C31900169}"
EndProject
Project("{8BC9CEB8-8B4A-11D0-8D11-00A0C91BC942}") = "SwitchCase", "SwitchCase\SwitchCase.vcxproj", "{07933838-E7E5-4F51-B864-CE7CD53971D9}"
EndProject
Project("{8BC9CEB8-8B4A-11D0-8D11-00A0C91BC942}") = "Switch-Calendar", "Switch-Calendar\Switch-Calendar.vcxproj", "{D22B53E5-2480-4D52-8168-8D543A1C5103}"
EndProject
Project("{8BC9CEB8-8B4A-11D0-8D11-00A0C91BC942}") = "WhileLoop", "WhileLoop\WhileLoop.vcxproj", "{0EDF4088-BC2B-40AC-973E-FCFF3C8388F6}"
EndProject
Project("{8BC9CEB8-8B4A-11D0-8D11-00A0C91BC942}") = "DoWhileLoop", "DoWhileLoop\DoWhileLoop.vcxproj", "{F7721173-0527-4FF7-8E76-026B2DEC9AD8}"
EndProject
Project("{8BC9CEB8-8B4A-11D0-8D11-00A0C91BC942}") = "ForLoop", "ForLoop\ForLoop.vcxproj", "{A89432E7-50D7-448B-8850-7D58334755E6}"
EndProject
Project("{8BC9CEB8-8B4A-11D0-8D11-00A0C91BC942}") = "Function", "Function\Function.vcxproj", "{36F31A1B-3214-4D27-90B5-FD480ED38FCC}"
EndProject
Project("{8BC9CEB8-8B4A-11D0-8D11-00A0C91BC942}") = "NestingLoops", "NestingLoops\NestingLoops.vcxproj", "{F7A8B3AF-99AA-41B2-A453-B483D969E4F9}"
EndProject
Project("{8BC9CEB8-8B4A-11D0-8D11-00A0C91BC942}") = "Threads", "Threads\Threads.vcxproj", "{7820CE33-2312-4494-9144-2681FDD6F6A1}"
EndProject
Project("{8BC9CEB8-8B4A-11D0-8D11-00A0C91BC942}") = "BasicThread", "BasicThreads\BasicThreads.vcxproj", "{5C7C267A-CAA0-48C5-8AA6-34A0AF457648}"
EndProject
Project("{8BC9CEB8-8B4A-11D0-8D11-00A0C91BC942}") = "BasicMultipleThreads", "BasicMultipleThreads\BasicMultipleThreads.vcxproj", "{8F986AF2-AFC1-454B-836B-D9FB8379A699}"
EndProject
Project("{8BC9CEB8-8B4A-11D0-8D11-00A0C91BC942}") = "ThreadsMutex", "ThreadsMutex\ThreadsMutex.vcxproj", "{0175D322-009E-4DA0-A1D6-2FF39246A367}"
EndProject
Project("{8BC9CEB8-8B4A-11D0-8D11-00A0C91BC942}") = "ThreadsMutexBankAndPrimes", "ThreadsMutexBankAndPrimes\ThreadsMutexBankAndPrimes.vcxproj", "{A57C5920-05FC-4464-8D2C-4ED8BC19EA6B}"
EndProject
Project("{8BC9CEB8-8B4A-11D0-8D11-00A0C91BC942}") = "ThreadsSemaphore", "ThreadsSemaphore\ThreadsSemaphore.vcxproj", "{D22AC14B-FD4A-4DE0-BD63-582B5C8DAAA9}"
EndProject
Project("{8BC9CEB8-8B4A-11D0-8D11-00A0C91BC942}") = "ThreadsExternalMutex-Client", "ThreadsExternalMutex-Client\ThreadsExternalMutex-Client.vcxproj", "{2B35F037-F1B6-421C-8FC8-86B4666076DD}"
EndProject
Project("{8BC9CEB8-8B4A-11D0-8D11-00A0C91BC942}") = "ThreadsExternalMutex-Server", "ThreadsExternalMutex-Server\ThreadsExternalMutex-Server.vcxproj", "{6A323905-DD3D-49A9-863B-A207DC17B2BE}"
EndProject
Project("{8BC9CEB8-8B4A-11D0-8D11-00A0C91BC942}") = "MemManagmentFileMappingClient", "MemManagmentFileMappingClient\MemManagmentFileMappingClient.vcxproj", "{C4A95487-A440-4955-A9A4-39F11580BD11}"
EndProject
Project("{8BC9CEB8-8B4A-11D0-8D11-00A0C91BC942}") = "MemManagmentFileMappingServer", "MemManagmentFileMappingServer\MemManagmentFileMappingServer.vcxproj", "{D72F8654-7DEC-42D6-8977-9FCAE5B7A414}"
EndProject
Project("{8BC9CEB8-8B4A-11D0-8D11-00A0C91BC942}") = "UDPSocketServer", "UDPSocketServer\UDPSocketServer.vcxproj", "{322DE427-0E40-416F-AB50-18BBA382D386}"
EndProject
Project("{8BC9CEB8-8B4A-11D0-8D11-00A0C91BC942}") = "UDPSocketClient", "UDPSocketClient\UDPSocketClient.vcxproj", "{6E769E8F-0322-463D-9CE8-2BA284C75E7C}"
EndProject
Project("{8BC9CEB8-8B4A-11D0-8D11-00A0C91BC942}") = "TCPSocketServer", "TCPSocketServer\TCPSocketServer.vcxproj", "{4773F919-B096-4AEC-83C9-37DAA95001DF}"
EndProject
Project("{8BC9CEB8-8B4A-11D0-8D11-00A0C91BC942}") = "TCPSocketClient", "TCPSocketClient\TCPSocketClient.vcxproj", "{77001C89-B962-4ED8-9622-CFA8B7F0AA8F}"
EndProject
Global
	GlobalSection(SolutionConfigurationPlatforms) = preSolution
		Debug|x64 = Debug|x64
		Debug|x86 = Debug|x86
		Release|x64 = Release|x64
		Release|x86 = Release|x86
	EndGlobalSection
	GlobalSection(ProjectConfigurationPlatforms) = postSolution
		{153FB5BE-7719-4A8B-973B-D791CFC0C1E0}.Debug|x64.ActiveCfg = Debug|x64
		{153FB5BE-7719-4A8B-973B-D791CFC0C1E0}.Debug|x64.Build.0 = Debug|x64
		{153FB5BE-7719-4A8B-973B-D791CFC0C1E0}.Debug|x86.ActiveCfg = Debug|Win32
		{153FB5BE-7719-4A8B-973B-D791CFC0C1E0}.Debug|x86.Build.0 = Debug|Win32
		{153FB5BE-7719-4A8B-973B-D791CFC0C1E0}.Release|x64.ActiveCfg = Release|x64
		{153FB5BE-7719-4A8B-973B-D791CFC0C1E0}.Release|x64.Build.0 = Release|x64
		{153FB5BE-7719-4A8B-973B-D791CFC0C1E0}.Release|x86.ActiveCfg = Release|Win32
		{153FB5BE-7719-4A8B-973B-D791CFC0C1E0}.Release|x86.Build.0 = Release|Win32
		{8B93DB58-3127-4B4E-B8EA-FCF0D0F3CDC6}.Debug|x64.ActiveCfg = Debug|x64
		{8B93DB58-3127-4B4E-B8EA-FCF0D0F3CDC6}.Debug|x64.Build.0 = Debug|x64
		{8B93DB58-3127-4B4E-B8EA-FCF0D0F3CDC6}.Debug|x86.ActiveCfg = Debug|Win32
		{8B93DB58-3127-4B4E-B8EA-FCF0D0F3CDC6}.Debug|x86.Build.0 = Debug|Win32
		{8B93DB58-3127-4B4E-B8EA-FCF0D0F3CDC6}.Release|x64.ActiveCfg = Release|x64
		{8B93DB58-3127-4B4E-B8EA-FCF0D0F3CDC6}.Release|x64.Build.0 = Release|x64
		{8B93DB58-3127-4B4E-B8EA-FCF0D0F3CDC6}.Release|x86.ActiveCfg = Release|Win32
		{8B93DB58-3127-4B4E-B8EA-FCF0D0F3CDC6}.Release|x86.Build.0 = Release|Win32
		{2073F47F-0B9C-423B-83B5-4E870B6B2A27}.Debug|x64.ActiveCfg = Debug|x64
		{2073F47F-0B9C-423B-83B5-4E870B6B2A27}.Debug|x64.Build.0 = Debug|x64
		{2073F47F-0B9C-423B-83B5-4E870B6B2A27}.Debug|x86.ActiveCfg = Debug|Win32
		{2073F47F-0B9C-423B-83B5-4E870B6B2A27}.Debug|x86.Build.0 = Debug|Win32
		{2073F47F-0B9C-423B-83B5-4E870B6B2A27}.Release|x64.ActiveCfg = Release|x64
		{2073F47F-0B9C-423B-83B5-4E870B6B2A27}.Release|x64.Build.0 = Release|x64
		{2073F47F-0B9C-423B-83B5-4E870B6B2A27}.Release|x86.ActiveCfg = Release|Win32
		{2073F47F-0B9C-423B-83B5-4E870B6B2A27}.Release|x86.Build.0 = Release|Win32
		{93FBE8B7-1175-47C9-A0AB-5309ED2EFB40}.Debug|x64.ActiveCfg = Debug|x64
		{93FBE8B7-1175-47C9-A0AB-5309ED2EFB40}.Debug|x64.Build.0 = Debug|x64
		{93FBE8B7-1175-47C9-A0AB-5309ED2EFB40}.Debug|x86.ActiveCfg = Debug|Win32
		{93FBE8B7-1175-47C9-A0AB-5309ED2EFB40}.Debug|x86.Build.0 = Debug|Win32
		{93FBE8B7-1175-47C9-A0AB-5309ED2EFB40}.Release|x64.ActiveCfg = Release|x64
		{93FBE8B7-1175-47C9-A0AB-5309ED2EFB40}.Release|x64.Build.0 = Release|x64
		{93FBE8B7-1175-47C9-A0AB-5309ED2EFB40}.Release|x86.ActiveCfg = Release|Win32
		{93FBE8B7-1175-47C9-A0AB-5309ED2EFB40}.Release|x86.Build.0 = Release|Win32
		{D60B5D24-8753-45B0-93C0-AA8D3F7055E9}.Debug|x64.ActiveCfg = Debug|x64
		{D60B5D24-8753-45B0-93C0-AA8D3F7055E9}.Debug|x64.Build.0 = Debug|x64
		{D60B5D24-8753-45B0-93C0-AA8D3F7055E9}.Debug|x86.ActiveCfg = Debug|Win32
		{D60B5D24-8753-45B0-93C0-AA8D3F7055E9}.Debug|x86.Build.0 = Debug|Win32
		{D60B5D24-8753-45B0-93C0-AA8D3F7055E9}.Release|x64.ActiveCfg = Release|x64
		{D60B5D24-8753-45B0-93C0-AA8D3F7055E9}.Release|x64.Build.0 = Release|x64
		{D60B5D24-8753-45B0-93C0-AA8D3F7055E9}.Release|x86.ActiveCfg = Release|Win32
		{D60B5D24-8753-45B0-93C0-AA8D3F7055E9}.Release|x86.Build.0 = Release|Win32
		{7ABE15DA-355A-4837-A946-A48CAB95B4D7}.Debug|x64.ActiveCfg = Debug|x64
		{7ABE15DA-355A-4837-A946-A48CAB95B4D7}.Debug|x64.Build.0 = Debug|x64
		{7ABE15DA-355A-4837-A946-A48CAB95B4D7}.Debug|x86.ActiveCfg = Debug|Win32
		{7ABE15DA-355A-4837-A946-A48CAB95B4D7}.Debug|x86.Build.0 = Debug|Win32
		{7ABE15DA-355A-4837-A946-A48CAB95B4D7}.Release|x64.ActiveCfg = Release|x64
		{7ABE15DA-355A-4837-A946-A48CAB95B4D7}.Release|x64.Build.0 = Release|x64
		{7ABE15DA-355A-4837-A946-A48CAB95B4D7}.Release|x86.ActiveCfg = Release|Win32
		{7ABE15DA-355A-4837-A946-A48CAB95B4D7}.Release|x86.Build.0 = Release|Win32
		{2B81DDD0-E406-4C1E-AA1D-C23C31900169}.Debug|x64.ActiveCfg = Debug|x64
		{2B81DDD0-E406-4C1E-AA1D-C23C31900169}.Debug|x64.Build.0 = Debug|x64
		{2B81DDD0-E406-4C1E-AA1D-C23C31900169}.Debug|x86.ActiveCfg = Debug|Win32
		{2B81DDD0-E406-4C1E-AA1D-C23C31900169}.Debug|x86.Build.0 = Debug|Win32
		{2B81DDD0-E406-4C1E-AA1D-C23C31900169}.Release|x64.ActiveCfg = Release|x64
		{2B81DDD0-E406-4C1E-AA1D-C23C31900169}.Release|x64.Build.0 = Release|x64
		{2B81DDD0-E406-4C1E-AA1D-C23C31900169}.Release|x86.ActiveCfg = Release|Win32
		{2B81DDD0-E406-4C1E-AA1D-C23C31900169}.Release|x86.Build.0 = Release|Win32
		{07933838-E7E5-4F51-B864-CE7CD53971D9}.Debug|x64.ActiveCfg = Debug|x64
		{07933838-E7E5-4F51-B864-CE7CD53971D9}.Debug|x64.Build.0 = Debug|x64
		{07933838-E7E5-4F51-B864-CE7CD53971D9}.Debug|x86.ActiveCfg = Debug|Win32
		{07933838-E7E5-4F51-B864-CE7CD53971D9}.Debug|x86.Build.0 = Debug|Win32
		{07933838-E7E5-4F51-B864-CE7CD53971D9}.Release|x64.ActiveCfg = Release|x64
		{07933838-E7E5-4F51-B864-CE7CD53971D9}.Release|x64.Build.0 = Release|x64
		{07933838-E7E5-4F51-B864-CE7CD53971D9}.Release|x86.ActiveCfg = Release|Win32
		{07933838-E7E5-4F51-B864-CE7CD53971D9}.Release|x86.Build.0 = Release|Win32
		{D22B53E5-2480-4D52-8168-8D543A1C5103}.Debug|x64.ActiveCfg = Debug|x64
		{D22B53E5-2480-4D52-8168-8D543A1C5103}.Debug|x64.Build.0 = Debug|x64
		{D22B53E5-2480-4D52-8168-8D543A1C5103}.Debug|x86.ActiveCfg = Debug|Win32
		{D22B53E5-2480-4D52-8168-8D543A1C5103}.Debug|x86.Build.0 = Debug|Win32
		{D22B53E5-2480-4D52-8168-8D543A1C5103}.Release|x64.ActiveCfg = Release|x64
		{D22B53E5-2480-4D52-8168-8D543A1C5103}.Release|x64.Build.0 = Release|x64
		{D22B53E5-2480-4D52-8168-8D543A1C5103}.Release|x86.ActiveCfg = Release|Win32
		{D22B53E5-2480-4D52-8168-8D543A1C5103}.Release|x86.Build.0 = Release|Win32
		{0EDF4088-BC2B-40AC-973E-FCFF3C8388F6}.Debug|x64.ActiveCfg = Debug|x64
		{0EDF4088-BC2B-40AC-973E-FCFF3C8388F6}.Debug|x64.Build.0 = Debug|x64
		{0EDF4088-BC2B-40AC-973E-FCFF3C8388F6}.Debug|x86.ActiveCfg = Debug|Win32
		{0EDF4088-BC2B-40AC-973E-FCFF3C8388F6}.Debug|x86.Build.0 = Debug|Win32
		{0EDF4088-BC2B-40AC-973E-FCFF3C8388F6}.Release|x64.ActiveCfg = Release|x64
		{0EDF4088-BC2B-40AC-973E-FCFF3C8388F6}.Release|x64.Build.0 = Release|x64
		{0EDF4088-BC2B-40AC-973E-FCFF3C8388F6}.Release|x86.ActiveCfg = Release|Win32
		{0EDF4088-BC2B-40AC-973E-FCFF3C8388F6}.Release|x86.Build.0 = Release|Win32
		{F7721173-0527-4FF7-8E76-026B2DEC9AD8}.Debug|x64.ActiveCfg = Debug|x64
		{F7721173-0527-4FF7-8E76-026B2DEC9AD8}.Debug|x64.Build.0 = Debug|x64
		{F7721173-0527-4FF7-8E76-026B2DEC9AD8}.Debug|x86.ActiveCfg = Debug|Win32
		{F7721173-0527-4FF7-8E76-026B2DEC9AD8}.Debug|x86.Build.0 = Debug|Win32
		{F7721173-0527-4FF7-8E76-026B2DEC9AD8}.Release|x64.ActiveCfg = Release|x64
		{F7721173-0527-4FF7-8E76-026B2DEC9AD8}.Release|x64.Build.0 = Release|x64
		{F7721173-0527-4FF7-8E76-026B2DEC9AD8}.Release|x86.ActiveCfg = Release|Win32
		{F7721173-0527-4FF7-8E76-026B2DEC9AD8}.Release|x86.Build.0 = Release|Win32
		{A89432E7-50D7-448B-8850-7D58334755E6}.Debug|x64.ActiveCfg = Debug|x64
		{A89432E7-50D7-448B-8850-7D58334755E6}.Debug|x64.Build.0 = Debug|x64
		{A89432E7-50D7-448B-8850-7D58334755E6}.Debug|x86.ActiveCfg = Debug|Win32
		{A89432E7-50D7-448B-8850-7D58334755E6}.Debug|x86.Build.0 = Debug|Win32
		{A89432E7-50D7-448B-8850-7D58334755E6}.Release|x64.ActiveCfg = Release|x64
		{A89432E7-50D7-448B-8850-7D58334755E6}.Release|x64.Build.0 = Release|x64
		{A89432E7-50D7-448B-8850-7D58334755E6}.Release|x86.ActiveCfg = Release|Win32
		{A89432E7-50D7-448B-8850-7D58334755E6}.Release|x86.Build.0 = Release|Win32
		{36F31A1B-3214-4D27-90B5-FD480ED38FCC}.Debug|x64.ActiveCfg = Debug|x64
		{36F31A1B-3214-4D27-90B5-FD480ED38FCC}.Debug|x64.Build.0 = Debug|x64
		{36F31A1B-3214-4D27-90B5-FD480ED38FCC}.Debug|x86.ActiveCfg = Debug|Win32
		{36F31A1B-3214-4D27-90B5-FD480ED38FCC}.Debug|x86.Build.0 = Debug|Win32
		{36F31A1B-3214-4D27-90B5-FD480ED38FCC}.Release|x64.ActiveCfg = Release|x64
		{36F31A1B-3214-4D27-90B5-FD480ED38FCC}.Release|x64.Build.0 = Release|x64
		{36F31A1B-3214-4D27-90B5-FD480ED38FCC}.Release|x86.ActiveCfg = Release|Win32
		{36F31A1B-3214-4D27-90B5-FD480ED38FCC}.Release|x86.Build.0 = Release|Win32
		{F7A8B3AF-99AA-41B2-A453-B483D969E4F9}.Debug|x64.ActiveCfg = Debug|x64
		{F7A8B3AF-99AA-41B2-A453-B483D969E4F9}.Debug|x64.Build.0 = Debug|x64
		{F7A8B3AF-99AA-41B2-A453-B483D969E4F9}.Debug|x86.ActiveCfg = Debug|Win32
		{F7A8B3AF-99AA-41B2-A453-B483D969E4F9}.Debug|x86.Build.0 = Debug|Win32
		{F7A8B3AF-99AA-41B2-A453-B483D969E4F9}.Release|x64.ActiveCfg = Release|x64
		{F7A8B3AF-99AA-41B2-A453-B483D969E4F9}.Release|x64.Build.0 = Release|x64
		{F7A8B3AF-99AA-41B2-A453-B483D969E4F9}.Release|x86.ActiveCfg = Release|Win32
		{F7A8B3AF-99AA-41B2-A453-B483D969E4F9}.Release|x86.Build.0 = Release|Win32
		{7820CE33-2312-4494-9144-2681FDD6F6A1}.Debug|x64.ActiveCfg = Debug|x64
		{7820CE33-2312-4494-9144-2681FDD6F6A1}.Debug|x64.Build.0 = Debug|x64
		{7820CE33-2312-4494-9144-2681FDD6F6A1}.Debug|x86.ActiveCfg = Debug|Win32
		{7820CE33-2312-4494-9144-2681FDD6F6A1}.Debug|x86.Build.0 = Debug|Win32
		{7820CE33-2312-4494-9144-2681FDD6F6A1}.Release|x64.ActiveCfg = Release|x64
		{7820CE33-2312-4494-9144-2681FDD6F6A1}.Release|x64.Build.0 = Release|x64
		{7820CE33-2312-4494-9144-2681FDD6F6A1}.Release|x86.ActiveCfg = Release|Win32
		{7820CE33-2312-4494-9144-2681FDD6F6A1}.Release|x86.Build.0 = Release|Win32
		{5C7C267A-CAA0-48C5-8AA6-34A0AF457648}.Debug|x64.ActiveCfg = Debug|x64
		{5C7C267A-CAA0-48C5-8AA6-34A0AF457648}.Debug|x64.Build.0 = Debug|x64
		{5C7C267A-CAA0-48C5-8AA6-34A0AF457648}.Debug|x86.ActiveCfg = Debug|Win32
		{5C7C267A-CAA0-48C5-8AA6-34A0AF457648}.Debug|x86.Build.0 = Debug|Win32
		{5C7C267A-CAA0-48C5-8AA6-34A0AF457648}.Release|x64.ActiveCfg = Release|x64
		{5C7C267A-CAA0-48C5-8AA6-34A0AF457648}.Release|x64.Build.0 = Release|x64
		{5C7C267A-CAA0-48C5-8AA6-34A0AF457648}.Release|x86.ActiveCfg = Release|Win32
		{5C7C267A-CAA0-48C5-8AA6-34A0AF457648}.Release|x86.Build.0 = Release|Win32
		{8F986AF2-AFC1-454B-836B-D9FB8379A699}.Debug|x64.ActiveCfg = Debug|x64
		{8F986AF2-AFC1-454B-836B-D9FB8379A699}.Debug|x64.Build.0 = Debug|x64
		{8F986AF2-AFC1-454B-836B-D9FB8379A699}.Debug|x86.ActiveCfg = Debug|Win32
		{8F986AF2-AFC1-454B-836B-D9FB8379A699}.Debug|x86.Build.0 = Debug|Win32
		{8F986AF2-AFC1-454B-836B-D9FB8379A699}.Release|x64.ActiveCfg = Release|x64
		{8F986AF2-AFC1-454B-836B-D9FB8379A699}.Release|x64.Build.0 = Release|x64
		{8F986AF2-AFC1-454B-836B-D9FB8379A699}.Release|x86.ActiveCfg = Release|Win32
		{8F986AF2-AFC1-454B-836B-D9FB8379A699}.Release|x86.Build.0 = Release|Win32
		{0175D322-009E-4DA0-A1D6-2FF39246A367}.Debug|x64.ActiveCfg = Debug|x64
		{0175D322-009E-4DA0-A1D6-2FF39246A367}.Debug|x64.Build.0 = Debug|x64
		{0175D322-009E-4DA0-A1D6-2FF39246A367}.Debug|x86.ActiveCfg = Debug|Win32
		{0175D322-009E-4DA0-A1D6-2FF39246A367}.Debug|x86.Build.0 = Debug|Win32
		{0175D322-009E-4DA0-A1D6-2FF39246A367}.Release|x64.ActiveCfg = Release|x64
		{0175D322-009E-4DA0-A1D6-2FF39246A367}.Release|x64.Build.0 = Release|x64
		{0175D322-009E-4DA0-A1D6-2FF39246A367}.Release|x86.ActiveCfg = Release|Win32
		{0175D322-009E-4DA0-A1D6-2FF39246A367}.Release|x86.Build.0 = Release|Win32
		{A57C5920-05FC-4464-8D2C-4ED8BC19EA6B}.Debug|x64.ActiveCfg = Debug|x64
		{A57C5920-05FC-4464-8D2C-4ED8BC19EA6B}.Debug|x64.Build.0 = Debug|x64
		{A57C5920-05FC-4464-8D2C-4ED8BC19EA6B}.Debug|x86.ActiveCfg = Debug|Win32
		{A57C5920-05FC-4464-8D2C-4ED8BC19EA6B}.Debug|x86.Build.0 = Debug|Win32
		{A57C5920-05FC-4464-8D2C-4ED8BC19EA6B}.Release|x64.ActiveCfg = Release|x64
		{A57C5920-05FC-4464-8D2C-4ED8BC19EA6B}.Release|x64.Build.0 = Release|x64
		{A57C5920-05FC-4464-8D2C-4ED8BC19EA6B}.Release|x86.ActiveCfg = Release|Win32
		{A57C5920-05FC-4464-8D2C-4ED8BC19EA6B}.Release|x86.Build.0 = Release|Win32
		{D22AC14B-FD4A-4DE0-BD63-582B5C8DAAA9}.Debug|x64.ActiveCfg = Debug|x64
		{D22AC14B-FD4A-4DE0-BD63-582B5C8DAAA9}.Debug|x64.Build.0 = Debug|x64
		{D22AC14B-FD4A-4DE0-BD63-582B5C8DAAA9}.Debug|x86.ActiveCfg = Debug|Win32
		{D22AC14B-FD4A-4DE0-BD63-582B5C8DAAA9}.Debug|x86.Build.0 = Debug|Win32
		{D22AC14B-FD4A-4DE0-BD63-582B5C8DAAA9}.Release|x64.ActiveCfg = Release|x64
		{D22AC14B-FD4A-4DE0-BD63-582B5C8DAAA9}.Release|x64.Build.0 = Release|x64
		{D22AC14B-FD4A-4DE0-BD63-582B5C8DAAA9}.Release|x86.ActiveCfg = Release|Win32
		{D22AC14B-FD4A-4DE0-BD63-582B5C8DAAA9}.Release|x86.Build.0 = Release|Win32
		{2B35F037-F1B6-421C-8FC8-86B4666076DD}.Debug|x64.ActiveCfg = Debug|x64
		{2B35F037-F1B6-421C-8FC8-86B4666076DD}.Debug|x64.Build.0 = Debug|x64
		{2B35F037-F1B6-421C-8FC8-86B4666076DD}.Debug|x86.ActiveCfg = Debug|Win32
		{2B35F037-F1B6-421C-8FC8-86B4666076DD}.Debug|x86.Build.0 = Debug|Win32
		{2B35F037-F1B6-421C-8FC8-86B4666076DD}.Release|x64.ActiveCfg = Release|x64
		{2B35F037-F1B6-421C-8FC8-86B4666076DD}.Release|x64.Build.0 = Release|x64
		{2B35F037-F1B6-421C-8FC8-86B4666076DD}.Release|x86.ActiveCfg = Release|Win32
		{2B35F037-F1B6-421C-8FC8-86B4666076DD}.Release|x86.Build.0 = Release|Win32
		{6A323905-DD3D-49A9-863B-A207DC17B2BE}.Debug|x64.ActiveCfg = Debug|x64
		{6A323905-DD3D-49A9-863B-A207DC17B2BE}.Debug|x64.Build.0 = Debug|x64
		{6A323905-DD3D-49A9-863B-A207DC17B2BE}.Debug|x86.ActiveCfg = Debug|Win32
		{6A323905-DD3D-49A9-863B-A207DC17B2BE}.Debug|x86.Build.0 = Debug|Win32
		{6A323905-DD3D-49A9-863B-A207DC17B2BE}.Release|x64.ActiveCfg = Release|x64
		{6A323905-DD3D-49A9-863B-A207DC17B2BE}.Release|x64.Build.0 = Release|x64
		{6A323905-DD3D-49A9-863B-A207DC17B2BE}.Release|x86.ActiveCfg = Release|Win32
		{6A323905-DD3D-49A9-863B-A207DC17B2BE}.Release|x86.Build.0 = Release|Win32
		{C4A95487-A440-4955-A9A4-39F11580BD11}.Debug|x64.ActiveCfg = Debug|x64
		{C4A95487-A440-4955-A9A4-39F11580BD11}.Debug|x64.Build.0 = Debug|x64
		{C4A95487-A440-4955-A9A4-39F11580BD11}.Debug|x86.ActiveCfg = Debug|Win32
		{C4A95487-A440-4955-A9A4-39F11580BD11}.Debug|x86.Build.0 = Debug|Win32
		{C4A95487-A440-4955-A9A4-39F11580BD11}.Release|x64.ActiveCfg = Release|x64
		{C4A95487-A440-4955-A9A4-39F11580BD11}.Release|x64.Build.0 = Release|x64
		{C4A95487-A440-4955-A9A4-39F11580BD11}.Release|x86.ActiveCfg = Release|Win32
		{C4A95487-A440-4955-A9A4-39F11580BD11}.Release|x86.Build.0 = Release|Win32
		{D72F8654-7DEC-42D6-8977-9FCAE5B7A414}.Debug|x64.ActiveCfg = Debug|x64
		{D72F8654-7DEC-42D6-8977-9FCAE5B7A414}.Debug|x64.Build.0 = Debug|x64
		{D72F8654-7DEC-42D6-8977-9FCAE5B7A414}.Debug|x86.ActiveCfg = Debug|Win32
		{D72F8654-7DEC-42D6-8977-9FCAE5B7A414}.Debug|x86.Build.0 = Debug|Win32
		{D72F8654-7DEC-42D6-8977-9FCAE5B7A414}.Release|x64.ActiveCfg = Release|x64
		{D72F8654-7DEC-42D6-8977-9FCAE5B7A414}.Release|x64.Build.0 = Release|x64
		{D72F8654-7DEC-42D6-8977-9FCAE5B7A414}.Release|x86.ActiveCfg = Release|Win32
		{D72F8654-7DEC-42D6-8977-9FCAE5B7A414}.Release|x86.Build.0 = Release|Win32
		{322DE427-0E40-416F-AB50-18BBA382D386}.Debug|x64.ActiveCfg = Debug|x64
		{322DE427-0E40-416F-AB50-18BBA382D386}.Debug|x64.Build.0 = Debug|x64
		{322DE427-0E40-416F-AB50-18BBA382D386}.Debug|x86.ActiveCfg = Debug|Win32
		{322DE427-0E40-416F-AB50-18BBA382D386}.Debug|x86.Build.0 = Debug|Win32
		{322DE427-0E40-416F-AB50-18BBA382D386}.Release|x64.ActiveCfg = Release|x64
		{322DE427-0E40-416F-AB50-18BBA382D386}.Release|x64.Build.0 = Release|x64
		{322DE427-0E40-416F-AB50-18BBA382D386}.Release|x86.ActiveCfg = Release|Win32
		{322DE427-0E40-416F-AB50-18BBA382D386}.Release|x86.Build.0 = Release|Win32
		{6E769E8F-0322-463D-9CE8-2BA284C75E7C}.Debug|x64.ActiveCfg = Debug|x64
		{6E769E8F-0322-463D-9CE8-2BA284C75E7C}.Debug|x64.Build.0 = Debug|x64
		{6E769E8F-0322-463D-9CE8-2BA284C75E7C}.Debug|x86.ActiveCfg = Debug|Win32
		{6E769E8F-0322-463D-9CE8-2BA284C75E7C}.Debug|x86.Build.0 = Debug|Win32
		{6E769E8F-0322-463D-9CE8-2BA284C75E7C}.Release|x64.ActiveCfg = Release|x64
		{6E769E8F-0322-463D-9CE8-2BA284C75E7C}.Release|x64.Build.0 = Release|x64
		{6E769E8F-0322-463D-9CE8-2BA284C75E7C}.Release|x86.ActiveCfg = Release|Win32
		{6E769E8F-0322-463D-9CE8-2BA284C75E7C}.Release|x86.Build.0 = Release|Win32
		{4773F919-B096-4AEC-83C9-37DAA95001DF}.Debug|x64.ActiveCfg = Debug|x64
		{4773F919-B096-4AEC-83C9-37DAA95001DF}.Debug|x64.Build.0 = Debug|x64
		{4773F919-B096-4AEC-83C9-37DAA95001DF}.Debug|x86.ActiveCfg = Debug|Win32
		{4773F919-B096-4AEC-83C9-37DAA95001DF}.Debug|x86.Build.0 = Debug|Win32
		{4773F919-B096-4AEC-83C9-37DAA95001DF}.Release|x64.ActiveCfg = Release|x64
		{4773F919-B096-4AEC-83C9-37DAA95001DF}.Release|x64.Build.0 = Release|x64
		{4773F919-B096-4AEC-83C9-37DAA95001DF}.Release|x86.ActiveCfg = Release|Win32
		{4773F919-B096-4AEC-83C9-37DAA95001DF}.Release|x86.Build.0 = Release|Win32
		{77001C89-B962-4ED8-9622-CFA8B7F0AA8F}.Debug|x64.ActiveCfg = Debug|x64
		{77001C89-B962-4ED8-9622-CFA8B7F0AA8F}.Debug|x64.Build.0 = Debug|x64
		{77001C89-B962-4ED8-9622-CFA8B7F0AA8F}.Debug|x86.ActiveCfg = Debug|Win32
		{77001C89-B962-4ED8-9622-CFA8B7F0AA8F}.Debug|x86.Build.0 = Debug|Win32
		{77001C89-B962-4ED8-9622-CFA8B7F0AA8F}.Release|x64.ActiveCfg = Release|x64
		{77001C89-B962-4ED8-9622-CFA8B7F0AA8F}.Release|x64.Build.0 = Release|x64
		{77001C89-B962-4ED8-9622-CFA8B7F0AA8F}.Release|x86.ActiveCfg = Release|Win32
		{77001C89-B962-4ED8-9622-CFA8B7F0AA8F}.Release|x86.Build.0 = Release|Win32
	EndGlobalSection
	GlobalSection(SolutionProperties) = preSolution
		HideSolutionNode = FALSE
	EndGlobalSection
	GlobalSection(ExtensibilityGlobals) = postSolution
		SolutionGuid = {0D2358D6-B874-4119-B484-E868F0308E24}
	EndGlobalSection
EndGlobal
